PODS:
  - AFDateHelper (3.4.2)
  - Alamofire (3.1.5)
  - FileKit (2.0.0)
  - FLAnimatedImage (1.0.12)
  - MGTemplateEngine (1.0.0)
  - MJRefresh (3.1.1)
  - PINCache (2.2.2)
  - PINRemoteImage (2.1.4):
    - PINRemoteImage/FLAnimatedImage (= 2.1.4)
  - PINRemoteImage/Core (2.1.4):
    - PINCache (>= 2.1)
  - PINRemoteImage/FLAnimatedImage (2.1.4):
    - FLAnimatedImage (>= 1.0)
    - PINRemoteImage/Core
  - Realm (1.0.0):
    - Realm/Headers (= 1.0.0)
  - Realm/Headers (1.0.0)
  - RealmSwift (1.0.0):
    - Realm (= 1.0.0)
  - SnapKit (0.21.0)
  - SwaggerClient (2.3.0):
    - Alamofire (~> 3.1.4)
  - WebViewJavascriptBridge (5.0.5)
  - XLPagerTabStrip (5.0.0)

DEPENDENCIES:
  - AFDateHelper
  - FileKit
  - MGTemplateEngine (from `MGTemplateEngine/`)
  - MJRefresh
  - PINRemoteImage
  - RealmSwift
  - SnapKit
  - SwaggerClient (from `swift-client/`)
  - WebViewJavascriptBridge
  - XLPagerTabStrip

EXTERNAL SOURCES:
  MGTemplateEngine:
    :path: MGTemplateEngine/
  SwaggerClient:
    :path: swift-client/

SPEC CHECKSUMS:
  AFDateHelper: aecee6bb264d6531795649f4ebac47783d2bab74
  Alamofire: 5f730ba29fd113b7ddd71c1e65d0c630acf5d7b0
  FileKit: fd360f82f62a1f70dd2ccdbe0950d3a6d1e25d1d
  FLAnimatedImage: 4a0b56255d9b05f18b6dd7ee06871be5d3b89e31
  MGTemplateEngine: 67c8ca7551be430bb821cab3abf5665a230d93e9
  MJRefresh: 70a47c5543b567cdaf70ead5a6e99ce820652eb9
  PINCache: 078426d356ab95ef875e9e62e5c35a2ea3333c28
  PINRemoteImage: 4ac4011c5caefd6befd99758e09becede05d3226
  Realm: e15cd8e7c11d3e576f628ba0b7cb855269b4991c
  RealmSwift: 3229306d020d96f83b335f87a0dcbf2cef0e6a2b
  SnapKit: 2756fe24b706367af224c9c508d2f9166d03354c
  SwaggerClient: 3e95269a11364722aafe79c9bbd8b71582f02f01
  WebViewJavascriptBridge: a4d502315f1b8d9a51cd6a9174147ed567ec3bc5
  XLPagerTabStrip: 87b8b705f9a7178e76a063ffaa2d70045944a965

PODFILE CHECKSUM: c0d234bd10e79671664a243521cf135a71bd526d

COCOAPODS: 1.0.0
