// !$*UTF8*$!
{
	archiveVersion = 1;
	classes = {
	};
	objectVersion = 46;
	objects = {

/* Begin PBXBuildFile section */
		72E38B7BA868266B182567CC /* libPods.a in Frameworks */ = {isa = PBXBuildFile; fileRef = 5A0528C26297FAA2C259EF3E /* libPods.a */; };
		C1C052311ABFFC1600D6D687 /* main.m in Sources */ = {isa = PBXBuildFile; fileRef = C1C052301ABFFC1600D6D687 /* main.m */; };
		C1C052341ABFFC1600D6D687 /* AppDelegate.m in Sources */ = {isa = PBXBuildFile; fileRef = C1C052331ABFFC1600D6D687 /* AppDelegate.m */; };
		C1C052371ABFFC1600D6D687 /* ViewController.m in Sources */ = {isa = PBXBuildFile; fileRef = C1C052361ABFFC1600D6D687 /* ViewController.m */; };
		C1C0523A1ABFFC1600D6D687 /* Main.storyboard in Resources */ = {isa = PBXBuildFile; fileRef = C1C052381ABFFC1600D6D687 /* Main.storyboard */; };
		C1C0523C1ABFFC1600D6D687 /* Images.xcassets in Resources */ = {isa = PBXBuildFile; fileRef = C1C0523B1ABFFC1600D6D687 /* Images.xcassets */; };
		C1C0523F1ABFFC1600D6D687 /* LaunchScreen.xib in Resources */ = {isa = PBXBuildFile; fileRef = C1C0523D1ABFFC1600D6D687 /* LaunchScreen.xib */; };
		C1C0524B1ABFFC1600D6D687 /* EveryoneNewsTests.m in Sources */ = {isa = PBXBuildFile; fileRef = C1C0524A1ABFFC1600D6D687 /* EveryoneNewsTests.m */; };
		C1C052591AC0007800D6D687 /* BaseViewController.m in Sources */ = {isa = PBXBuildFile; fileRef = C1C052561AC0007800D6D687 /* BaseViewController.m */; };
		C1C0525A1AC0007800D6D687 /* KDNavigationController.m in Sources */ = {isa = PBXBuildFile; fileRef = C1C052581AC0007800D6D687 /* KDNavigationController.m */; };
		C1C0525F1AC0058900D6D687 /* HeadViewCell.m in Sources */ = {isa = PBXBuildFile; fileRef = C1C0525E1AC0058900D6D687 /* HeadViewCell.m */; };
		C1C052621AC005C400D6D687 /* HeadViewDatasource.m in Sources */ = {isa = PBXBuildFile; fileRef = C1C052611AC005C400D6D687 /* HeadViewDatasource.m */; };
		C1C052651AC005D500D6D687 /* HeadViewFrame.m in Sources */ = {isa = PBXBuildFile; fileRef = C1C052641AC005D500D6D687 /* HeadViewFrame.m */; };
		C1C0526E1AC01ED400D6D687 /* UIColor+HexToRGB.m in Sources */ = {isa = PBXBuildFile; fileRef = C1C0526D1AC01ED400D6D687 /* UIColor+HexToRGB.m */; };
		C1C052721AC1196F00D6D687 /* demo_1.jpg in Resources */ = {isa = PBXBuildFile; fileRef = C1C052711AC1196F00D6D687 /* demo_1.jpg */; };
		C1C052751AC1385800D6D687 /* ContentViewController.m in Sources */ = {isa = PBXBuildFile; fileRef = C1C052741AC1385800D6D687 /* ContentViewController.m */; };
		C1C052881AC139B900D6D687 /* ContentCell.m in Sources */ = {isa = PBXBuildFile; fileRef = C1C052831AC139B900D6D687 /* ContentCell.m */; };
		C1C052891AC139B900D6D687 /* ContentCellFrame.m in Sources */ = {isa = PBXBuildFile; fileRef = C1C052851AC139B900D6D687 /* ContentCellFrame.m */; };
		C1C0528A1AC139B900D6D687 /* ContentDatasource.m in Sources */ = {isa = PBXBuildFile; fileRef = C1C052871AC139B900D6D687 /* ContentDatasource.m */; };
		C1C052941AC139D800D6D687 /* FTCoreTextCell.m in Sources */ = {isa = PBXBuildFile; fileRef = C1C0528D1AC139D800D6D687 /* FTCoreTextCell.m */; };
		C1C052951AC139D800D6D687 /* TxtCell.m in Sources */ = {isa = PBXBuildFile; fileRef = C1C0528F1AC139D800D6D687 /* TxtCell.m */; };
		C1C052961AC139D800D6D687 /* TxtDatasource.m in Sources */ = {isa = PBXBuildFile; fileRef = C1C052911AC139D800D6D687 /* TxtDatasource.m */; };
		C1C052971AC139D800D6D687 /* TxtFrm.m in Sources */ = {isa = PBXBuildFile; fileRef = C1C052931AC139D800D6D687 /* TxtFrm.m */; };
		C1C0529D1AC13AB700D6D687 /* FTCoreTextStyle.m in Sources */ = {isa = PBXBuildFile; fileRef = C1C0529A1AC13AB700D6D687 /* FTCoreTextStyle.m */; settings = {COMPILER_FLAGS = "-fno-objc-arc"; }; };
		C1C0529E1AC13AB700D6D687 /* FTCoreTextView.m in Sources */ = {isa = PBXBuildFile; fileRef = C1C0529C1AC13AB700D6D687 /* FTCoreTextView.m */; settings = {COMPILER_FLAGS = "-fno-objc-arc"; }; };
		C1C052A31AC13AF700D6D687 /* ImageExtension.m in Sources */ = {isa = PBXBuildFile; fileRef = C1C052A01AC13AF700D6D687 /* ImageExtension.m */; };
		C1C052A41AC13AF700D6D687 /* ScaleImage.m in Sources */ = {isa = PBXBuildFile; fileRef = C1C052A21AC13AF700D6D687 /* ScaleImage.m */; };
		C1C052B61AC13BDB00D6D687 /* MJRefresh.bundle in Resources */ = {isa = PBXBuildFile; fileRef = C1C052A61AC13BDB00D6D687 /* MJRefresh.bundle */; };
		C1C052B71AC13BDB00D6D687 /* MJRefreshBaseView.m in Sources */ = {isa = PBXBuildFile; fileRef = C1C052A91AC13BDB00D6D687 /* MJRefreshBaseView.m */; };
		C1C052B81AC13BDB00D6D687 /* MJRefreshConst.m in Sources */ = {isa = PBXBuildFile; fileRef = C1C052AB1AC13BDB00D6D687 /* MJRefreshConst.m */; };
		C1C052B91AC13BDB00D6D687 /* MJRefreshFooterView.m in Sources */ = {isa = PBXBuildFile; fileRef = C1C052AD1AC13BDB00D6D687 /* MJRefreshFooterView.m */; };
		C1C052BA1AC13BDB00D6D687 /* MJRefreshHeaderView.m in Sources */ = {isa = PBXBuildFile; fileRef = C1C052AF1AC13BDB00D6D687 /* MJRefreshHeaderView.m */; };
		C1C052BB1AC13BDB00D6D687 /* UIScrollView+MJExtension.m in Sources */ = {isa = PBXBuildFile; fileRef = C1C052B11AC13BDB00D6D687 /* UIScrollView+MJExtension.m */; };
		C1C052BC1AC13BDB00D6D687 /* UIScrollView+MJRefresh.m in Sources */ = {isa = PBXBuildFile; fileRef = C1C052B31AC13BDB00D6D687 /* UIScrollView+MJRefresh.m */; };
		C1C052BD1AC13BDB00D6D687 /* UIView+MJExtension.m in Sources */ = {isa = PBXBuildFile; fileRef = C1C052B51AC13BDB00D6D687 /* UIView+MJExtension.m */; };
		C1C052C31AC13BE400D6D687 /* YLGIFImage.m in Sources */ = {isa = PBXBuildFile; fileRef = C1C052C01AC13BE400D6D687 /* YLGIFImage.m */; };
		C1C052C41AC13BE400D6D687 /* YLImageView.m in Sources */ = {isa = PBXBuildFile; fileRef = C1C052C21AC13BE400D6D687 /* YLImageView.m */; };
/* End PBXBuildFile section */

/* Begin PBXContainerItemProxy section */
		C1C052451ABFFC1600D6D687 /* PBXContainerItemProxy */ = {
			isa = PBXContainerItemProxy;
			containerPortal = C1C052231ABFFC1600D6D687 /* Project object */;
			proxyType = 1;
			remoteGlobalIDString = C1C0522A1ABFFC1600D6D687;
			remoteInfo = EveryoneNews;
		};
/* End PBXContainerItemProxy section */

/* Begin PBXFileReference section */
		39559E040BF0F3C0CBAD3816 /* Pods.debug.xcconfig */ = {isa = PBXFileReference; includeInIndex = 1; lastKnownFileType = text.xcconfig; name = Pods.debug.xcconfig; path = "Pods/Target Support Files/Pods/Pods.debug.xcconfig"; sourceTree = "<group>"; };
		5A0528C26297FAA2C259EF3E /* libPods.a */ = {isa = PBXFileReference; explicitFileType = archive.ar; includeInIndex = 0; path = libPods.a; sourceTree = BUILT_PRODUCTS_DIR; };
		9FE9000300DFA499AE8DDD92 /* Pods.release.xcconfig */ = {isa = PBXFileReference; includeInIndex = 1; lastKnownFileType = text.xcconfig; name = Pods.release.xcconfig; path = "Pods/Target Support Files/Pods/Pods.release.xcconfig"; sourceTree = "<group>"; };
		C1C0522B1ABFFC1600D6D687 /* EveryoneNews.app */ = {isa = PBXFileReference; explicitFileType = wrapper.application; includeInIndex = 0; path = EveryoneNews.app; sourceTree = BUILT_PRODUCTS_DIR; };
		C1C0522F1ABFFC1600D6D687 /* Info.plist */ = {isa = PBXFileReference; lastKnownFileType = text.plist.xml; path = Info.plist; sourceTree = "<group>"; };
		C1C052301ABFFC1600D6D687 /* main.m */ = {isa = PBXFileReference; lastKnownFileType = sourcecode.c.objc; path = main.m; sourceTree = "<group>"; };
		C1C052321ABFFC1600D6D687 /* AppDelegate.h */ = {isa = PBXFileReference; lastKnownFileType = sourcecode.c.h; path = AppDelegate.h; sourceTree = "<group>"; };
		C1C052331ABFFC1600D6D687 /* AppDelegate.m */ = {isa = PBXFileReference; lastKnownFileType = sourcecode.c.objc; path = AppDelegate.m; sourceTree = "<group>"; };
		C1C052351ABFFC1600D6D687 /* ViewController.h */ = {isa = PBXFileReference; lastKnownFileType = sourcecode.c.h; name = ViewController.h; path = EveryoneNews/ViewController.h; sourceTree = SOURCE_ROOT; };
		C1C052361ABFFC1600D6D687 /* ViewController.m */ = {isa = PBXFileReference; lastKnownFileType = sourcecode.c.objc; name = ViewController.m; path = EveryoneNews/ViewController.m; sourceTree = SOURCE_ROOT; };
		C1C052391ABFFC1600D6D687 /* Base */ = {isa = PBXFileReference; lastKnownFileType = file.storyboard; name = Base; path = Base.lproj/Main.storyboard; sourceTree = "<group>"; };
		C1C0523B1ABFFC1600D6D687 /* Images.xcassets */ = {isa = PBXFileReference; lastKnownFileType = folder.assetcatalog; path = Images.xcassets; sourceTree = "<group>"; };
		C1C0523E1ABFFC1600D6D687 /* Base */ = {isa = PBXFileReference; lastKnownFileType = file.xib; name = Base; path = Base.lproj/LaunchScreen.xib; sourceTree = "<group>"; };
		C1C052441ABFFC1600D6D687 /* EveryoneNewsTests.xctest */ = {isa = PBXFileReference; explicitFileType = wrapper.cfbundle; includeInIndex = 0; path = EveryoneNewsTests.xctest; sourceTree = BUILT_PRODUCTS_DIR; };
		C1C052491ABFFC1600D6D687 /* Info.plist */ = {isa = PBXFileReference; lastKnownFileType = text.plist.xml; path = Info.plist; sourceTree = "<group>"; };
		C1C0524A1ABFFC1600D6D687 /* EveryoneNewsTests.m */ = {isa = PBXFileReference; lastKnownFileType = sourcecode.c.objc; path = EveryoneNewsTests.m; sourceTree = "<group>"; };
		C1C052551AC0007800D6D687 /* BaseViewController.h */ = {isa = PBXFileReference; fileEncoding = 4; lastKnownFileType = sourcecode.c.h; path = BaseViewController.h; sourceTree = "<group>"; };
		C1C052561AC0007800D6D687 /* BaseViewController.m */ = {isa = PBXFileReference; fileEncoding = 4; lastKnownFileType = sourcecode.c.objc; path = BaseViewController.m; sourceTree = "<group>"; };
		C1C052571AC0007800D6D687 /* KDNavigationController.h */ = {isa = PBXFileReference; fileEncoding = 4; lastKnownFileType = sourcecode.c.h; path = KDNavigationController.h; sourceTree = "<group>"; };
		C1C052581AC0007800D6D687 /* KDNavigationController.m */ = {isa = PBXFileReference; fileEncoding = 4; lastKnownFileType = sourcecode.c.objc; path = KDNavigationController.m; sourceTree = "<group>"; };
		C1C0525D1AC0058900D6D687 /* HeadViewCell.h */ = {isa = PBXFileReference; fileEncoding = 4; lastKnownFileType = sourcecode.c.h; path = HeadViewCell.h; sourceTree = "<group>"; };
		C1C0525E1AC0058900D6D687 /* HeadViewCell.m */ = {isa = PBXFileReference; fileEncoding = 4; lastKnownFileType = sourcecode.c.objc; path = HeadViewCell.m; sourceTree = "<group>"; };
		C1C052601AC005C400D6D687 /* HeadViewDatasource.h */ = {isa = PBXFileReference; fileEncoding = 4; lastKnownFileType = sourcecode.c.h; path = HeadViewDatasource.h; sourceTree = "<group>"; };
		C1C052611AC005C400D6D687 /* HeadViewDatasource.m */ = {isa = PBXFileReference; fileEncoding = 4; lastKnownFileType = sourcecode.c.objc; path = HeadViewDatasource.m; sourceTree = "<group>"; };
		C1C052631AC005D500D6D687 /* HeadViewFrame.h */ = {isa = PBXFileReference; fileEncoding = 4; lastKnownFileType = sourcecode.c.h; path = HeadViewFrame.h; sourceTree = "<group>"; };
		C1C052641AC005D500D6D687 /* HeadViewFrame.m */ = {isa = PBXFileReference; fileEncoding = 4; lastKnownFileType = sourcecode.c.objc; path = HeadViewFrame.m; sourceTree = "<group>"; };
		C1C0526C1AC01ED400D6D687 /* UIColor+HexToRGB.h */ = {isa = PBXFileReference; fileEncoding = 4; lastKnownFileType = sourcecode.c.h; path = "UIColor+HexToRGB.h"; sourceTree = "<group>"; };
		C1C0526D1AC01ED400D6D687 /* UIColor+HexToRGB.m */ = {isa = PBXFileReference; fileEncoding = 4; lastKnownFileType = sourcecode.c.objc; path = "UIColor+HexToRGB.m"; sourceTree = "<group>"; };
		C1C052711AC1196F00D6D687 /* demo_1.jpg */ = {isa = PBXFileReference; lastKnownFileType = image.jpeg; path = demo_1.jpg; sourceTree = "<group>"; };
		C1C052731AC1385700D6D687 /* ContentViewController.h */ = {isa = PBXFileReference; fileEncoding = 4; lastKnownFileType = sourcecode.c.h; path = ContentViewController.h; sourceTree = "<group>"; };
		C1C052741AC1385800D6D687 /* ContentViewController.m */ = {isa = PBXFileReference; fileEncoding = 4; lastKnownFileType = sourcecode.c.objc; path = ContentViewController.m; sourceTree = "<group>"; };
		C1C052821AC139B900D6D687 /* ContentCell.h */ = {isa = PBXFileReference; fileEncoding = 4; lastKnownFileType = sourcecode.c.h; path = ContentCell.h; sourceTree = "<group>"; };
		C1C052831AC139B900D6D687 /* ContentCell.m */ = {isa = PBXFileReference; fileEncoding = 4; lastKnownFileType = sourcecode.c.objc; path = ContentCell.m; sourceTree = "<group>"; };
		C1C052841AC139B900D6D687 /* ContentCellFrame.h */ = {isa = PBXFileReference; fileEncoding = 4; lastKnownFileType = sourcecode.c.h; path = ContentCellFrame.h; sourceTree = "<group>"; };
		C1C052851AC139B900D6D687 /* ContentCellFrame.m */ = {isa = PBXFileReference; fileEncoding = 4; lastKnownFileType = sourcecode.c.objc; path = ContentCellFrame.m; sourceTree = "<group>"; };
		C1C052861AC139B900D6D687 /* ContentDatasource.h */ = {isa = PBXFileReference; fileEncoding = 4; lastKnownFileType = sourcecode.c.h; path = ContentDatasource.h; sourceTree = "<group>"; };
		C1C052871AC139B900D6D687 /* ContentDatasource.m */ = {isa = PBXFileReference; fileEncoding = 4; lastKnownFileType = sourcecode.c.objc; path = ContentDatasource.m; sourceTree = "<group>"; };
		C1C0528C1AC139D800D6D687 /* FTCoreTextCell.h */ = {isa = PBXFileReference; fileEncoding = 4; lastKnownFileType = sourcecode.c.h; path = FTCoreTextCell.h; sourceTree = "<group>"; };
		C1C0528D1AC139D800D6D687 /* FTCoreTextCell.m */ = {isa = PBXFileReference; fileEncoding = 4; lastKnownFileType = sourcecode.c.objc; path = FTCoreTextCell.m; sourceTree = "<group>"; };
		C1C0528E1AC139D800D6D687 /* TxtCell.h */ = {isa = PBXFileReference; fileEncoding = 4; lastKnownFileType = sourcecode.c.h; path = TxtCell.h; sourceTree = "<group>"; };
		C1C0528F1AC139D800D6D687 /* TxtCell.m */ = {isa = PBXFileReference; fileEncoding = 4; lastKnownFileType = sourcecode.c.objc; path = TxtCell.m; sourceTree = "<group>"; };
		C1C052901AC139D800D6D687 /* TxtDatasource.h */ = {isa = PBXFileReference; fileEncoding = 4; lastKnownFileType = sourcecode.c.h; path = TxtDatasource.h; sourceTree = "<group>"; };
		C1C052911AC139D800D6D687 /* TxtDatasource.m */ = {isa = PBXFileReference; fileEncoding = 4; lastKnownFileType = sourcecode.c.objc; path = TxtDatasource.m; sourceTree = "<group>"; };
		C1C052921AC139D800D6D687 /* TxtFrm.h */ = {isa = PBXFileReference; fileEncoding = 4; lastKnownFileType = sourcecode.c.h; path = TxtFrm.h; sourceTree = "<group>"; };
		C1C052931AC139D800D6D687 /* TxtFrm.m */ = {isa = PBXFileReference; fileEncoding = 4; lastKnownFileType = sourcecode.c.objc; path = TxtFrm.m; sourceTree = "<group>"; };
		C1C052991AC13AB700D6D687 /* FTCoreTextStyle.h */ = {isa = PBXFileReference; fileEncoding = 4; lastKnownFileType = sourcecode.c.h; path = FTCoreTextStyle.h; sourceTree = "<group>"; };
		C1C0529A1AC13AB700D6D687 /* FTCoreTextStyle.m */ = {isa = PBXFileReference; fileEncoding = 4; lastKnownFileType = sourcecode.c.objc; path = FTCoreTextStyle.m; sourceTree = "<group>"; };
		C1C0529B1AC13AB700D6D687 /* FTCoreTextView.h */ = {isa = PBXFileReference; fileEncoding = 4; lastKnownFileType = sourcecode.c.h; path = FTCoreTextView.h; sourceTree = "<group>"; };
		C1C0529C1AC13AB700D6D687 /* FTCoreTextView.m */ = {isa = PBXFileReference; fileEncoding = 4; lastKnownFileType = sourcecode.c.objc; path = FTCoreTextView.m; sourceTree = "<group>"; };
		C1C0529F1AC13AF700D6D687 /* ImageExtension.h */ = {isa = PBXFileReference; fileEncoding = 4; lastKnownFileType = sourcecode.c.h; path = ImageExtension.h; sourceTree = "<group>"; };
		C1C052A01AC13AF700D6D687 /* ImageExtension.m */ = {isa = PBXFileReference; fileEncoding = 4; lastKnownFileType = sourcecode.c.objc; path = ImageExtension.m; sourceTree = "<group>"; };
		C1C052A11AC13AF700D6D687 /* ScaleImage.h */ = {isa = PBXFileReference; fileEncoding = 4; lastKnownFileType = sourcecode.c.h; path = ScaleImage.h; sourceTree = "<group>"; };
		C1C052A21AC13AF700D6D687 /* ScaleImage.m */ = {isa = PBXFileReference; fileEncoding = 4; lastKnownFileType = sourcecode.c.objc; path = ScaleImage.m; sourceTree = "<group>"; };
		C1C052A61AC13BDB00D6D687 /* MJRefresh.bundle */ = {isa = PBXFileReference; lastKnownFileType = "wrapper.plug-in"; path = MJRefresh.bundle; sourceTree = "<group>"; };
		C1C052A71AC13BDB00D6D687 /* MJRefresh.h */ = {isa = PBXFileReference; fileEncoding = 4; lastKnownFileType = sourcecode.c.h; path = MJRefresh.h; sourceTree = "<group>"; };
		C1C052A81AC13BDB00D6D687 /* MJRefreshBaseView.h */ = {isa = PBXFileReference; fileEncoding = 4; lastKnownFileType = sourcecode.c.h; path = MJRefreshBaseView.h; sourceTree = "<group>"; };
		C1C052A91AC13BDB00D6D687 /* MJRefreshBaseView.m */ = {isa = PBXFileReference; fileEncoding = 4; lastKnownFileType = sourcecode.c.objc; path = MJRefreshBaseView.m; sourceTree = "<group>"; };
		C1C052AA1AC13BDB00D6D687 /* MJRefreshConst.h */ = {isa = PBXFileReference; fileEncoding = 4; lastKnownFileType = sourcecode.c.h; path = MJRefreshConst.h; sourceTree = "<group>"; };
		C1C052AB1AC13BDB00D6D687 /* MJRefreshConst.m */ = {isa = PBXFileReference; fileEncoding = 4; lastKnownFileType = sourcecode.c.objc; path = MJRefreshConst.m; sourceTree = "<group>"; };
		C1C052AC1AC13BDB00D6D687 /* MJRefreshFooterView.h */ = {isa = PBXFileReference; fileEncoding = 4; lastKnownFileType = sourcecode.c.h; path = MJRefreshFooterView.h; sourceTree = "<group>"; };
		C1C052AD1AC13BDB00D6D687 /* MJRefreshFooterView.m */ = {isa = PBXFileReference; fileEncoding = 4; lastKnownFileType = sourcecode.c.objc; path = MJRefreshFooterView.m; sourceTree = "<group>"; };
		C1C052AE1AC13BDB00D6D687 /* MJRefreshHeaderView.h */ = {isa = PBXFileReference; fileEncoding = 4; lastKnownFileType = sourcecode.c.h; path = MJRefreshHeaderView.h; sourceTree = "<group>"; };
		C1C052AF1AC13BDB00D6D687 /* MJRefreshHeaderView.m */ = {isa = PBXFileReference; fileEncoding = 4; lastKnownFileType = sourcecode.c.objc; path = MJRefreshHeaderView.m; sourceTree = "<group>"; };
		C1C052B01AC13BDB00D6D687 /* UIScrollView+MJExtension.h */ = {isa = PBXFileReference; fileEncoding = 4; lastKnownFileType = sourcecode.c.h; path = "UIScrollView+MJExtension.h"; sourceTree = "<group>"; };
		C1C052B11AC13BDB00D6D687 /* UIScrollView+MJExtension.m */ = {isa = PBXFileReference; fileEncoding = 4; lastKnownFileType = sourcecode.c.objc; path = "UIScrollView+MJExtension.m"; sourceTree = "<group>"; };
		C1C052B21AC13BDB00D6D687 /* UIScrollView+MJRefresh.h */ = {isa = PBXFileReference; fileEncoding = 4; lastKnownFileType = sourcecode.c.h; path = "UIScrollView+MJRefresh.h"; sourceTree = "<group>"; };
		C1C052B31AC13BDB00D6D687 /* UIScrollView+MJRefresh.m */ = {isa = PBXFileReference; fileEncoding = 4; lastKnownFileType = sourcecode.c.objc; path = "UIScrollView+MJRefresh.m"; sourceTree = "<group>"; };
		C1C052B41AC13BDB00D6D687 /* UIView+MJExtension.h */ = {isa = PBXFileReference; fileEncoding = 4; lastKnownFileType = sourcecode.c.h; path = "UIView+MJExtension.h"; sourceTree = "<group>"; };
		C1C052B51AC13BDB00D6D687 /* UIView+MJExtension.m */ = {isa = PBXFileReference; fileEncoding = 4; lastKnownFileType = sourcecode.c.objc; path = "UIView+MJExtension.m"; sourceTree = "<group>"; };
		C1C052BF1AC13BE400D6D687 /* YLGIFImage.h */ = {isa = PBXFileReference; fileEncoding = 4; lastKnownFileType = sourcecode.c.h; path = YLGIFImage.h; sourceTree = "<group>"; };
		C1C052C01AC13BE400D6D687 /* YLGIFImage.m */ = {isa = PBXFileReference; fileEncoding = 4; lastKnownFileType = sourcecode.c.objc; path = YLGIFImage.m; sourceTree = "<group>"; };
		C1C052C11AC13BE400D6D687 /* YLImageView.h */ = {isa = PBXFileReference; fileEncoding = 4; lastKnownFileType = sourcecode.c.h; path = YLImageView.h; sourceTree = "<group>"; };
		C1C052C21AC13BE400D6D687 /* YLImageView.m */ = {isa = PBXFileReference; fileEncoding = 4; lastKnownFileType = sourcecode.c.objc; path = YLImageView.m; sourceTree = "<group>"; };
/* End PBXFileReference section */

/* Begin PBXFrameworksBuildPhase section */
		C1C052281ABFFC1600D6D687 /* Frameworks */ = {
			isa = PBXFrameworksBuildPhase;
			buildActionMask = 2147483647;
			files = (
				72E38B7BA868266B182567CC /* libPods.a in Frameworks */,
			);
			runOnlyForDeploymentPostprocessing = 0;
		};
		C1C052411ABFFC1600D6D687 /* Frameworks */ = {
			isa = PBXFrameworksBuildPhase;
			buildActionMask = 2147483647;
			files = (
			);
			runOnlyForDeploymentPostprocessing = 0;
		};
/* End PBXFrameworksBuildPhase section */

/* Begin PBXGroup section */
		75437E1B9AF4465FC56403E0 /* Frameworks */ = {
			isa = PBXGroup;
			children = (
				5A0528C26297FAA2C259EF3E /* libPods.a */,
			);
			name = Frameworks;
			sourceTree = "<group>";
		};
		C1C052221ABFFC1600D6D687 = {
			isa = PBXGroup;
			children = (
				C1C0522D1ABFFC1600D6D687 /* EveryoneNews */,
				C1C052471ABFFC1600D6D687 /* EveryoneNewsTests */,
				C1C0522C1ABFFC1600D6D687 /* Products */,
				C8000086288F559495A7DC75 /* Pods */,
				75437E1B9AF4465FC56403E0 /* Frameworks */,
			);
			sourceTree = "<group>";
		};
		C1C0522C1ABFFC1600D6D687 /* Products */ = {
			isa = PBXGroup;
			children = (
				C1C0522B1ABFFC1600D6D687 /* EveryoneNews.app */,
				C1C052441ABFFC1600D6D687 /* EveryoneNewsTests.xctest */,
			);
			name = Products;
			sourceTree = "<group>";
		};
		C1C0522D1ABFFC1600D6D687 /* EveryoneNews */ = {
			isa = PBXGroup;
			children = (
				C1C052321ABFFC1600D6D687 /* AppDelegate.h */,
				C1C052331ABFFC1600D6D687 /* AppDelegate.m */,
				C1C052381ABFFC1600D6D687 /* Main.storyboard */,
				C1C0523B1ABFFC1600D6D687 /* Images.xcassets */,
				C1C0523D1ABFFC1600D6D687 /* LaunchScreen.xib */,
				C1C052541ABFFFCC00D6D687 /* ViewController */,
				C1C0525B1AC0051600D6D687 /* Cell */,
				C1C0526A1AC01E9000D6D687 /* Third */,
				C1C0526F1AC1194A00D6D687 /* res */,
				C1C0522E1ABFFC1600D6D687 /* Supporting Files */,
			);
			path = EveryoneNews;
			sourceTree = "<group>";
		};
		C1C0522E1ABFFC1600D6D687 /* Supporting Files */ = {
			isa = PBXGroup;
			children = (
				C1C0522F1ABFFC1600D6D687 /* Info.plist */,
				C1C052301ABFFC1600D6D687 /* main.m */,
			);
			name = "Supporting Files";
			sourceTree = "<group>";
		};
		C1C052471ABFFC1600D6D687 /* EveryoneNewsTests */ = {
			isa = PBXGroup;
			children = (
				C1C0524A1ABFFC1600D6D687 /* EveryoneNewsTests.m */,
				C1C052481ABFFC1600D6D687 /* Supporting Files */,
			);
			path = EveryoneNewsTests;
			sourceTree = "<group>";
		};
		C1C052481ABFFC1600D6D687 /* Supporting Files */ = {
			isa = PBXGroup;
			children = (
				C1C052491ABFFC1600D6D687 /* Info.plist */,
			);
			name = "Supporting Files";
			sourceTree = "<group>";
		};
		C1C052541ABFFFCC00D6D687 /* ViewController */ = {
			isa = PBXGroup;
			children = (
				C1C052551AC0007800D6D687 /* BaseViewController.h */,
				C1C052561AC0007800D6D687 /* BaseViewController.m */,
				C1C052571AC0007800D6D687 /* KDNavigationController.h */,
				C1C052581AC0007800D6D687 /* KDNavigationController.m */,
				C1C052351ABFFC1600D6D687 /* ViewController.h */,
				C1C052361ABFFC1600D6D687 /* ViewController.m */,
				C1C052731AC1385700D6D687 /* ContentViewController.h */,
				C1C052741AC1385800D6D687 /* ContentViewController.m */,
			);
			path = ViewController;
			sourceTree = "<group>";
		};
		C1C0525B1AC0051600D6D687 /* Cell */ = {
			isa = PBXGroup;
			children = (
				C1C052801AC139A200D6D687 /* ContentCells */,
				C1C0525C1AC0052A00D6D687 /* FeedCell */,
			);
			path = Cell;
			sourceTree = "<group>";
		};
		C1C0525C1AC0052A00D6D687 /* FeedCell */ = {
			isa = PBXGroup;
			children = (
				C1C0525D1AC0058900D6D687 /* HeadViewCell.h */,
				C1C0525E1AC0058900D6D687 /* HeadViewCell.m */,
				C1C052601AC005C400D6D687 /* HeadViewDatasource.h */,
				C1C052611AC005C400D6D687 /* HeadViewDatasource.m */,
				C1C052631AC005D500D6D687 /* HeadViewFrame.h */,
				C1C052641AC005D500D6D687 /* HeadViewFrame.m */,
			);
			path = FeedCell;
			sourceTree = "<group>";
		};
		C1C0526A1AC01E9000D6D687 /* Third */ = {
			isa = PBXGroup;
			children = (
				C1C052BE1AC13BE400D6D687 /* YLGIFImage */,
				C1C052A51AC13BDB00D6D687 /* MJRefresh */,
				C1C052981AC13AB700D6D687 /* FTCoreText */,
				C1C0526B1AC01EBE00D6D687 /* Extension */,
			);
			path = Third;
			sourceTree = "<group>";
		};
		C1C0526B1AC01EBE00D6D687 /* Extension */ = {
			isa = PBXGroup;
			children = (
				C1C0529F1AC13AF700D6D687 /* ImageExtension.h */,
				C1C052A01AC13AF700D6D687 /* ImageExtension.m */,
				C1C052A11AC13AF700D6D687 /* ScaleImage.h */,
				C1C052A21AC13AF700D6D687 /* ScaleImage.m */,
				C1C0526C1AC01ED400D6D687 /* UIColor+HexToRGB.h */,
				C1C0526D1AC01ED400D6D687 /* UIColor+HexToRGB.m */,
			);
			path = Extension;
			sourceTree = "<group>";
		};
		C1C0526F1AC1194A00D6D687 /* res */ = {
			isa = PBXGroup;
			children = (
				C1C052711AC1196F00D6D687 /* demo_1.jpg */,
				C1C052701AC1196200D6D687 /* HeadView */,
			);
			path = res;
			sourceTree = "<group>";
		};
		C1C052701AC1196200D6D687 /* HeadView */ = {
			isa = PBXGroup;
			children = (
			);
			path = HeadView;
			sourceTree = "<group>";
		};
		C1C052801AC139A200D6D687 /* ContentCells */ = {
			isa = PBXGroup;
			children = (
				C1C0528B1AC139D800D6D687 /* TxtCell */,
				C1C052811AC139B200D6D687 /* ImgCell */,
			);
			path = ContentCells;
			sourceTree = "<group>";
		};
		C1C052811AC139B200D6D687 /* ImgCell */ = {
			isa = PBXGroup;
			children = (
				C1C052821AC139B900D6D687 /* ContentCell.h */,
				C1C052831AC139B900D6D687 /* ContentCell.m */,
				C1C052841AC139B900D6D687 /* ContentCellFrame.h */,
				C1C052851AC139B900D6D687 /* ContentCellFrame.m */,
				C1C052861AC139B900D6D687 /* ContentDatasource.h */,
				C1C052871AC139B900D6D687 /* ContentDatasource.m */,
			);
			path = ImgCell;
			sourceTree = "<group>";
		};
		C1C0528B1AC139D800D6D687 /* TxtCell */ = {
			isa = PBXGroup;
			children = (
				C1C0528C1AC139D800D6D687 /* FTCoreTextCell.h */,
				C1C0528D1AC139D800D6D687 /* FTCoreTextCell.m */,
				C1C0528E1AC139D800D6D687 /* TxtCell.h */,
				C1C0528F1AC139D800D6D687 /* TxtCell.m */,
				C1C052901AC139D800D6D687 /* TxtDatasource.h */,
				C1C052911AC139D800D6D687 /* TxtDatasource.m */,
				C1C052921AC139D800D6D687 /* TxtFrm.h */,
				C1C052931AC139D800D6D687 /* TxtFrm.m */,
			);
			path = TxtCell;
			sourceTree = "<group>";
		};
		C1C052981AC13AB700D6D687 /* FTCoreText */ = {
			isa = PBXGroup;
			children = (
				C1C052991AC13AB700D6D687 /* FTCoreTextStyle.h */,
				C1C0529A1AC13AB700D6D687 /* FTCoreTextStyle.m */,
				C1C0529B1AC13AB700D6D687 /* FTCoreTextView.h */,
				C1C0529C1AC13AB700D6D687 /* FTCoreTextView.m */,
			);
			path = FTCoreText;
			sourceTree = "<group>";
		};
		C1C052A51AC13BDB00D6D687 /* MJRefresh */ = {
			isa = PBXGroup;
			children = (
				C1C052A61AC13BDB00D6D687 /* MJRefresh.bundle */,
				C1C052A71AC13BDB00D6D687 /* MJRefresh.h */,
				C1C052A81AC13BDB00D6D687 /* MJRefreshBaseView.h */,
				C1C052A91AC13BDB00D6D687 /* MJRefreshBaseView.m */,
				C1C052AA1AC13BDB00D6D687 /* MJRefreshConst.h */,
				C1C052AB1AC13BDB00D6D687 /* MJRefreshConst.m */,
				C1C052AC1AC13BDB00D6D687 /* MJRefreshFooterView.h */,
				C1C052AD1AC13BDB00D6D687 /* MJRefreshFooterView.m */,
				C1C052AE1AC13BDB00D6D687 /* MJRefreshHeaderView.h */,
				C1C052AF1AC13BDB00D6D687 /* MJRefreshHeaderView.m */,
				C1C052B01AC13BDB00D6D687 /* UIScrollView+MJExtension.h */,
				C1C052B11AC13BDB00D6D687 /* UIScrollView+MJExtension.m */,
				C1C052B21AC13BDB00D6D687 /* UIScrollView+MJRefresh.h */,
				C1C052B31AC13BDB00D6D687 /* UIScrollView+MJRefresh.m */,
				C1C052B41AC13BDB00D6D687 /* UIView+MJExtension.h */,
				C1C052B51AC13BDB00D6D687 /* UIView+MJExtension.m */,
			);
			path = MJRefresh;
			sourceTree = "<group>";
		};
		C1C052BE1AC13BE400D6D687 /* YLGIFImage */ = {
			isa = PBXGroup;
			children = (
				C1C052BF1AC13BE400D6D687 /* YLGIFImage.h */,
				C1C052C01AC13BE400D6D687 /* YLGIFImage.m */,
				C1C052C11AC13BE400D6D687 /* YLImageView.h */,
				C1C052C21AC13BE400D6D687 /* YLImageView.m */,
			);
			path = YLGIFImage;
			sourceTree = "<group>";
		};
		C8000086288F559495A7DC75 /* Pods */ = {
			isa = PBXGroup;
			children = (
				39559E040BF0F3C0CBAD3816 /* Pods.debug.xcconfig */,
				9FE9000300DFA499AE8DDD92 /* Pods.release.xcconfig */,
			);
			name = Pods;
			sourceTree = "<group>";
		};
/* End PBXGroup section */

/* Begin PBXNativeTarget section */
		C1C0522A1ABFFC1600D6D687 /* EveryoneNews */ = {
			isa = PBXNativeTarget;
			buildConfigurationList = C1C0524E1ABFFC1600D6D687 /* Build configuration list for PBXNativeTarget "EveryoneNews" */;
			buildPhases = (
				7A83282636BD678637728613 /* Check Pods Manifest.lock */,
				C1C052271ABFFC1600D6D687 /* Sources */,
				C1C052281ABFFC1600D6D687 /* Frameworks */,
				C1C052291ABFFC1600D6D687 /* Resources */,
				7C89598F60AABC96E02107F1 /* Copy Pods Resources */,
			);
			buildRules = (
			);
			dependencies = (
			);
			name = EveryoneNews;
			productName = EveryoneNews;
			productReference = C1C0522B1ABFFC1600D6D687 /* EveryoneNews.app */;
			productType = "com.apple.product-type.application";
		};
		C1C052431ABFFC1600D6D687 /* EveryoneNewsTests */ = {
			isa = PBXNativeTarget;
			buildConfigurationList = C1C052511ABFFC1600D6D687 /* Build configuration list for PBXNativeTarget "EveryoneNewsTests" */;
			buildPhases = (
				C1C052401ABFFC1600D6D687 /* Sources */,
				C1C052411ABFFC1600D6D687 /* Frameworks */,
				C1C052421ABFFC1600D6D687 /* Resources */,
			);
			buildRules = (
			);
			dependencies = (
				C1C052461ABFFC1600D6D687 /* PBXTargetDependency */,
			);
			name = EveryoneNewsTests;
			productName = EveryoneNewsTests;
			productReference = C1C052441ABFFC1600D6D687 /* EveryoneNewsTests.xctest */;
			productType = "com.apple.product-type.bundle.unit-test";
		};
/* End PBXNativeTarget section */

/* Begin PBXProject section */
		C1C052231ABFFC1600D6D687 /* Project object */ = {
			isa = PBXProject;
			attributes = {
				LastUpgradeCheck = 0620;
				ORGANIZATIONNAME = yyc;
				TargetAttributes = {
					C1C0522A1ABFFC1600D6D687 = {
						CreatedOnToolsVersion = 6.2;
					};
					C1C052431ABFFC1600D6D687 = {
						CreatedOnToolsVersion = 6.2;
						TestTargetID = C1C0522A1ABFFC1600D6D687;
					};
				};
			};
			buildConfigurationList = C1C052261ABFFC1600D6D687 /* Build configuration list for PBXProject "EveryoneNews" */;
			compatibilityVersion = "Xcode 3.2";
			developmentRegion = English;
			hasScannedForEncodings = 0;
			knownRegions = (
				en,
				Base,
				"zh-Hans",
			);
			mainGroup = C1C052221ABFFC1600D6D687;
			productRefGroup = C1C0522C1ABFFC1600D6D687 /* Products */;
			projectDirPath = "";
			projectRoot = "";
			targets = (
				C1C0522A1ABFFC1600D6D687 /* EveryoneNews */,
				C1C052431ABFFC1600D6D687 /* EveryoneNewsTests */,
			);
		};
/* End PBXProject section */

/* Begin PBXResourcesBuildPhase section */
		C1C052291ABFFC1600D6D687 /* Resources */ = {
			isa = PBXResourcesBuildPhase;
			buildActionMask = 2147483647;
			files = (
				C1C0523A1ABFFC1600D6D687 /* Main.storyboard in Resources */,
				C1C0523F1ABFFC1600D6D687 /* LaunchScreen.xib in Resources */,
				C1C052721AC1196F00D6D687 /* demo_1.jpg in Resources */,
				C1C052B61AC13BDB00D6D687 /* MJRefresh.bundle in Resources */,
				C1C0523C1ABFFC1600D6D687 /* Images.xcassets in Resources */,
			);
			runOnlyForDeploymentPostprocessing = 0;
		};
		C1C052421ABFFC1600D6D687 /* Resources */ = {
			isa = PBXResourcesBuildPhase;
			buildActionMask = 2147483647;
			files = (
			);
			runOnlyForDeploymentPostprocessing = 0;
		};
/* End PBXResourcesBuildPhase section */

/* Begin PBXShellScriptBuildPhase section */
		7A83282636BD678637728613 /* Check Pods Manifest.lock */ = {
			isa = PBXShellScriptBuildPhase;
			buildActionMask = 2147483647;
			files = (
			);
			inputPaths = (
			);
			name = "Check Pods Manifest.lock";
			outputPaths = (
			);
			runOnlyForDeploymentPostprocessing = 0;
			shellPath = /bin/sh;
			shellScript = "diff \"${PODS_ROOT}/../Podfile.lock\" \"${PODS_ROOT}/Manifest.lock\" > /dev/null\nif [[ $? != 0 ]] ; then\n    cat << EOM\nerror: The sandbox is not in sync with the Podfile.lock. Run 'pod install' or update your CocoaPods installation.\nEOM\n    exit 1\nfi\n";
			showEnvVarsInLog = 0;
		};
		7C89598F60AABC96E02107F1 /* Copy Pods Resources */ = {
			isa = PBXShellScriptBuildPhase;
			buildActionMask = 2147483647;
			files = (
			);
			inputPaths = (
			);
			name = "Copy Pods Resources";
			outputPaths = (
			);
			runOnlyForDeploymentPostprocessing = 0;
			shellPath = /bin/sh;
			shellScript = "\"${SRCROOT}/Pods/Target Support Files/Pods/Pods-resources.sh\"\n";
			showEnvVarsInLog = 0;
		};
/* End PBXShellScriptBuildPhase section */

/* Begin PBXSourcesBuildPhase section */
		C1C052271ABFFC1600D6D687 /* Sources */ = {
			isa = PBXSourcesBuildPhase;
			buildActionMask = 2147483647;
			files = (
				C1C052B91AC13BDB00D6D687 /* MJRefreshFooterView.m in Sources */,
				C1C052951AC139D800D6D687 /* TxtCell.m in Sources */,
				C1C0529D1AC13AB700D6D687 /* FTCoreTextStyle.m in Sources */,
				C1C052C31AC13BE400D6D687 /* YLGIFImage.m in Sources */,
				C1C052BD1AC13BDB00D6D687 /* UIView+MJExtension.m in Sources */,
				C1C0525F1AC0058900D6D687 /* HeadViewCell.m in Sources */,
				C1C052621AC005C400D6D687 /* HeadViewDatasource.m in Sources */,
				C1C052C41AC13BE400D6D687 /* YLImageView.m in Sources */,
				C1C052BC1AC13BDB00D6D687 /* UIScrollView+MJRefresh.m in Sources */,
				C1C052651AC005D500D6D687 /* HeadViewFrame.m in Sources */,
				C1C052BA1AC13BDB00D6D687 /* MJRefreshHeaderView.m in Sources */,
				C1C052371ABFFC1600D6D687 /* ViewController.m in Sources */,
				C1C052B71AC13BDB00D6D687 /* MJRefreshBaseView.m in Sources */,
				C1C052B81AC13BDB00D6D687 /* MJRefreshConst.m in Sources */,
				C1C052961AC139D800D6D687 /* TxtDatasource.m in Sources */,
				C1C052A31AC13AF700D6D687 /* ImageExtension.m in Sources */,
				C1C0525A1AC0007800D6D687 /* KDNavigationController.m in Sources */,
				C1C052941AC139D800D6D687 /* FTCoreTextCell.m in Sources */,
				C1C052BB1AC13BDB00D6D687 /* UIScrollView+MJExtension.m in Sources */,
				C1C052881AC139B900D6D687 /* ContentCell.m in Sources */,
				C1C0529E1AC13AB700D6D687 /* FTCoreTextView.m in Sources */,
				C1C052591AC0007800D6D687 /* BaseViewController.m in Sources */,
				C1C0528A1AC139B900D6D687 /* ContentDatasource.m in Sources */,
				C1C052891AC139B900D6D687 /* ContentCellFrame.m in Sources */,
				C1C052751AC1385800D6D687 /* ContentViewController.m in Sources */,
				C1C052341ABFFC1600D6D687 /* AppDelegate.m in Sources */,
				C1C052971AC139D800D6D687 /* TxtFrm.m in Sources */,
				C1C052311ABFFC1600D6D687 /* main.m in Sources */,
				C1C0526E1AC01ED400D6D687 /* UIColor+HexToRGB.m in Sources */,
				C1C052A41AC13AF700D6D687 /* ScaleImage.m in Sources */,
			);
			runOnlyForDeploymentPostprocessing = 0;
		};
		C1C052401ABFFC1600D6D687 /* Sources */ = {
			isa = PBXSourcesBuildPhase;
			buildActionMask = 2147483647;
			files = (
				C1C0524B1ABFFC1600D6D687 /* EveryoneNewsTests.m in Sources */,
			);
			runOnlyForDeploymentPostprocessing = 0;
		};
/* End PBXSourcesBuildPhase section */

/* Begin PBXTargetDependency section */
		C1C052461ABFFC1600D6D687 /* PBXTargetDependency */ = {
			isa = PBXTargetDependency;
			target = C1C0522A1ABFFC1600D6D687 /* EveryoneNews */;
			targetProxy = C1C052451ABFFC1600D6D687 /* PBXContainerItemProxy */;
		};
/* End PBXTargetDependency section */

/* Begin PBXVariantGroup section */
		C1C052381ABFFC1600D6D687 /* Main.storyboard */ = {
			isa = PBXVariantGroup;
			children = (
				C1C052391ABFFC1600D6D687 /* Base */,
			);
			name = Main.storyboard;
			sourceTree = "<group>";
		};
		C1C0523D1ABFFC1600D6D687 /* LaunchScreen.xib */ = {
			isa = PBXVariantGroup;
			children = (
				C1C0523E1ABFFC1600D6D687 /* Base */,
			);
			name = LaunchScreen.xib;
			sourceTree = "<group>";
		};
/* End PBXVariantGroup section */

/* Begin XCBuildConfiguration section */
		C1C0524C1ABFFC1600D6D687 /* Debug */ = {
			isa = XCBuildConfiguration;
			buildSettings = {
				ALWAYS_SEARCH_USER_PATHS = NO;
				CLANG_CXX_LANGUAGE_STANDARD = "gnu++0x";
				CLANG_CXX_LIBRARY = "libc++";
				CLANG_ENABLE_MODULES = YES;
				CLANG_ENABLE_OBJC_ARC = YES;
				CLANG_WARN_BOOL_CONVERSION = YES;
				CLANG_WARN_CONSTANT_CONVERSION = YES;
				CLANG_WARN_DIRECT_OBJC_ISA_USAGE = YES_ERROR;
				CLANG_WARN_EMPTY_BODY = YES;
				CLANG_WARN_ENUM_CONVERSION = YES;
				CLANG_WARN_INT_CONVERSION = YES;
				CLANG_WARN_OBJC_ROOT_CLASS = YES_ERROR;
				CLANG_WARN_UNREACHABLE_CODE = YES;
				CLANG_WARN__DUPLICATE_METHOD_MATCH = YES;
				"CODE_SIGN_IDENTITY[sdk=iphoneos*]" = "iPhone Developer";
				COPY_PHASE_STRIP = NO;
				ENABLE_STRICT_OBJC_MSGSEND = YES;
				GCC_C_LANGUAGE_STANDARD = gnu99;
				GCC_DYNAMIC_NO_PIC = NO;
				GCC_OPTIMIZATION_LEVEL = 0;
				GCC_PREPROCESSOR_DEFINITIONS = (
					"DEBUG=1",
					"$(inherited)",
				);
				GCC_SYMBOLS_PRIVATE_EXTERN = NO;
				GCC_WARN_64_TO_32_BIT_CONVERSION = YES;
				GCC_WARN_ABOUT_RETURN_TYPE = YES_ERROR;
				GCC_WARN_UNDECLARED_SELECTOR = YES;
				GCC_WARN_UNINITIALIZED_AUTOS = YES_AGGRESSIVE;
				GCC_WARN_UNUSED_FUNCTION = YES;
				GCC_WARN_UNUSED_VARIABLE = YES;
				IPHONEOS_DEPLOYMENT_TARGET = 8.2;
				MTL_ENABLE_DEBUG_INFO = YES;
				ONLY_ACTIVE_ARCH = YES;
				SDKROOT = iphoneos;
			};
			name = Debug;
		};
		C1C0524D1ABFFC1600D6D687 /* Release */ = {
			isa = XCBuildConfiguration;
			buildSettings = {
				ALWAYS_SEARCH_USER_PATHS = NO;
				CLANG_CXX_LANGUAGE_STANDARD = "gnu++0x";
				CLANG_CXX_LIBRARY = "libc++";
				CLANG_ENABLE_MODULES = YES;
				CLANG_ENABLE_OBJC_ARC = YES;
				CLANG_WARN_BOOL_CONVERSION = YES;
				CLANG_WARN_CONSTANT_CONVERSION = YES;
				CLANG_WARN_DIRECT_OBJC_ISA_USAGE = YES_ERROR;
				CLANG_WARN_EMPTY_BODY = YES;
				CLANG_WARN_ENUM_CONVERSION = YES;
				CLANG_WARN_INT_CONVERSION = YES;
				CLANG_WARN_OBJC_ROOT_CLASS = YES_ERROR;
				CLANG_WARN_UNREACHABLE_CODE = YES;
				CLANG_WARN__DUPLICATE_METHOD_MATCH = YES;
				"CODE_SIGN_IDENTITY[sdk=iphoneos*]" = "iPhone Developer";
				COPY_PHASE_STRIP = NO;
				ENABLE_NS_ASSERTIONS = NO;
				ENABLE_STRICT_OBJC_MSGSEND = YES;
				GCC_C_LANGUAGE_STANDARD = gnu99;
				GCC_WARN_64_TO_32_BIT_CONVERSION = YES;
				GCC_WARN_ABOUT_RETURN_TYPE = YES_ERROR;
				GCC_WARN_UNDECLARED_SELECTOR = YES;
				GCC_WARN_UNINITIALIZED_AUTOS = YES_AGGRESSIVE;
				GCC_WARN_UNUSED_FUNCTION = YES;
				GCC_WARN_UNUSED_VARIABLE = YES;
				IPHONEOS_DEPLOYMENT_TARGET = 8.2;
				MTL_ENABLE_DEBUG_INFO = NO;
				SDKROOT = iphoneos;
				VALIDATE_PRODUCT = YES;
			};
			name = Release;
		};
		C1C0524F1ABFFC1600D6D687 /* Debug */ = {
			isa = XCBuildConfiguration;
			baseConfigurationReference = 39559E040BF0F3C0CBAD3816 /* Pods.debug.xcconfig */;
			buildSettings = {
				ASSETCATALOG_COMPILER_APPICON_NAME = AppIcon;
				FRAMEWORK_SEARCH_PATHS = (
					"$(inherited)",
					"$(PROJECT_DIR)/EveryoneNews/Third/UMeng/UMSocial_Sdk_Extra_Frameworks/TencentOpenAPI",
				);
				INFOPLIST_FILE = EveryoneNews/Info.plist;
				LD_RUNPATH_SEARCH_PATHS = "$(inherited) @executable_path/Frameworks";
				LIBRARY_SEARCH_PATHS = (
					"$(inherited)",
					"$(PROJECT_DIR)/EveryoneNews/Third/UMeng/UMAnalytics_Sdk_3.1.2",
					"$(PROJECT_DIR)/EveryoneNews/Third/UMeng/UMSocial_Sdk_4.2.1",
					"$(PROJECT_DIR)/EveryoneNews/Third/UMeng/UMSocial_Sdk_Extra_Frameworks/Sina",
					"$(PROJECT_DIR)/EveryoneNews/Third/UMeng/UMSocial_Sdk_Extra_Frameworks/Wechat",
				);
				PRODUCT_NAME = "$(TARGET_NAME)";
			};
			name = Debug;
		};
		C1C052501ABFFC1600D6D687 /* Release */ = {
			isa = XCBuildConfiguration;
			baseConfigurationReference = 9FE9000300DFA499AE8DDD92 /* Pods.release.xcconfig */;
			buildSettings = {
				ASSETCATALOG_COMPILER_APPICON_NAME = AppIcon;
				FRAMEWORK_SEARCH_PATHS = (
					"$(inherited)",
					"$(PROJECT_DIR)/EveryoneNews/Third/UMeng/UMSocial_Sdk_Extra_Frameworks/TencentOpenAPI",
				);
				INFOPLIST_FILE = EveryoneNews/Info.plist;
				LD_RUNPATH_SEARCH_PATHS = "$(inherited) @executable_path/Frameworks";
				LIBRARY_SEARCH_PATHS = (
					"$(inherited)",
					"$(PROJECT_DIR)/EveryoneNews/Third/UMeng/UMAnalytics_Sdk_3.1.2",
					"$(PROJECT_DIR)/EveryoneNews/Third/UMeng/UMSocial_Sdk_4.2.1",
					"$(PROJECT_DIR)/EveryoneNews/Third/UMeng/UMSocial_Sdk_Extra_Frameworks/Sina",
					"$(PROJECT_DIR)/EveryoneNews/Third/UMeng/UMSocial_Sdk_Extra_Frameworks/Wechat",
				);
				PRODUCT_NAME = "$(TARGET_NAME)";
			};
			name = Release;
		};
		C1C052521ABFFC1600D6D687 /* Debug */ = {
			isa = XCBuildConfiguration;
			buildSettings = {
				BUNDLE_LOADER = "$(TEST_HOST)";
				FRAMEWORK_SEARCH_PATHS = (
					"$(SDKROOT)/Developer/Library/Frameworks",
					"$(inherited)",
				);
				GCC_PREPROCESSOR_DEFINITIONS = (
					"DEBUG=1",
					"$(inherited)",
				);
				INFOPLIST_FILE = EveryoneNewsTests/Info.plist;
				LD_RUNPATH_SEARCH_PATHS = "$(inherited) @executable_path/Frameworks @loader_path/Frameworks";
				PRODUCT_NAME = "$(TARGET_NAME)";
				TEST_HOST = "$(BUILT_PRODUCTS_DIR)/EveryoneNews.app/EveryoneNews";
			};
			name = Debug;
		};
		C1C052531ABFFC1600D6D687 /* Release */ = {
			isa = XCBuildConfiguration;
			buildSettings = {
				BUNDLE_LOADER = "$(TEST_HOST)";
				FRAMEWORK_SEARCH_PATHS = (
					"$(SDKROOT)/Developer/Library/Frameworks",
					"$(inherited)",
				);
				INFOPLIST_FILE = EveryoneNewsTests/Info.plist;
				LD_RUNPATH_SEARCH_PATHS = "$(inherited) @executable_path/Frameworks @loader_path/Frameworks";
				PRODUCT_NAME = "$(TARGET_NAME)";
				TEST_HOST = "$(BUILT_PRODUCTS_DIR)/EveryoneNews.app/EveryoneNews";
			};
			name = Release;
		};
/* End XCBuildConfiguration section */

/* Begin XCConfigurationList section */
		C1C052261ABFFC1600D6D687 /* Build configuration list for PBXProject "EveryoneNews" */ = {
			isa = XCConfigurationList;
			buildConfigurations = (
				C1C0524C1ABFFC1600D6D687 /* Debug */,
				C1C0524D1ABFFC1600D6D687 /* Release */,
			);
			defaultConfigurationIsVisible = 0;
			defaultConfigurationName = Release;
		};
		C1C0524E1ABFFC1600D6D687 /* Build configuration list for PBXNativeTarget "EveryoneNews" */ = {
			isa = XCConfigurationList;
			buildConfigurations = (
				C1C0524F1ABFFC1600D6D687 /* Debug */,
				C1C052501ABFFC1600D6D687 /* Release */,
			);
			defaultConfigurationIsVisible = 0;
			defaultConfigurationName = Release;
		};
		C1C052511ABFFC1600D6D687 /* Build configuration list for PBXNativeTarget "EveryoneNewsTests" */ = {
			isa = XCConfigurationList;
			buildConfigurations = (
				C1C052521ABFFC1600D6D687 /* Debug */,
				C1C052531ABFFC1600D6D687 /* Release */,
			);
			defaultConfigurationIsVisible = 0;
			defaultConfigurationName = Release;
		};
/* End XCConfigurationList section */
	};
	rootObject = C1C052231ABFFC1600D6D687 /* Project object */;
}
