// !$*UTF8*$!
{
	archiveVersion = 1;
	classes = {
	};
	objectVersion = 46;
	objects = {

/* Begin PBXBuildFile section */
		6DC4FDCB1CF0314700D25A99 /* HomeViewControllerExtension.swift in Sources */ = {isa = PBXBuildFile; fileRef = 6DC4FDC01CF0314700D25A99 /* HomeViewControllerExtension.swift */; };
		6DC4FDCC1CF0314700D25A99 /* HomeViewController.swift in Sources */ = {isa = PBXBuildFile; fileRef = 6DC4FDC11CF0314700D25A99 /* HomeViewController.swift */; };
		6DC4FDCD1CF0314700D25A99 /* NewBaseTableViewCell.swift in Sources */ = {isa = PBXBuildFile; fileRef = 6DC4FDC41CF0314700D25A99 /* NewBaseTableViewCell.swift */; };
		6DC4FDCE1CF0314700D25A99 /* NewslistViewControllerExtension.swift in Sources */ = {isa = PBXBuildFile; fileRef = 6DC4FDC61CF0314700D25A99 /* NewslistViewControllerExtension.swift */; };
		6DC4FDCF1CF0314700D25A99 /* NewslistViewController.swift in Sources */ = {isa = PBXBuildFile; fileRef = 6DC4FDC71CF0314700D25A99 /* NewslistViewController.swift */; };
		6DC4FDD51CF031E000D25A99 /* ChannelManager.swift in Sources */ = {isa = PBXBuildFile; fileRef = 6DC4FDD21CF031E000D25A99 /* ChannelManager.swift */; };
		6DC4FDD61CF031E000D25A99 /* HomeViewControllerChannelDataSource.swift in Sources */ = {isa = PBXBuildFile; fileRef = 6DC4FDD31CF031E000D25A99 /* HomeViewControllerChannelDataSource.swift */; };
		6DC4FDD71CF031E000D25A99 /* KDRearrangeableCollectionViewFlowLayout.swift in Sources */ = {isa = PBXBuildFile; fileRef = 6DC4FDD41CF031E000D25A99 /* KDRearrangeableCollectionViewFlowLayout.swift */; };
		994B705F63994332F79B2AA5 /* Pods_Journalism.framework in Frameworks */ = {isa = PBXBuildFile; fileRef = F68B44A9454D029CD2156A30 /* Pods_Journalism.framework */; };
		AE0FE51D1CF2AB90007DA198 /* CommitViewController.swift in Sources */ = {isa = PBXBuildFile; fileRef = AE0FE5191CF2AB90007DA198 /* CommitViewController.swift */; };
		AE0FE51E1CF2AB90007DA198 /* DetailAndCommitViewController.swift in Sources */ = {isa = PBXBuildFile; fileRef = AE0FE51A1CF2AB90007DA198 /* DetailAndCommitViewController.swift */; };
		AE0FE51F1CF2AB90007DA198 /* DetailViewController.swift in Sources */ = {isa = PBXBuildFile; fileRef = AE0FE51C1CF2AB90007DA198 /* DetailViewController.swift */; };
		AE0FE5221CF2AC5D007DA198 /* DetailViewAndCommitViewControllerPopAnimatedTransitioning.swift in Sources */ = {isa = PBXBuildFile; fileRef = AE0FE5211CF2AC5D007DA198 /* DetailViewAndCommitViewControllerPopAnimatedTransitioning.swift */; };
		AE0FE5241CF2AC97007DA198 /* DetailAndCommitViewControllerExtension.swift in Sources */ = {isa = PBXBuildFile; fileRef = AE0FE5231CF2AC97007DA198 /* DetailAndCommitViewControllerExtension.swift */; };
		AE0FE5441CF301E8007DA198 /* UIImageExtension.swift in Sources */ = {isa = PBXBuildFile; fileRef = AE0FE5431CF301E8007DA198 /* UIImageExtension.swift */; };
		AEBCAEE81CEC27A900EBFC0A /* Channel.swift in Sources */ = {isa = PBXBuildFile; fileRef = AEBCAEE71CEC27A900EBFC0A /* Channel.swift */; };
		AEBCAEEB1CEC2ADB00EBFC0A /* ChannelUtil.swift in Sources */ = {isa = PBXBuildFile; fileRef = AEBCAEEA1CEC2ADB00EBFC0A /* ChannelUtil.swift */; };
		AEBCAEF31CEC3F4300EBFC0A /* UIStoryBoard.swift in Sources */ = {isa = PBXBuildFile; fileRef = AEBCAEF21CEC3F4300EBFC0A /* UIStoryBoard.swift */; };
		AEBCAEF81CEC418200EBFC0A /* CircularButtonBarView.swift in Sources */ = {isa = PBXBuildFile; fileRef = AEBCAEF61CEC418200EBFC0A /* CircularButtonBarView.swift */; };
		AEBCAEFA1CEC419600EBFC0A /* CustomExtensionView.swift in Sources */ = {isa = PBXBuildFile; fileRef = AEBCAEF91CEC419600EBFC0A /* CustomExtensionView.swift */; };
		AEC09CD41CE9776800D5A5CC /* AppDelegate.swift in Sources */ = {isa = PBXBuildFile; fileRef = AEC09CD31CE9776800D5A5CC /* AppDelegate.swift */; };
		AEC09CD91CE9776800D5A5CC /* Main.storyboard in Resources */ = {isa = PBXBuildFile; fileRef = AEC09CD71CE9776800D5A5CC /* Main.storyboard */; };
		AEC09CDB1CE9776800D5A5CC /* Assets.xcassets in Resources */ = {isa = PBXBuildFile; fileRef = AEC09CDA1CE9776800D5A5CC /* Assets.xcassets */; };
		AEC09CDE1CE9776800D5A5CC /* LaunchScreen.storyboard in Resources */ = {isa = PBXBuildFile; fileRef = AEC09CDC1CE9776800D5A5CC /* LaunchScreen.storyboard */; };
		AEC1D5BD1CED960100B1F00C /* New.swift in Sources */ = {isa = PBXBuildFile; fileRef = AEC1D5BC1CED960100B1F00C /* New.swift */; };
		AEC1D5BF1CED9BBD00B1F00C /* NewsUtil.swift in Sources */ = {isa = PBXBuildFile; fileRef = AEC1D5BE1CED9BBD00B1F00C /* NewsUtil.swift */; };
		AEC1D5C41CEDC22700B1F00C /* DateExt.swift in Sources */ = {isa = PBXBuildFile; fileRef = AEC1D5C31CEDC22700B1F00C /* DateExt.swift */; };
		AEC1D5C61CEDC34600B1F00C /* NSDateTimeAgo.bundle in Resources */ = {isa = PBXBuildFile; fileRef = AEC1D5C51CEDC34600B1F00C /* NSDateTimeAgo.bundle */; };
		AEC9659E1CF5A2E70053A88D /* User.storyboard in Resources */ = {isa = PBXBuildFile; fileRef = AEC9659D1CF5A2E70053A88D /* User.storyboard */; };
		AEC965A11CF5A4EF0053A88D /* CustomView.swift in Sources */ = {isa = PBXBuildFile; fileRef = AEC965A01CF5A4EF0053A88D /* CustomView.swift */; };
		AEC965A51CF5AC900053A88D /* UserSettingViewController.swift in Sources */ = {isa = PBXBuildFile; fileRef = AEC965A41CF5AC900053A88D /* UserSettingViewController.swift */; };
		AEC965A81CF5AFE70053A88D /* AboutViewController.swift in Sources */ = {isa = PBXBuildFile; fileRef = AEC965A71CF5AFE70053A88D /* AboutViewController.swift */; };
		AEFB55151CF41407005FC23E /* Curly.swift in Sources */ = {isa = PBXBuildFile; fileRef = AEFB55141CF41407005FC23E /* Curly.swift */; };
		AEFB55171CF41F10005FC23E /* NotLikeExtension.swift in Sources */ = {isa = PBXBuildFile; fileRef = AEFB55161CF41F10005FC23E /* NotLikeExtension.swift */; };
		AEFB551A1CF462CD005FC23E /* UserCenterViewController.swift in Sources */ = {isa = PBXBuildFile; fileRef = AEFB55191CF462CD005FC23E /* UserCenterViewController.swift */; };
/* End PBXBuildFile section */

/* Begin PBXFileReference section */
		159FDBAECFB9DE4E3ACF1E70 /* Pods-Journalism.debug.xcconfig */ = {isa = PBXFileReference; includeInIndex = 1; lastKnownFileType = text.xcconfig; name = "Pods-Journalism.debug.xcconfig"; path = "Pods/Target Support Files/Pods-Journalism/Pods-Journalism.debug.xcconfig"; sourceTree = "<group>"; };
		6DC4FDC01CF0314700D25A99 /* HomeViewControllerExtension.swift */ = {isa = PBXFileReference; fileEncoding = 4; lastKnownFileType = sourcecode.swift; path = HomeViewControllerExtension.swift; sourceTree = "<group>"; };
		6DC4FDC11CF0314700D25A99 /* HomeViewController.swift */ = {isa = PBXFileReference; fileEncoding = 4; lastKnownFileType = sourcecode.swift; path = HomeViewController.swift; sourceTree = "<group>"; };
		6DC4FDC41CF0314700D25A99 /* NewBaseTableViewCell.swift */ = {isa = PBXFileReference; fileEncoding = 4; lastKnownFileType = sourcecode.swift; path = NewBaseTableViewCell.swift; sourceTree = "<group>"; };
		6DC4FDC61CF0314700D25A99 /* NewslistViewControllerExtension.swift */ = {isa = PBXFileReference; fileEncoding = 4; lastKnownFileType = sourcecode.swift; path = NewslistViewControllerExtension.swift; sourceTree = "<group>"; };
		6DC4FDC71CF0314700D25A99 /* NewslistViewController.swift */ = {isa = PBXFileReference; fileEncoding = 4; lastKnownFileType = sourcecode.swift; path = NewslistViewController.swift; sourceTree = "<group>"; };
		6DC4FDD21CF031E000D25A99 /* ChannelManager.swift */ = {isa = PBXFileReference; fileEncoding = 4; lastKnownFileType = sourcecode.swift; path = ChannelManager.swift; sourceTree = "<group>"; };
		6DC4FDD31CF031E000D25A99 /* HomeViewControllerChannelDataSource.swift */ = {isa = PBXFileReference; fileEncoding = 4; lastKnownFileType = sourcecode.swift; path = HomeViewControllerChannelDataSource.swift; sourceTree = "<group>"; };
		6DC4FDD41CF031E000D25A99 /* KDRearrangeableCollectionViewFlowLayout.swift */ = {isa = PBXFileReference; fileEncoding = 4; lastKnownFileType = sourcecode.swift; path = KDRearrangeableCollectionViewFlowLayout.swift; sourceTree = "<group>"; };
		81231C5CF554FB534D99E67C /* Pods-Journalism.release.xcconfig */ = {isa = PBXFileReference; includeInIndex = 1; lastKnownFileType = text.xcconfig; name = "Pods-Journalism.release.xcconfig"; path = "Pods/Target Support Files/Pods-Journalism/Pods-Journalism.release.xcconfig"; sourceTree = "<group>"; };
		AE0FE5191CF2AB90007DA198 /* CommitViewController.swift */ = {isa = PBXFileReference; fileEncoding = 4; lastKnownFileType = sourcecode.swift; path = CommitViewController.swift; sourceTree = "<group>"; };
		AE0FE51A1CF2AB90007DA198 /* DetailAndCommitViewController.swift */ = {isa = PBXFileReference; fileEncoding = 4; lastKnownFileType = sourcecode.swift; path = DetailAndCommitViewController.swift; sourceTree = "<group>"; };
		AE0FE51C1CF2AB90007DA198 /* DetailViewController.swift */ = {isa = PBXFileReference; fileEncoding = 4; lastKnownFileType = sourcecode.swift; path = DetailViewController.swift; sourceTree = "<group>"; };
		AE0FE5211CF2AC5D007DA198 /* DetailViewAndCommitViewControllerPopAnimatedTransitioning.swift */ = {isa = PBXFileReference; fileEncoding = 4; lastKnownFileType = sourcecode.swift; path = DetailViewAndCommitViewControllerPopAnimatedTransitioning.swift; sourceTree = "<group>"; };
		AE0FE5231CF2AC97007DA198 /* DetailAndCommitViewControllerExtension.swift */ = {isa = PBXFileReference; fileEncoding = 4; lastKnownFileType = sourcecode.swift; path = DetailAndCommitViewControllerExtension.swift; sourceTree = "<group>"; };
		AE0FE5431CF301E8007DA198 /* UIImageExtension.swift */ = {isa = PBXFileReference; fileEncoding = 4; lastKnownFileType = sourcecode.swift; path = UIImageExtension.swift; sourceTree = "<group>"; };
		AEBCAEE71CEC27A900EBFC0A /* Channel.swift */ = {isa = PBXFileReference; fileEncoding = 4; lastKnownFileType = sourcecode.swift; path = Channel.swift; sourceTree = "<group>"; };
		AEBCAEEA1CEC2ADB00EBFC0A /* ChannelUtil.swift */ = {isa = PBXFileReference; fileEncoding = 4; lastKnownFileType = sourcecode.swift; path = ChannelUtil.swift; sourceTree = "<group>"; };
		AEBCAEF21CEC3F4300EBFC0A /* UIStoryBoard.swift */ = {isa = PBXFileReference; fileEncoding = 4; lastKnownFileType = sourcecode.swift; path = UIStoryBoard.swift; sourceTree = "<group>"; };
		AEBCAEF61CEC418200EBFC0A /* CircularButtonBarView.swift */ = {isa = PBXFileReference; fileEncoding = 4; lastKnownFileType = sourcecode.swift; path = CircularButtonBarView.swift; sourceTree = "<group>"; };
		AEBCAEF91CEC419600EBFC0A /* CustomExtensionView.swift */ = {isa = PBXFileReference; fileEncoding = 4; lastKnownFileType = sourcecode.swift; path = CustomExtensionView.swift; sourceTree = "<group>"; };
		AEC09CD01CE9776800D5A5CC /* Journalism.app */ = {isa = PBXFileReference; explicitFileType = wrapper.application; includeInIndex = 0; path = Journalism.app; sourceTree = BUILT_PRODUCTS_DIR; };
		AEC09CD31CE9776800D5A5CC /* AppDelegate.swift */ = {isa = PBXFileReference; lastKnownFileType = sourcecode.swift; path = AppDelegate.swift; sourceTree = "<group>"; };
		AEC09CD81CE9776800D5A5CC /* Base */ = {isa = PBXFileReference; lastKnownFileType = file.storyboard; name = Base; path = Base.lproj/Main.storyboard; sourceTree = "<group>"; };
		AEC09CDA1CE9776800D5A5CC /* Assets.xcassets */ = {isa = PBXFileReference; lastKnownFileType = folder.assetcatalog; path = Assets.xcassets; sourceTree = "<group>"; };
		AEC09CDD1CE9776800D5A5CC /* Base */ = {isa = PBXFileReference; lastKnownFileType = file.storyboard; name = Base; path = Base.lproj/LaunchScreen.storyboard; sourceTree = "<group>"; };
		AEC09CDF1CE9776800D5A5CC /* Info.plist */ = {isa = PBXFileReference; lastKnownFileType = text.plist.xml; path = Info.plist; sourceTree = "<group>"; };
		AEC1D5BC1CED960100B1F00C /* New.swift */ = {isa = PBXFileReference; fileEncoding = 4; lastKnownFileType = sourcecode.swift; path = New.swift; sourceTree = "<group>"; };
		AEC1D5BE1CED9BBD00B1F00C /* NewsUtil.swift */ = {isa = PBXFileReference; fileEncoding = 4; lastKnownFileType = sourcecode.swift; path = NewsUtil.swift; sourceTree = "<group>"; };
		AEC1D5C31CEDC22700B1F00C /* DateExt.swift */ = {isa = PBXFileReference; fileEncoding = 4; lastKnownFileType = sourcecode.swift; path = DateExt.swift; sourceTree = "<group>"; };
		AEC1D5C51CEDC34600B1F00C /* NSDateTimeAgo.bundle */ = {isa = PBXFileReference; lastKnownFileType = "wrapper.plug-in"; path = NSDateTimeAgo.bundle; sourceTree = "<group>"; };
		AEC9659D1CF5A2E70053A88D /* User.storyboard */ = {isa = PBXFileReference; fileEncoding = 4; lastKnownFileType = file.storyboard; path = User.storyboard; sourceTree = "<group>"; };
		AEC965A01CF5A4EF0053A88D /* CustomView.swift */ = {isa = PBXFileReference; fileEncoding = 4; lastKnownFileType = sourcecode.swift; path = CustomView.swift; sourceTree = "<group>"; };
		AEC965A41CF5AC900053A88D /* UserSettingViewController.swift */ = {isa = PBXFileReference; fileEncoding = 4; lastKnownFileType = sourcecode.swift; path = UserSettingViewController.swift; sourceTree = "<group>"; };
		AEC965A71CF5AFE70053A88D /* AboutViewController.swift */ = {isa = PBXFileReference; fileEncoding = 4; lastKnownFileType = sourcecode.swift; path = AboutViewController.swift; sourceTree = "<group>"; };
		AEFB55141CF41407005FC23E /* Curly.swift */ = {isa = PBXFileReference; fileEncoding = 4; lastKnownFileType = sourcecode.swift; path = Curly.swift; sourceTree = "<group>"; };
		AEFB55161CF41F10005FC23E /* NotLikeExtension.swift */ = {isa = PBXFileReference; fileEncoding = 4; lastKnownFileType = sourcecode.swift; path = NotLikeExtension.swift; sourceTree = "<group>"; };
		AEFB55191CF462CD005FC23E /* UserCenterViewController.swift */ = {isa = PBXFileReference; fileEncoding = 4; lastKnownFileType = sourcecode.swift; path = UserCenterViewController.swift; sourceTree = "<group>"; };
		F68B44A9454D029CD2156A30 /* Pods_Journalism.framework */ = {isa = PBXFileReference; explicitFileType = wrapper.framework; includeInIndex = 0; path = Pods_Journalism.framework; sourceTree = BUILT_PRODUCTS_DIR; };
/* End PBXFileReference section */

/* Begin PBXFrameworksBuildPhase section */
		AEC09CCD1CE9776800D5A5CC /* Frameworks */ = {
			isa = PBXFrameworksBuildPhase;
			buildActionMask = 2147483647;
			files = (
				994B705F63994332F79B2AA5 /* Pods_Journalism.framework in Frameworks */,
			);
			runOnlyForDeploymentPostprocessing = 0;
		};
/* End PBXFrameworksBuildPhase section */

/* Begin PBXGroup section */
		6DC4FDB91CF0314700D25A99 /* ViewControllers */ = {
			isa = PBXGroup;
			children = (
				6DC4FDBA1CF0314700D25A99 /* HomeViewController */,
				6DC4FDC21CF0314700D25A99 /* NewslistViewController */,
				AE0FE5171CF2AB90007DA198 /* DetailAndCommitViewController */,
				AEFB55181CF462B3005FC23E /* UserCenterViewController */,
			);
			path = ViewControllers;
			sourceTree = "<group>";
		};
		6DC4FDBA1CF0314700D25A99 /* HomeViewController */ = {
			isa = PBXGroup;
			children = (
				6DC4FDD11CF031E000D25A99 /* ChannelManager */,
				6DC4FDBB1CF0314700D25A99 /* extension */,
				6DC4FDC11CF0314700D25A99 /* HomeViewController.swift */,
			);
			path = HomeViewController;
			sourceTree = "<group>";
		};
		6DC4FDBB1CF0314700D25A99 /* extension */ = {
			isa = PBXGroup;
			children = (
				6DC4FDC01CF0314700D25A99 /* HomeViewControllerExtension.swift */,
				AEFB55161CF41F10005FC23E /* NotLikeExtension.swift */,
			);
			path = extension;
			sourceTree = "<group>";
		};
		6DC4FDC21CF0314700D25A99 /* NewslistViewController */ = {
			isa = PBXGroup;
			children = (
				6DC4FDC31CF0314700D25A99 /* custom */,
				6DC4FDC51CF0314700D25A99 /* extension */,
				6DC4FDC71CF0314700D25A99 /* NewslistViewController.swift */,
			);
			path = NewslistViewController;
			sourceTree = "<group>";
		};
		6DC4FDC31CF0314700D25A99 /* custom */ = {
			isa = PBXGroup;
			children = (
				6DC4FDC41CF0314700D25A99 /* NewBaseTableViewCell.swift */,
			);
			path = custom;
			sourceTree = "<group>";
		};
		6DC4FDC51CF0314700D25A99 /* extension */ = {
			isa = PBXGroup;
			children = (
				6DC4FDC61CF0314700D25A99 /* NewslistViewControllerExtension.swift */,
			);
			path = extension;
			sourceTree = "<group>";
		};
		6DC4FDD11CF031E000D25A99 /* ChannelManager */ = {
			isa = PBXGroup;
			children = (
				6DC4FDD21CF031E000D25A99 /* ChannelManager.swift */,
				6DC4FDD31CF031E000D25A99 /* HomeViewControllerChannelDataSource.swift */,
				6DC4FDD41CF031E000D25A99 /* KDRearrangeableCollectionViewFlowLayout.swift */,
			);
			path = ChannelManager;
			sourceTree = "<group>";
		};
		AE0FE5171CF2AB90007DA198 /* DetailAndCommitViewController */ = {
			isa = PBXGroup;
			children = (
				AE0FE5201CF2AC4E007DA198 /* Extension And Custom Classes */,
				AE0FE5181CF2AB90007DA198 /* CommitViewController */,
				AE0FE51B1CF2AB90007DA198 /* DetailViewController */,
				AE0FE51A1CF2AB90007DA198 /* DetailAndCommitViewController.swift */,
			);
			path = DetailAndCommitViewController;
			sourceTree = "<group>";
		};
		AE0FE5181CF2AB90007DA198 /* CommitViewController */ = {
			isa = PBXGroup;
			children = (
				AE0FE5191CF2AB90007DA198 /* CommitViewController.swift */,
			);
			path = CommitViewController;
			sourceTree = "<group>";
		};
		AE0FE51B1CF2AB90007DA198 /* DetailViewController */ = {
			isa = PBXGroup;
			children = (
				AE0FE51C1CF2AB90007DA198 /* DetailViewController.swift */,
			);
			path = DetailViewController;
			sourceTree = "<group>";
		};
		AE0FE5201CF2AC4E007DA198 /* Extension And Custom Classes */ = {
			isa = PBXGroup;
			children = (
				AE0FE5211CF2AC5D007DA198 /* DetailViewAndCommitViewControllerPopAnimatedTransitioning.swift */,
				AE0FE5231CF2AC97007DA198 /* DetailAndCommitViewControllerExtension.swift */,
			);
			path = "Extension And Custom Classes";
			sourceTree = "<group>";
		};
		AEBCAEE51CEC25AD00EBFC0A /* orm */ = {
			isa = PBXGroup;
			children = (
				AEBCAEE61CEC278500EBFC0A /* Objects */,
				AEBCAEE91CEC2AD100EBFC0A /* ObjectsUtils */,
			);
			path = orm;
			sourceTree = "<group>";
		};
		AEBCAEE61CEC278500EBFC0A /* Objects */ = {
			isa = PBXGroup;
			children = (
				AEC1D5BC1CED960100B1F00C /* New.swift */,
				AEBCAEE71CEC27A900EBFC0A /* Channel.swift */,
			);
			path = Objects;
			sourceTree = "<group>";
		};
		AEBCAEE91CEC2AD100EBFC0A /* ObjectsUtils */ = {
			isa = PBXGroup;
			children = (
				AEC1D5BE1CED9BBD00B1F00C /* NewsUtil.swift */,
				AEBCAEEA1CEC2ADB00EBFC0A /* ChannelUtil.swift */,
			);
			path = ObjectsUtils;
			sourceTree = "<group>";
		};
		AEBCAEF11CEC3F2C00EBFC0A /* Extension */ = {
			isa = PBXGroup;
			children = (
				AEBCAEF21CEC3F4300EBFC0A /* UIStoryBoard.swift */,
				AEC1D5C51CEDC34600B1F00C /* NSDateTimeAgo.bundle */,
				AEC1D5C31CEDC22700B1F00C /* DateExt.swift */,
				AE0FE5431CF301E8007DA198 /* UIImageExtension.swift */,
			);
			path = Extension;
			sourceTree = "<group>";
		};
		AEBCAEF41CEC415800EBFC0A /* CustomClass */ = {
			isa = PBXGroup;
			children = (
				AEBCAEF61CEC418200EBFC0A /* CircularButtonBarView.swift */,
				AEBCAEF91CEC419600EBFC0A /* CustomExtensionView.swift */,
				AEFB55141CF41407005FC23E /* Curly.swift */,
			);
			path = CustomClass;
			sourceTree = "<group>";
		};
		AEC09CC71CE9776800D5A5CC = {
			isa = PBXGroup;
			children = (
				AEC09CD21CE9776800D5A5CC /* Journalism */,
				AEC09CD11CE9776800D5A5CC /* Products */,
				E22FA4AEBCF95FF5F92FEF85 /* Pods */,
				B7552ACA73A8862EA1A3935E /* Frameworks */,
			);
			sourceTree = "<group>";
		};
		AEC09CD11CE9776800D5A5CC /* Products */ = {
			isa = PBXGroup;
			children = (
				AEC09CD01CE9776800D5A5CC /* Journalism.app */,
			);
			name = Products;
			sourceTree = "<group>";
		};
		AEC09CD21CE9776800D5A5CC /* Journalism */ = {
			isa = PBXGroup;
			children = (
				AEC09CE91CE98C3A00D5A5CC /* Resources */,
				6DC4FDB91CF0314700D25A99 /* ViewControllers */,
				AEC09CD31CE9776800D5A5CC /* AppDelegate.swift */,
				AEC09CD71CE9776800D5A5CC /* Main.storyboard */,
				AEC09CDA1CE9776800D5A5CC /* Assets.xcassets */,
				AEC09CDC1CE9776800D5A5CC /* LaunchScreen.storyboard */,
				AEC09CDF1CE9776800D5A5CC /* Info.plist */,
			);
			path = Journalism;
			sourceTree = "<group>";
		};
		AEC09CE91CE98C3A00D5A5CC /* Resources */ = {
			isa = PBXGroup;
			children = (
				AEBCAEF41CEC415800EBFC0A /* CustomClass */,
				AEBCAEF11CEC3F2C00EBFC0A /* Extension */,
				AEBCAEE51CEC25AD00EBFC0A /* orm */,
			);
			path = Resources;
			sourceTree = "<group>";
		};
		AEC9659F1CF5A4DF0053A88D /* custom */ = {
			isa = PBXGroup;
			children = (
				AEC965A01CF5A4EF0053A88D /* CustomView.swift */,
			);
			path = custom;
			sourceTree = "<group>";
		};
		AEC965A21CF5AC800053A88D /* UIViewController */ = {
			isa = PBXGroup;
			children = (
				AEC965A61CF5AFDD0053A88D /* AboutViewController */,
				AEC965A31CF5AC800053A88D /* SettingViewController */,
			);
			path = UIViewController;
			sourceTree = "<group>";
		};
		AEC965A31CF5AC800053A88D /* SettingViewController */ = {
			isa = PBXGroup;
			children = (
				AEC965A41CF5AC900053A88D /* UserSettingViewController.swift */,
			);
			path = SettingViewController;
			sourceTree = "<group>";
		};
		AEC965A61CF5AFDD0053A88D /* AboutViewController */ = {
			isa = PBXGroup;
			children = (
				AEC965A71CF5AFE70053A88D /* AboutViewController.swift */,
			);
			path = AboutViewController;
			sourceTree = "<group>";
		};
		AEFB55181CF462B3005FC23E /* UserCenterViewController */ = {
			isa = PBXGroup;
			children = (
				AEC965A21CF5AC800053A88D /* UIViewController */,
				AEC9659F1CF5A4DF0053A88D /* custom */,
				AEFB55191CF462CD005FC23E /* UserCenterViewController.swift */,
				AEC9659D1CF5A2E70053A88D /* User.storyboard */,
			);
			path = UserCenterViewController;
			sourceTree = "<group>";
		};
		B7552ACA73A8862EA1A3935E /* Frameworks */ = {
			isa = PBXGroup;
			children = (
				F68B44A9454D029CD2156A30 /* Pods_Journalism.framework */,
			);
			name = Frameworks;
			sourceTree = "<group>";
		};
		E22FA4AEBCF95FF5F92FEF85 /* Pods */ = {
			isa = PBXGroup;
			children = (
				159FDBAECFB9DE4E3ACF1E70 /* Pods-Journalism.debug.xcconfig */,
				81231C5CF554FB534D99E67C /* Pods-Journalism.release.xcconfig */,
			);
			name = Pods;
			sourceTree = "<group>";
		};
/* End PBXGroup section */

/* Begin PBXNativeTarget section */
		AEC09CCF1CE9776800D5A5CC /* Journalism */ = {
			isa = PBXNativeTarget;
			buildConfigurationList = AEC09CE21CE9776800D5A5CC /* Build configuration list for PBXNativeTarget "Journalism" */;
			buildPhases = (
				A719721B9EE1FA901D2A61FD /* 📦 Check Pods Manifest.lock */,
				AEC09CCC1CE9776800D5A5CC /* Sources */,
				AEC09CCD1CE9776800D5A5CC /* Frameworks */,
				AEC09CCE1CE9776800D5A5CC /* Resources */,
				310AA791E67EB643717754D4 /* 📦 Embed Pods Frameworks */,
				7873461FF2E4CF7A04C8BC60 /* 📦 Copy Pods Resources */,
			);
			buildRules = (
			);
			dependencies = (
			);
			name = Journalism;
			productName = Journalism;
			productReference = AEC09CD01CE9776800D5A5CC /* Journalism.app */;
			productType = "com.apple.product-type.application";
		};
/* End PBXNativeTarget section */

/* Begin PBXProject section */
		AEC09CC81CE9776800D5A5CC /* Project object */ = {
			isa = PBXProject;
			attributes = {
				LastSwiftUpdateCheck = 0730;
				LastUpgradeCheck = 0730;
				ORGANIZATIONNAME = aimobier;
				TargetAttributes = {
					AEC09CCF1CE9776800D5A5CC = {
						CreatedOnToolsVersion = 7.3;
						DevelopmentTeam = CAY8P2B9Z3;
					};
				};
			};
			buildConfigurationList = AEC09CCB1CE9776800D5A5CC /* Build configuration list for PBXProject "Journalism" */;
			compatibilityVersion = "Xcode 3.2";
			developmentRegion = English;
			hasScannedForEncodings = 0;
			knownRegions = (
				en,
				Base,
			);
			mainGroup = AEC09CC71CE9776800D5A5CC;
			productRefGroup = AEC09CD11CE9776800D5A5CC /* Products */;
			projectDirPath = "";
			projectRoot = "";
			targets = (
				AEC09CCF1CE9776800D5A5CC /* Journalism */,
			);
		};
/* End PBXProject section */

/* Begin PBXResourcesBuildPhase section */
		AEC09CCE1CE9776800D5A5CC /* Resources */ = {
			isa = PBXResourcesBuildPhase;
			buildActionMask = 2147483647;
			files = (
				AEC09CDE1CE9776800D5A5CC /* LaunchScreen.storyboard in Resources */,
				AEC9659E1CF5A2E70053A88D /* User.storyboard in Resources */,
				AEC1D5C61CEDC34600B1F00C /* NSDateTimeAgo.bundle in Resources */,
				AEC09CDB1CE9776800D5A5CC /* Assets.xcassets in Resources */,
				AEC09CD91CE9776800D5A5CC /* Main.storyboard in Resources */,
			);
			runOnlyForDeploymentPostprocessing = 0;
		};
/* End PBXResourcesBuildPhase section */

/* Begin PBXShellScriptBuildPhase section */
		310AA791E67EB643717754D4 /* 📦 Embed Pods Frameworks */ = {
			isa = PBXShellScriptBuildPhase;
			buildActionMask = 2147483647;
			files = (
			);
			inputPaths = (
			);
			name = "📦 Embed Pods Frameworks";
			outputPaths = (
			);
			runOnlyForDeploymentPostprocessing = 0;
			shellPath = /bin/sh;
			shellScript = "\"${SRCROOT}/Pods/Target Support Files/Pods-Journalism/Pods-Journalism-frameworks.sh\"\n";
			showEnvVarsInLog = 0;
		};
		7873461FF2E4CF7A04C8BC60 /* 📦 Copy Pods Resources */ = {
			isa = PBXShellScriptBuildPhase;
			buildActionMask = 2147483647;
			files = (
			);
			inputPaths = (
			);
			name = "📦 Copy Pods Resources";
			outputPaths = (
			);
			runOnlyForDeploymentPostprocessing = 0;
			shellPath = /bin/sh;
			shellScript = "\"${SRCROOT}/Pods/Target Support Files/Pods-Journalism/Pods-Journalism-resources.sh\"\n";
			showEnvVarsInLog = 0;
		};
		A719721B9EE1FA901D2A61FD /* 📦 Check Pods Manifest.lock */ = {
			isa = PBXShellScriptBuildPhase;
			buildActionMask = 2147483647;
			files = (
			);
			inputPaths = (
			);
			name = "📦 Check Pods Manifest.lock";
			outputPaths = (
			);
			runOnlyForDeploymentPostprocessing = 0;
			shellPath = /bin/sh;
			shellScript = "diff \"${PODS_ROOT}/../Podfile.lock\" \"${PODS_ROOT}/Manifest.lock\" > /dev/null\nif [[ $? != 0 ]] ; then\n    cat << EOM\nerror: The sandbox is not in sync with the Podfile.lock. Run 'pod install' or update your CocoaPods installation.\nEOM\n    exit 1\nfi\n";
			showEnvVarsInLog = 0;
		};
/* End PBXShellScriptBuildPhase section */

/* Begin PBXSourcesBuildPhase section */
		AEC09CCC1CE9776800D5A5CC /* Sources */ = {
			isa = PBXSourcesBuildPhase;
			buildActionMask = 2147483647;
			files = (
				6DC4FDD61CF031E000D25A99 /* HomeViewControllerChannelDataSource.swift in Sources */,
				AE0FE5221CF2AC5D007DA198 /* DetailViewAndCommitViewControllerPopAnimatedTransitioning.swift in Sources */,
				AE0FE5441CF301E8007DA198 /* UIImageExtension.swift in Sources */,
				6DC4FDCF1CF0314700D25A99 /* NewslistViewController.swift in Sources */,
				AEC1D5BD1CED960100B1F00C /* New.swift in Sources */,
				AEFB55151CF41407005FC23E /* Curly.swift in Sources */,
				AEC965A51CF5AC900053A88D /* UserSettingViewController.swift in Sources */,
				AEC1D5BF1CED9BBD00B1F00C /* NewsUtil.swift in Sources */,
				AEBCAEE81CEC27A900EBFC0A /* Channel.swift in Sources */,
				6DC4FDCE1CF0314700D25A99 /* NewslistViewControllerExtension.swift in Sources */,
				6DC4FDCC1CF0314700D25A99 /* HomeViewController.swift in Sources */,
				AE0FE51F1CF2AB90007DA198 /* DetailViewController.swift in Sources */,
				AEBCAEF31CEC3F4300EBFC0A /* UIStoryBoard.swift in Sources */,
				AE0FE5241CF2AC97007DA198 /* DetailAndCommitViewControllerExtension.swift in Sources */,
				AEC09CD41CE9776800D5A5CC /* AppDelegate.swift in Sources */,
				AEBCAEEB1CEC2ADB00EBFC0A /* ChannelUtil.swift in Sources */,
				AEBCAEFA1CEC419600EBFC0A /* CustomExtensionView.swift in Sources */,
				6DC4FDCB1CF0314700D25A99 /* HomeViewControllerExtension.swift in Sources */,
				AEFB55171CF41F10005FC23E /* NotLikeExtension.swift in Sources */,
				6DC4FDD51CF031E000D25A99 /* ChannelManager.swift in Sources */,
				AEBCAEF81CEC418200EBFC0A /* CircularButtonBarView.swift in Sources */,
				AE0FE51E1CF2AB90007DA198 /* DetailAndCommitViewController.swift in Sources */,
				AEC965A11CF5A4EF0053A88D /* CustomView.swift in Sources */,
				AEC1D5C41CEDC22700B1F00C /* DateExt.swift in Sources */,
				AEFB551A1CF462CD005FC23E /* UserCenterViewController.swift in Sources */,
				AE0FE51D1CF2AB90007DA198 /* CommitViewController.swift in Sources */,
				AEC965A81CF5AFE70053A88D /* AboutViewController.swift in Sources */,
				6DC4FDD71CF031E000D25A99 /* KDRearrangeableCollectionViewFlowLayout.swift in Sources */,
				6DC4FDCD1CF0314700D25A99 /* NewBaseTableViewCell.swift in Sources */,
			);
			runOnlyForDeploymentPostprocessing = 0;
		};
/* End PBXSourcesBuildPhase section */

/* Begin PBXVariantGroup section */
		AEC09CD71CE9776800D5A5CC /* Main.storyboard */ = {
			isa = PBXVariantGroup;
			children = (
				AEC09CD81CE9776800D5A5CC /* Base */,
			);
			name = Main.storyboard;
			sourceTree = "<group>";
		};
		AEC09CDC1CE9776800D5A5CC /* LaunchScreen.storyboard */ = {
			isa = PBXVariantGroup;
			children = (
				AEC09CDD1CE9776800D5A5CC /* Base */,
			);
			name = LaunchScreen.storyboard;
			sourceTree = "<group>";
		};
/* End PBXVariantGroup section */

/* Begin XCBuildConfiguration section */
		AEC09CE01CE9776800D5A5CC /* Debug */ = {
			isa = XCBuildConfiguration;
			buildSettings = {
				ALWAYS_SEARCH_USER_PATHS = NO;
				CLANG_ANALYZER_NONNULL = YES;
				CLANG_CXX_LANGUAGE_STANDARD = "gnu++0x";
				CLANG_CXX_LIBRARY = "libc++";
				CLANG_ENABLE_MODULES = YES;
				CLANG_ENABLE_OBJC_ARC = YES;
				CLANG_WARN_BOOL_CONVERSION = YES;
				CLANG_WARN_CONSTANT_CONVERSION = YES;
				CLANG_WARN_DIRECT_OBJC_ISA_USAGE = YES_ERROR;
				CLANG_WARN_EMPTY_BODY = YES;
				CLANG_WARN_ENUM_CONVERSION = YES;
				CLANG_WARN_INT_CONVERSION = YES;
				CLANG_WARN_OBJC_ROOT_CLASS = YES_ERROR;
				CLANG_WARN_UNREACHABLE_CODE = YES;
				CLANG_WARN__DUPLICATE_METHOD_MATCH = YES;
				"CODE_SIGN_IDENTITY[sdk=iphoneos*]" = "iPhone Developer";
				COPY_PHASE_STRIP = NO;
				DEBUG_INFORMATION_FORMAT = dwarf;
				ENABLE_STRICT_OBJC_MSGSEND = YES;
				ENABLE_TESTABILITY = YES;
				GCC_C_LANGUAGE_STANDARD = gnu99;
				GCC_DYNAMIC_NO_PIC = NO;
				GCC_NO_COMMON_BLOCKS = YES;
				GCC_OPTIMIZATION_LEVEL = 0;
				GCC_PREPROCESSOR_DEFINITIONS = (
					"DEBUG=1",
					"$(inherited)",
				);
				GCC_WARN_64_TO_32_BIT_CONVERSION = YES;
				GCC_WARN_ABOUT_RETURN_TYPE = YES_ERROR;
				GCC_WARN_UNDECLARED_SELECTOR = YES;
				GCC_WARN_UNINITIALIZED_AUTOS = YES_AGGRESSIVE;
				GCC_WARN_UNUSED_FUNCTION = YES;
				GCC_WARN_UNUSED_VARIABLE = YES;
				IPHONEOS_DEPLOYMENT_TARGET = 9.3;
				MTL_ENABLE_DEBUG_INFO = YES;
				ONLY_ACTIVE_ARCH = YES;
				SDKROOT = iphoneos;
				SWIFT_OPTIMIZATION_LEVEL = "-Onone";
				TARGETED_DEVICE_FAMILY = "1,2";
			};
			name = Debug;
		};
		AEC09CE11CE9776800D5A5CC /* Release */ = {
			isa = XCBuildConfiguration;
			buildSettings = {
				ALWAYS_SEARCH_USER_PATHS = NO;
				CLANG_ANALYZER_NONNULL = YES;
				CLANG_CXX_LANGUAGE_STANDARD = "gnu++0x";
				CLANG_CXX_LIBRARY = "libc++";
				CLANG_ENABLE_MODULES = YES;
				CLANG_ENABLE_OBJC_ARC = YES;
				CLANG_WARN_BOOL_CONVERSION = YES;
				CLANG_WARN_CONSTANT_CONVERSION = YES;
				CLANG_WARN_DIRECT_OBJC_ISA_USAGE = YES_ERROR;
				CLANG_WARN_EMPTY_BODY = YES;
				CLANG_WARN_ENUM_CONVERSION = YES;
				CLANG_WARN_INT_CONVERSION = YES;
				CLANG_WARN_OBJC_ROOT_CLASS = YES_ERROR;
				CLANG_WARN_UNREACHABLE_CODE = YES;
				CLANG_WARN__DUPLICATE_METHOD_MATCH = YES;
				"CODE_SIGN_IDENTITY[sdk=iphoneos*]" = "iPhone Developer";
				COPY_PHASE_STRIP = NO;
				DEBUG_INFORMATION_FORMAT = "dwarf-with-dsym";
				ENABLE_NS_ASSERTIONS = NO;
				ENABLE_STRICT_OBJC_MSGSEND = YES;
				GCC_C_LANGUAGE_STANDARD = gnu99;
				GCC_NO_COMMON_BLOCKS = YES;
				GCC_WARN_64_TO_32_BIT_CONVERSION = YES;
				GCC_WARN_ABOUT_RETURN_TYPE = YES_ERROR;
				GCC_WARN_UNDECLARED_SELECTOR = YES;
				GCC_WARN_UNINITIALIZED_AUTOS = YES_AGGRESSIVE;
				GCC_WARN_UNUSED_FUNCTION = YES;
				GCC_WARN_UNUSED_VARIABLE = YES;
				IPHONEOS_DEPLOYMENT_TARGET = 9.3;
				MTL_ENABLE_DEBUG_INFO = NO;
				SDKROOT = iphoneos;
				TARGETED_DEVICE_FAMILY = "1,2";
				VALIDATE_PRODUCT = YES;
			};
			name = Release;
		};
		AEC09CE31CE9776800D5A5CC /* Debug */ = {
			isa = XCBuildConfiguration;
			baseConfigurationReference = 159FDBAECFB9DE4E3ACF1E70 /* Pods-Journalism.debug.xcconfig */;
			buildSettings = {
				ASSETCATALOG_COMPILER_APPICON_NAME = AppIcon;
				CODE_SIGN_IDENTITY = "iPhone Developer";
				"CODE_SIGN_IDENTITY[sdk=iphoneos*]" = "iPhone Developer";
				INFOPLIST_FILE = Journalism/Info.plist;
				IPHONEOS_DEPLOYMENT_TARGET = 8.0;
				LD_RUNPATH_SEARCH_PATHS = "$(inherited) @executable_path/Frameworks";
				PRODUCT_BUNDLE_IDENTIFIER = com.yktx.Sokme;
				PRODUCT_NAME = "$(TARGET_NAME)";
				PROVISIONING_PROFILE = "";
			};
			name = Debug;
		};
		AEC09CE41CE9776800D5A5CC /* Release */ = {
			isa = XCBuildConfiguration;
			baseConfigurationReference = 81231C5CF554FB534D99E67C /* Pods-Journalism.release.xcconfig */;
			buildSettings = {
				ASSETCATALOG_COMPILER_APPICON_NAME = AppIcon;
				CODE_SIGN_IDENTITY = "iPhone Developer";
				"CODE_SIGN_IDENTITY[sdk=iphoneos*]" = "iPhone Developer";
				INFOPLIST_FILE = Journalism/Info.plist;
				IPHONEOS_DEPLOYMENT_TARGET = 8.0;
				LD_RUNPATH_SEARCH_PATHS = "$(inherited) @executable_path/Frameworks";
				PRODUCT_BUNDLE_IDENTIFIER = com.yktx.Sokme;
				PRODUCT_NAME = "$(TARGET_NAME)";
				PROVISIONING_PROFILE = "";
			};
			name = Release;
		};
/* End XCBuildConfiguration section */

/* Begin XCConfigurationList section */
		AEC09CCB1CE9776800D5A5CC /* Build configuration list for PBXProject "Journalism" */ = {
			isa = XCConfigurationList;
			buildConfigurations = (
				AEC09CE01CE9776800D5A5CC /* Debug */,
				AEC09CE11CE9776800D5A5CC /* Release */,
			);
			defaultConfigurationIsVisible = 0;
			defaultConfigurationName = Release;
		};
		AEC09CE21CE9776800D5A5CC /* Build configuration list for PBXNativeTarget "Journalism" */ = {
			isa = XCConfigurationList;
			buildConfigurations = (
				AEC09CE31CE9776800D5A5CC /* Debug */,
				AEC09CE41CE9776800D5A5CC /* Release */,
			);
			defaultConfigurationIsVisible = 0;
			defaultConfigurationName = Release;
		};
/* End XCConfigurationList section */
	};
	rootObject = AEC09CC81CE9776800D5A5CC /* Project object */;
}
