// !$*UTF8*$!
{
	archiveVersion = 1;
	classes = {
	};
	objectVersion = 46;
	objects = {

/* Begin PBXBuildFile section */
		6DC4FDCB1CF0314700D25A99 /* HomeViewControllerExtension.swift in Sources */ = {isa = PBXBuildFile; fileRef = 6DC4FDC01CF0314700D25A99 /* HomeViewControllerExtension.swift */; };
		6DC4FDCC1CF0314700D25A99 /* HomeViewController.swift in Sources */ = {isa = PBXBuildFile; fileRef = 6DC4FDC11CF0314700D25A99 /* HomeViewController.swift */; };
		6DC4FDCD1CF0314700D25A99 /* NewBaseTableViewCell.swift in Sources */ = {isa = PBXBuildFile; fileRef = 6DC4FDC41CF0314700D25A99 /* NewBaseTableViewCell.swift */; };
		6DC4FDCE1CF0314700D25A99 /* NewListExtension.swift in Sources */ = {isa = PBXBuildFile; fileRef = 6DC4FDC61CF0314700D25A99 /* NewListExtension.swift */; };
		6DC4FDCF1CF0314700D25A99 /* NewslistViewController.swift in Sources */ = {isa = PBXBuildFile; fileRef = 6DC4FDC71CF0314700D25A99 /* NewslistViewController.swift */; };
		6DC4FDD51CF031E000D25A99 /* ChannelManager.swift in Sources */ = {isa = PBXBuildFile; fileRef = 6DC4FDD21CF031E000D25A99 /* ChannelManager.swift */; };
		6DC4FDD61CF031E000D25A99 /* HomeViewControllerChannelDataSource.swift in Sources */ = {isa = PBXBuildFile; fileRef = 6DC4FDD31CF031E000D25A99 /* HomeViewControllerChannelDataSource.swift */; };
		6DC4FDD71CF031E000D25A99 /* KDRearrangeableCollectionViewFlowLayout.swift in Sources */ = {isa = PBXBuildFile; fileRef = 6DC4FDD41CF031E000D25A99 /* KDRearrangeableCollectionViewFlowLayout.swift */; };
		994B705F63994332F79B2AA5 /* Pods_Journalism.framework in Frameworks */ = {isa = PBXBuildFile; fileRef = F68B44A9454D029CD2156A30 /* Pods_Journalism.framework */; };
		AE043BAF1D40CDFA0090DD15 /* Focus.swift in Sources */ = {isa = PBXBuildFile; fileRef = AE043BAE1D40CDFA0090DD15 /* Focus.swift */; };
		AE0A837B1D128D7A00331134 /* UserView.swift in Sources */ = {isa = PBXBuildFile; fileRef = AE0A837A1D128D7A00331134 /* UserView.swift */; };
		AE0A896A1D24D87200C85B27 /* SLDataSource.swift in Sources */ = {isa = PBXBuildFile; fileRef = AE0A89671D24D87200C85B27 /* SLDataSource.swift */; };
		AE0A896B1D24D87200C85B27 /* SLTransition.swift in Sources */ = {isa = PBXBuildFile; fileRef = AE0A89681D24D87200C85B27 /* SLTransition.swift */; };
		AE0A896C1D24D87200C85B27 /* SearchListViewController.swift in Sources */ = {isa = PBXBuildFile; fileRef = AE0A89691D24D87200C85B27 /* SearchListViewController.swift */; };
		AE0FE5441CF301E8007DA198 /* UIImageExtension.swift in Sources */ = {isa = PBXBuildFile; fileRef = AE0FE5431CF301E8007DA198 /* UIImageExtension.swift */; };
		AE1C1EFF1D34DC2900E8044E /* FocusViewController.swift in Sources */ = {isa = PBXBuildFile; fileRef = AE1C1EFE1D34DC2900E8044E /* FocusViewController.swift */; };
		AE1FD7DB1D4F0D5E001C4701 /* NoFocusView.swift in Sources */ = {isa = PBXBuildFile; fileRef = AE1FD7DA1D4F0D5E001C4701 /* NoFocusView.swift */; };
		AE2968301CF69D4400D2782D /* PrivacyViewController.swift in Sources */ = {isa = PBXBuildFile; fileRef = AE29682F1CF69D4400D2782D /* PrivacyViewController.swift */; };
		AE2968321CF69DFB00D2782D /* Privacy.html in Resources */ = {isa = PBXBuildFile; fileRef = AE2968311CF69DFB00D2782D /* Privacy.html */; };
		AE2968341CF6AA3B00D2782D /* CustomTransitioning.swift in Sources */ = {isa = PBXBuildFile; fileRef = AE2968331CF6AA3B00D2782D /* CustomTransitioning.swift */; };
		AE37BD8D1D38A46400BF9C89 /* FCustomCell.swift in Sources */ = {isa = PBXBuildFile; fileRef = AE37BD8C1D38A46400BF9C89 /* FCustomCell.swift */; };
		AE6657281D42050000068841 /* FocusExt.swift in Sources */ = {isa = PBXBuildFile; fileRef = AE6657271D42050000068841 /* FocusExt.swift */; };
		AE7C51A41D0D6893005E6A5A /* SearchViewController.swift in Sources */ = {isa = PBXBuildFile; fileRef = AE7C51A31D0D6893005E6A5A /* SearchViewController.swift */; };
		AE87BDED1D3E01130010A0A7 /* FocusHeaderView.swift in Sources */ = {isa = PBXBuildFile; fileRef = AE87BDEC1D3E01130010A0A7 /* FocusHeaderView.swift */; };
		AE87BDEF1D3E01300010A0A7 /* FoucsDataSource.swift in Sources */ = {isa = PBXBuildFile; fileRef = AE87BDEE1D3E01300010A0A7 /* FoucsDataSource.swift */; };
		AE87BDF11D3E133D0010A0A7 /* FoucsShareExt.swift in Sources */ = {isa = PBXBuildFile; fileRef = AE87BDF01D3E133D0010A0A7 /* FoucsShareExt.swift */; };
		AE87BDF31D3E15F90010A0A7 /* headerCell.swift in Sources */ = {isa = PBXBuildFile; fileRef = AE87BDF21D3E15F90010A0A7 /* headerCell.swift */; };
		AE87BDF51D3E1EE90010A0A7 /* FocusExtenisonTran.swift in Sources */ = {isa = PBXBuildFile; fileRef = AE87BDF41D3E1EE90010A0A7 /* FocusExtenisonTran.swift */; };
		AEA103511D056FAD0086968B /* About.swift in Sources */ = {isa = PBXBuildFile; fileRef = AEA103501D056FAD0086968B /* About.swift */; };
		AEA103531D0571F80086968B /* AboutUtil.swift in Sources */ = {isa = PBXBuildFile; fileRef = AEA103521D0571F80086968B /* AboutUtil.swift */; };
		AEA1D0CA1D1BA7AB007AD1E5 /* CustomNSURLCache.swift in Sources */ = {isa = PBXBuildFile; fileRef = AEA1D0C91D1BA7AB007AD1E5 /* CustomNSURLCache.swift */; };
		AEA573FB1D0FAAFA00C9F45C /* UIColorExtension.swift in Sources */ = {isa = PBXBuildFile; fileRef = AEA573FA1D0FAAFA00C9F45C /* UIColorExtension.swift */; };
		AEA762F31D3C803200A07FA3 /* QiDianViewController.swift in Sources */ = {isa = PBXBuildFile; fileRef = AEA762F21D3C803200A07FA3 /* QiDianViewController.swift */; };
		AEA762F91D3C83C500A07FA3 /* QiDianExtension.swift in Sources */ = {isa = PBXBuildFile; fileRef = AEA762F81D3C83C500A07FA3 /* QiDianExtension.swift */; };
		AEA762FB1D3C83E300A07FA3 /* QiDianCell.swift in Sources */ = {isa = PBXBuildFile; fileRef = AEA762FA1D3C83E300A07FA3 /* QiDianCell.swift */; };
		AEA762FD1D3C862800A07FA3 /* QiDianDataSource.swift in Sources */ = {isa = PBXBuildFile; fileRef = AEA762FC1D3C862800A07FA3 /* QiDianDataSource.swift */; };
		AEA762FF1D3C87ED00A07FA3 /* ShareView.swift in Sources */ = {isa = PBXBuildFile; fileRef = AEA762FE1D3C87ED00A07FA3 /* ShareView.swift */; };
		AEA763031D3CE93B00A07FA3 /* CBFimage.js in Resources */ = {isa = PBXBuildFile; fileRef = AEA763021D3CE93B00A07FA3 /* CBFimage.js */; };
		AEAC3B151D11077D00A292F4 /* UserCenterExtension.swift in Sources */ = {isa = PBXBuildFile; fileRef = AEAC3B141D11077D00A292F4 /* UserCenterExtension.swift */; };
		AEAC3B171D11220500A292F4 /* LoginViewController.swift in Sources */ = {isa = PBXBuildFile; fileRef = AEAC3B161D11220500A292F4 /* LoginViewController.swift */; };
		AEAC3B1A1D1132AA00A292F4 /* WaitLoadProtcol.swift in Sources */ = {isa = PBXBuildFile; fileRef = AEAC3B191D1132AA00A292F4 /* WaitLoadProtcol.swift */; };
		AEAC3B1C1D1132BC00A292F4 /* WaitView.swift in Sources */ = {isa = PBXBuildFile; fileRef = AEAC3B1B1D1132BC00A292F4 /* WaitView.swift */; };
		AEAC3B1E1D11330000A292F4 /* NoInterestView.swift in Sources */ = {isa = PBXBuildFile; fileRef = AEAC3B1D1D11330000A292F4 /* NoInterestView.swift */; };
		AEAEEBD71CF81FA300E8DF08 /* VisitorViewController.swift in Sources */ = {isa = PBXBuildFile; fileRef = AEAEEBD61CF81FA300E8DF08 /* VisitorViewController.swift */; };
		AEAEEBD91CF827A700E8DF08 /* User.swift in Sources */ = {isa = PBXBuildFile; fileRef = AEAEEBD81CF827A700E8DF08 /* User.swift */; };
		AEAF09DE1D24C24F00AFFCF6 /* HotSearch.swift in Sources */ = {isa = PBXBuildFile; fileRef = AEAF09DD1D24C24F00AFFCF6 /* HotSearch.swift */; };
		AEAF09E61D24C68300AFFCF6 /* SKTag.m in Sources */ = {isa = PBXBuildFile; fileRef = AEAF09E11D24C68300AFFCF6 /* SKTag.m */; };
		AEAF09E71D24C68300AFFCF6 /* SKTagButton.m in Sources */ = {isa = PBXBuildFile; fileRef = AEAF09E31D24C68300AFFCF6 /* SKTagButton.m */; };
		AEAF09E81D24C68300AFFCF6 /* SKTagView.m in Sources */ = {isa = PBXBuildFile; fileRef = AEAF09E51D24C68300AFFCF6 /* SKTagView.m */; };
		AEB8E9D71CFBE35900A105C4 /* SplitManagerViewController.swift in Sources */ = {isa = PBXBuildFile; fileRef = AEB8E9D61CFBE35900A105C4 /* SplitManagerViewController.swift */; };
		AEB8E9D91CFBF42100A105C4 /* NewContent.swift in Sources */ = {isa = PBXBuildFile; fileRef = AEB8E9D81CFBF42100A105C4 /* NewContent.swift */; };
		AEB8E9DB1CFBF53300A105C4 /* NewContentUtil.swift in Sources */ = {isa = PBXBuildFile; fileRef = AEB8E9DA1CFBF53300A105C4 /* NewContentUtil.swift */; };
		AEBCAEE81CEC27A900EBFC0A /* Channel.swift in Sources */ = {isa = PBXBuildFile; fileRef = AEBCAEE71CEC27A900EBFC0A /* Channel.swift */; };
		AEBCAEEB1CEC2ADB00EBFC0A /* ChannelUtil.swift in Sources */ = {isa = PBXBuildFile; fileRef = AEBCAEEA1CEC2ADB00EBFC0A /* ChannelUtil.swift */; };
		AEBCAEF31CEC3F4300EBFC0A /* UIStoryBoard.swift in Sources */ = {isa = PBXBuildFile; fileRef = AEBCAEF21CEC3F4300EBFC0A /* UIStoryBoard.swift */; };
		AEBCAEF81CEC418200EBFC0A /* CircularButtonBarView.swift in Sources */ = {isa = PBXBuildFile; fileRef = AEBCAEF61CEC418200EBFC0A /* CircularButtonBarView.swift */; };
		AEBCAEFA1CEC419600EBFC0A /* CustomExtensionView.swift in Sources */ = {isa = PBXBuildFile; fileRef = AEBCAEF91CEC419600EBFC0A /* CustomExtensionView.swift */; };
		AEBEAA921D1A35EB004D3178 /* UserCommentViewController.swift in Sources */ = {isa = PBXBuildFile; fileRef = AEBEAA911D1A35EB004D3178 /* UserCommentViewController.swift */; };
		AEBEAA951D1A3F5B004D3178 /* MessageViewController.swift in Sources */ = {isa = PBXBuildFile; fileRef = AEBEAA941D1A3F5B004D3178 /* MessageViewController.swift */; };
		AEBEAA981D1A417E004D3178 /* UserCollectionViewController.swift in Sources */ = {isa = PBXBuildFile; fileRef = AEBEAA971D1A417E004D3178 /* UserCollectionViewController.swift */; };
		AEBEAA9A1D1A46F2004D3178 /* CollExtension.swift in Sources */ = {isa = PBXBuildFile; fileRef = AEBEAA991D1A46F2004D3178 /* CollExtension.swift */; };
		AEC09CD41CE9776800D5A5CC /* AppDelegate.swift in Sources */ = {isa = PBXBuildFile; fileRef = AEC09CD31CE9776800D5A5CC /* AppDelegate.swift */; };
		AEC09CD91CE9776800D5A5CC /* Main.storyboard in Resources */ = {isa = PBXBuildFile; fileRef = AEC09CD71CE9776800D5A5CC /* Main.storyboard */; };
		AEC09CDB1CE9776800D5A5CC /* Assets.xcassets in Resources */ = {isa = PBXBuildFile; fileRef = AEC09CDA1CE9776800D5A5CC /* Assets.xcassets */; };
		AEC09CDE1CE9776800D5A5CC /* LaunchScreen.storyboard in Resources */ = {isa = PBXBuildFile; fileRef = AEC09CDC1CE9776800D5A5CC /* LaunchScreen.storyboard */; };
		AEC1D5BD1CED960100B1F00C /* New.swift in Sources */ = {isa = PBXBuildFile; fileRef = AEC1D5BC1CED960100B1F00C /* New.swift */; };
		AEC1D5BF1CED9BBD00B1F00C /* NewsUtil.swift in Sources */ = {isa = PBXBuildFile; fileRef = AEC1D5BE1CED9BBD00B1F00C /* NewsUtil.swift */; };
		AEC1D5C41CEDC22700B1F00C /* DateExt.swift in Sources */ = {isa = PBXBuildFile; fileRef = AEC1D5C31CEDC22700B1F00C /* DateExt.swift */; };
		AEC1D5C61CEDC34600B1F00C /* NSDateTimeAgo.bundle in Resources */ = {isa = PBXBuildFile; fileRef = AEC1D5C51CEDC34600B1F00C /* NSDateTimeAgo.bundle */; };
		AEC47B021CFFF39D0055936D /* NewListDataSource.swift in Sources */ = {isa = PBXBuildFile; fileRef = AEC47B011CFFF39D0055936D /* NewListDataSource.swift */; };
		AEC47B261D0032E20055936D /* CommitViewController.swift in Sources */ = {isa = PBXBuildFile; fileRef = AEC47B081D0032E20055936D /* CommitViewController.swift */; };
		AEC47B271D0032E20055936D /* CommetnstableViewCell.swift in Sources */ = {isa = PBXBuildFile; fileRef = AEC47B0A1D0032E20055936D /* CommetnstableViewCell.swift */; };
		AEC47B281D0032E20055936D /* CommDataSource.swift in Sources */ = {isa = PBXBuildFile; fileRef = AEC47B0C1D0032E20055936D /* CommDataSource.swift */; };
		AEC47B291D0032E20055936D /* CommExtension.swift in Sources */ = {isa = PBXBuildFile; fileRef = AEC47B0D1D0032E20055936D /* CommExtension.swift */; };
		AEC47B2E1D0032E20055936D /* BorderView.swift in Sources */ = {isa = PBXBuildFile; fileRef = AEC47B171D0032E20055936D /* BorderView.swift */; };
		AEC47B2F1D0032E20055936D /* CustomTableViewCell.swift in Sources */ = {isa = PBXBuildFile; fileRef = AEC47B181D0032E20055936D /* CustomTableViewCell.swift */; };
		AEC47B301D0032E20055936D /* DetailViewController.swift in Sources */ = {isa = PBXBuildFile; fileRef = AEC47B191D0032E20055936D /* DetailViewController.swift */; };
		AEC47B321D0032E20055936D /* WebViewExtenion.swift in Sources */ = {isa = PBXBuildFile; fileRef = AEC47B1C1D0032E20055936D /* WebViewExtenion.swift */; };
		AEC47B351D0032E20055936D /* content_template.html in Resources */ = {isa = PBXBuildFile; fileRef = AEC47B201D0032E20055936D /* content_template.html */; };
		AEC47B3F1D00334A0055936D /* PopAnimatedTransitioning.swift in Sources */ = {isa = PBXBuildFile; fileRef = AEC47B3C1D00334A0055936D /* PopAnimatedTransitioning.swift */; };
		AEC47B401D00334A0055936D /* DetailAndCommitExtension.swift in Sources */ = {isa = PBXBuildFile; fileRef = AEC47B3E1D00334A0055936D /* DetailAndCommitExtension.swift */; };
		AEC47B421D0033610055936D /* DetailAndCommitViewController.swift in Sources */ = {isa = PBXBuildFile; fileRef = AEC47B411D0033610055936D /* DetailAndCommitViewController.swift */; };
		AEC47B441D0033A60055936D /* ShareExtension.swift in Sources */ = {isa = PBXBuildFile; fileRef = AEC47B431D0033A60055936D /* ShareExtension.swift */; };
		AEC47B481D0037A50055936D /* InputExtension.swift in Sources */ = {isa = PBXBuildFile; fileRef = AEC47B471D0037A50055936D /* InputExtension.swift */; };
		AEC47B4A1D0037CD0055936D /* CommentButton.swift in Sources */ = {isa = PBXBuildFile; fileRef = AEC47B491D0037CD0055936D /* CommentButton.swift */; };
		AEC489B71D0FF140009D81F6 /* AppdelegateExtension.swift in Sources */ = {isa = PBXBuildFile; fileRef = AEC489B61D0FF140009D81F6 /* AppdelegateExtension.swift */; };
		AEC722691D239CFD004D4AA4 /* SKPhotoBrowser.bundle in Resources */ = {isa = PBXBuildFile; fileRef = AEC722681D239CFD004D4AA4 /* SKPhotoBrowser.bundle */; };
		AEC7226B1D23AAAF004D4AA4 /* SearchTableViewCell.swift in Sources */ = {isa = PBXBuildFile; fileRef = AEC7226A1D23AAAF004D4AA4 /* SearchTableViewCell.swift */; };
		AEC7226E1D23ABB4004D4AA4 /* SearchDataSource.swift in Sources */ = {isa = PBXBuildFile; fileRef = AEC7226D1D23ABB4004D4AA4 /* SearchDataSource.swift */; };
		AEC722701D23B02E004D4AA4 /* SearchHistory.swift in Sources */ = {isa = PBXBuildFile; fileRef = AEC7226F1D23B02E004D4AA4 /* SearchHistory.swift */; };
		AEC89F251D2380F7002CEC6C /* SearchTransition.swift in Sources */ = {isa = PBXBuildFile; fileRef = AEC89F241D2380F7002CEC6C /* SearchTransition.swift */; };
		AEC9659E1CF5A2E70053A88D /* User.storyboard in Resources */ = {isa = PBXBuildFile; fileRef = AEC9659D1CF5A2E70053A88D /* User.storyboard */; };
		AEC965A11CF5A4EF0053A88D /* CustomView.swift in Sources */ = {isa = PBXBuildFile; fileRef = AEC965A01CF5A4EF0053A88D /* CustomView.swift */; };
		AEC965A51CF5AC900053A88D /* UserSettingViewController.swift in Sources */ = {isa = PBXBuildFile; fileRef = AEC965A41CF5AC900053A88D /* UserSettingViewController.swift */; };
		AEC965A81CF5AFE70053A88D /* AboutViewController.swift in Sources */ = {isa = PBXBuildFile; fileRef = AEC965A71CF5AFE70053A88D /* AboutViewController.swift */; };
		AEDDCEF91D100FDB00498D47 /* UTIL.swift in Sources */ = {isa = PBXBuildFile; fileRef = AEDDCEF81D100FDB00498D47 /* UTIL.swift */; };
		AEDECF291D0D11D100CDCE2B /* DataSourceExtension.swift in Sources */ = {isa = PBXBuildFile; fileRef = AEDECF281D0D11D100CDCE2B /* DataSourceExtension.swift */; };
		AEDECF2B1D0D19A700CDCE2B /* CopyLabel.swift in Sources */ = {isa = PBXBuildFile; fileRef = AEDECF2A1D0D19A700CDCE2B /* CopyLabel.swift */; };
		AEDECF4D1D0D29B200CDCE2B /* GDWebViewController.swift in Sources */ = {isa = PBXBuildFile; fileRef = AEDECF4B1D0D29B200CDCE2B /* GDWebViewController.swift */; };
		AEDECF4E1D0D29B200CDCE2B /* GDWebViewNavigationToolbar.swift in Sources */ = {isa = PBXBuildFile; fileRef = AEDECF4C1D0D29B200CDCE2B /* GDWebViewNavigationToolbar.swift */; };
		AEE2FC0D1D22311400546E6B /* XCache.swift in Sources */ = {isa = PBXBuildFile; fileRef = AEE2FC0C1D22311400546E6B /* XCache.swift */; };
		AEE3B5141D17A187008BC0EA /* bootstrap.min.css in Resources */ = {isa = PBXBuildFile; fileRef = AEE3B50D1D17A187008BC0EA /* bootstrap.min.css */; };
		AEE3B5151D17A187008BC0EA /* content.css in Resources */ = {isa = PBXBuildFile; fileRef = AEE3B50E1D17A187008BC0EA /* content.css */; };
		AEE3B5161D17A187008BC0EA /* home.png in Resources */ = {isa = PBXBuildFile; fileRef = AEE3B5101D17A187008BC0EA /* home.png */; };
		AEE3B5171D17A187008BC0EA /* jquery.js in Resources */ = {isa = PBXBuildFile; fileRef = AEE3B5121D17A187008BC0EA /* jquery.js */; };
		AEE3B51A1D17A409008BC0EA /* index.js in Resources */ = {isa = PBXBuildFile; fileRef = AEE3B5191D17A409008BC0EA /* index.js */; };
		AEE3B51C1D17FF57008BC0EA /* RequestCustomClass.swift in Sources */ = {isa = PBXBuildFile; fileRef = AEE3B51B1D17FF57008BC0EA /* RequestCustomClass.swift */; };
		AEE67EEC1D2A06BF004DDCF2 /* Regex.swift in Sources */ = {isa = PBXBuildFile; fileRef = AEE67EEB1D2A06BF004DDCF2 /* Regex.swift */; };
		AEE7D22D1D0E58F100761E74 /* HeaderView.swift in Sources */ = {isa = PBXBuildFile; fileRef = AEE7D22C1D0E58F100761E74 /* HeaderView.swift */; };
		AEE7D2351D0E675700761E74 /* FooterView.swift in Sources */ = {isa = PBXBuildFile; fileRef = AEE7D2341D0E675700761E74 /* FooterView.swift */; };
		AEE9222D1D2F664F00E18F6B /* MigrationFiles.swift in Sources */ = {isa = PBXBuildFile; fileRef = AEE9222C1D2F664F00E18F6B /* MigrationFiles.swift */; };
		AEE9222F1D2FB38E00E18F6B /* FoucsedVIew.swift in Sources */ = {isa = PBXBuildFile; fileRef = AEE9222E1D2FB38E00E18F6B /* FoucsedVIew.swift */; };
		AEECBC4D1D13B30E00529150 /* SlideFontSizeView.swift in Sources */ = {isa = PBXBuildFile; fileRef = AEECBC4C1D13B30E00529150 /* SlideFontSizeView.swift */; };
		AEECBC4F1D13E93100529150 /* UIFontExtension.swift in Sources */ = {isa = PBXBuildFile; fileRef = AEECBC4E1D13E93100529150 /* UIFontExtension.swift */; };
		AEEE61981CFE9CEF00C5FF08 /* Comment.swift in Sources */ = {isa = PBXBuildFile; fileRef = AEEE61971CFE9CEF00C5FF08 /* Comment.swift */; };
		AEEE619A1CFE9DE900C5FF08 /* CommentUtil.swift in Sources */ = {isa = PBXBuildFile; fileRef = AEEE61991CFE9DE900C5FF08 /* CommentUtil.swift */; };
		AEF29AFF1D239671006D1412 /* PhotoBrowerImageView.swift in Sources */ = {isa = PBXBuildFile; fileRef = AEF29AF41D239671006D1412 /* PhotoBrowerImageView.swift */; };
		AEF29B001D239671006D1412 /* PhotoBrowerProgressView.swift in Sources */ = {isa = PBXBuildFile; fileRef = AEF29AF51D239671006D1412 /* PhotoBrowerProgressView.swift */; };
		AEF29B011D239671006D1412 /* PhotoBrowerTapView.swift in Sources */ = {isa = PBXBuildFile; fileRef = AEF29AF61D239671006D1412 /* PhotoBrowerTapView.swift */; };
		AEF29B021D239671006D1412 /* PhotoBrowerZoomScrollView.swift in Sources */ = {isa = PBXBuildFile; fileRef = AEF29AF71D239671006D1412 /* PhotoBrowerZoomScrollView.swift */; };
		AEF29B031D239671006D1412 /* SKCaptionView.swift in Sources */ = {isa = PBXBuildFile; fileRef = AEF29AF81D239671006D1412 /* SKCaptionView.swift */; };
		AEF29B041D239671006D1412 /* SKLocalPhoto.swift in Sources */ = {isa = PBXBuildFile; fileRef = AEF29AF91D239671006D1412 /* SKLocalPhoto.swift */; };
		AEF29B051D239671006D1412 /* SKPhoto.swift in Sources */ = {isa = PBXBuildFile; fileRef = AEF29AFA1D239671006D1412 /* SKPhoto.swift */; };
		AEF29B061D239671006D1412 /* SKPhotoBrowser.swift in Sources */ = {isa = PBXBuildFile; fileRef = AEF29AFB1D239671006D1412 /* SKPhotoBrowser.swift */; };
		AEF29B071D239671006D1412 /* SKZoomingScrollView.swift in Sources */ = {isa = PBXBuildFile; fileRef = AEF29AFC1D239671006D1412 /* SKZoomingScrollView.swift */; };
		AEF29B081D239671006D1412 /* UIImage+Rotation.swift in Sources */ = {isa = PBXBuildFile; fileRef = AEF29AFD1D239671006D1412 /* UIImage+Rotation.swift */; };
		AEF29B091D239671006D1412 /* UIView+Radius.swift in Sources */ = {isa = PBXBuildFile; fileRef = AEF29AFE1D239671006D1412 /* UIView+Radius.swift */; };
		AEF420B41CF8019700CFAF73 /* UIViewControllerExtension.swift in Sources */ = {isa = PBXBuildFile; fileRef = AEF420B31CF8019700CFAF73 /* UIViewControllerExtension.swift */; };
		AEFB55151CF41407005FC23E /* Curly.swift in Sources */ = {isa = PBXBuildFile; fileRef = AEFB55141CF41407005FC23E /* Curly.swift */; };
		AEFB55171CF41F10005FC23E /* NotLikeExtension.swift in Sources */ = {isa = PBXBuildFile; fileRef = AEFB55161CF41F10005FC23E /* NotLikeExtension.swift */; };
		AEFB551A1CF462CD005FC23E /* UserCenterViewController.swift in Sources */ = {isa = PBXBuildFile; fileRef = AEFB55191CF462CD005FC23E /* UserCenterViewController.swift */; };
/* End PBXBuildFile section */

/* Begin PBXFileReference section */
		159FDBAECFB9DE4E3ACF1E70 /* Pods-Journalism.debug.xcconfig */ = {isa = PBXFileReference; includeInIndex = 1; lastKnownFileType = text.xcconfig; name = "Pods-Journalism.debug.xcconfig"; path = "Pods/Target Support Files/Pods-Journalism/Pods-Journalism.debug.xcconfig"; sourceTree = "<group>"; };
		6DC4FDC01CF0314700D25A99 /* HomeViewControllerExtension.swift */ = {isa = PBXFileReference; fileEncoding = 4; lastKnownFileType = sourcecode.swift; path = HomeViewControllerExtension.swift; sourceTree = "<group>"; };
		6DC4FDC11CF0314700D25A99 /* HomeViewController.swift */ = {isa = PBXFileReference; fileEncoding = 4; lastKnownFileType = sourcecode.swift; path = HomeViewController.swift; sourceTree = "<group>"; };
		6DC4FDC41CF0314700D25A99 /* NewBaseTableViewCell.swift */ = {isa = PBXFileReference; fileEncoding = 4; lastKnownFileType = sourcecode.swift; path = NewBaseTableViewCell.swift; sourceTree = "<group>"; };
		6DC4FDC61CF0314700D25A99 /* NewListExtension.swift */ = {isa = PBXFileReference; fileEncoding = 4; lastKnownFileType = sourcecode.swift; path = NewListExtension.swift; sourceTree = "<group>"; };
		6DC4FDC71CF0314700D25A99 /* NewslistViewController.swift */ = {isa = PBXFileReference; fileEncoding = 4; lastKnownFileType = sourcecode.swift; path = NewslistViewController.swift; sourceTree = "<group>"; };
		6DC4FDD21CF031E000D25A99 /* ChannelManager.swift */ = {isa = PBXFileReference; fileEncoding = 4; lastKnownFileType = sourcecode.swift; path = ChannelManager.swift; sourceTree = "<group>"; };
		6DC4FDD31CF031E000D25A99 /* HomeViewControllerChannelDataSource.swift */ = {isa = PBXFileReference; fileEncoding = 4; lastKnownFileType = sourcecode.swift; path = HomeViewControllerChannelDataSource.swift; sourceTree = "<group>"; };
		6DC4FDD41CF031E000D25A99 /* KDRearrangeableCollectionViewFlowLayout.swift */ = {isa = PBXFileReference; fileEncoding = 4; lastKnownFileType = sourcecode.swift; path = KDRearrangeableCollectionViewFlowLayout.swift; sourceTree = "<group>"; };
		81231C5CF554FB534D99E67C /* Pods-Journalism.release.xcconfig */ = {isa = PBXFileReference; includeInIndex = 1; lastKnownFileType = text.xcconfig; name = "Pods-Journalism.release.xcconfig"; path = "Pods/Target Support Files/Pods-Journalism/Pods-Journalism.release.xcconfig"; sourceTree = "<group>"; };
		AE043BAE1D40CDFA0090DD15 /* Focus.swift */ = {isa = PBXFileReference; fileEncoding = 4; lastKnownFileType = sourcecode.swift; path = Focus.swift; sourceTree = "<group>"; };
		AE0A837A1D128D7A00331134 /* UserView.swift */ = {isa = PBXFileReference; fileEncoding = 4; lastKnownFileType = sourcecode.swift; path = UserView.swift; sourceTree = "<group>"; };
		AE0A89671D24D87200C85B27 /* SLDataSource.swift */ = {isa = PBXFileReference; fileEncoding = 4; lastKnownFileType = sourcecode.swift; path = SLDataSource.swift; sourceTree = "<group>"; };
		AE0A89681D24D87200C85B27 /* SLTransition.swift */ = {isa = PBXFileReference; fileEncoding = 4; lastKnownFileType = sourcecode.swift; path = SLTransition.swift; sourceTree = "<group>"; };
		AE0A89691D24D87200C85B27 /* SearchListViewController.swift */ = {isa = PBXFileReference; fileEncoding = 4; lastKnownFileType = sourcecode.swift; path = SearchListViewController.swift; sourceTree = "<group>"; };
		AE0FE5431CF301E8007DA198 /* UIImageExtension.swift */ = {isa = PBXFileReference; fileEncoding = 4; lastKnownFileType = sourcecode.swift; path = UIImageExtension.swift; sourceTree = "<group>"; };
		AE1C1EFE1D34DC2900E8044E /* FocusViewController.swift */ = {isa = PBXFileReference; fileEncoding = 4; lastKnownFileType = sourcecode.swift; path = FocusViewController.swift; sourceTree = "<group>"; };
		AE1FD7DA1D4F0D5E001C4701 /* NoFocusView.swift */ = {isa = PBXFileReference; fileEncoding = 4; lastKnownFileType = sourcecode.swift; path = NoFocusView.swift; sourceTree = "<group>"; };
		AE29682F1CF69D4400D2782D /* PrivacyViewController.swift */ = {isa = PBXFileReference; fileEncoding = 4; lastKnownFileType = sourcecode.swift; path = PrivacyViewController.swift; sourceTree = "<group>"; };
		AE2968311CF69DFB00D2782D /* Privacy.html */ = {isa = PBXFileReference; fileEncoding = 4; lastKnownFileType = text.html; path = Privacy.html; sourceTree = "<group>"; };
		AE2968331CF6AA3B00D2782D /* CustomTransitioning.swift */ = {isa = PBXFileReference; fileEncoding = 4; lastKnownFileType = sourcecode.swift; path = CustomTransitioning.swift; sourceTree = "<group>"; };
		AE37BD8C1D38A46400BF9C89 /* FCustomCell.swift */ = {isa = PBXFileReference; fileEncoding = 4; lastKnownFileType = sourcecode.swift; path = FCustomCell.swift; sourceTree = "<group>"; };
		AE6657271D42050000068841 /* FocusExt.swift */ = {isa = PBXFileReference; fileEncoding = 4; lastKnownFileType = sourcecode.swift; path = FocusExt.swift; sourceTree = "<group>"; };
		AE7C51A31D0D6893005E6A5A /* SearchViewController.swift */ = {isa = PBXFileReference; fileEncoding = 4; lastKnownFileType = sourcecode.swift; path = SearchViewController.swift; sourceTree = "<group>"; };
		AE87BDEC1D3E01130010A0A7 /* FocusHeaderView.swift */ = {isa = PBXFileReference; fileEncoding = 4; lastKnownFileType = sourcecode.swift; path = FocusHeaderView.swift; sourceTree = "<group>"; };
		AE87BDEE1D3E01300010A0A7 /* FoucsDataSource.swift */ = {isa = PBXFileReference; fileEncoding = 4; lastKnownFileType = sourcecode.swift; path = FoucsDataSource.swift; sourceTree = "<group>"; };
		AE87BDF01D3E133D0010A0A7 /* FoucsShareExt.swift */ = {isa = PBXFileReference; fileEncoding = 4; lastKnownFileType = sourcecode.swift; path = FoucsShareExt.swift; sourceTree = "<group>"; };
		AE87BDF21D3E15F90010A0A7 /* headerCell.swift */ = {isa = PBXFileReference; fileEncoding = 4; lastKnownFileType = sourcecode.swift; path = headerCell.swift; sourceTree = "<group>"; };
		AE87BDF41D3E1EE90010A0A7 /* FocusExtenisonTran.swift */ = {isa = PBXFileReference; fileEncoding = 4; lastKnownFileType = sourcecode.swift; path = FocusExtenisonTran.swift; sourceTree = "<group>"; };
		AEA103501D056FAD0086968B /* About.swift */ = {isa = PBXFileReference; fileEncoding = 4; lastKnownFileType = sourcecode.swift; path = About.swift; sourceTree = "<group>"; };
		AEA103521D0571F80086968B /* AboutUtil.swift */ = {isa = PBXFileReference; fileEncoding = 4; lastKnownFileType = sourcecode.swift; path = AboutUtil.swift; sourceTree = "<group>"; };
		AEA1D0C91D1BA7AB007AD1E5 /* CustomNSURLCache.swift */ = {isa = PBXFileReference; fileEncoding = 4; lastKnownFileType = sourcecode.swift; path = CustomNSURLCache.swift; sourceTree = "<group>"; };
		AEA573FA1D0FAAFA00C9F45C /* UIColorExtension.swift */ = {isa = PBXFileReference; fileEncoding = 4; lastKnownFileType = sourcecode.swift; path = UIColorExtension.swift; sourceTree = "<group>"; };
		AEA762F21D3C803200A07FA3 /* QiDianViewController.swift */ = {isa = PBXFileReference; fileEncoding = 4; lastKnownFileType = sourcecode.swift; path = QiDianViewController.swift; sourceTree = "<group>"; };
		AEA762F81D3C83C500A07FA3 /* QiDianExtension.swift */ = {isa = PBXFileReference; fileEncoding = 4; lastKnownFileType = sourcecode.swift; path = QiDianExtension.swift; sourceTree = "<group>"; };
		AEA762FA1D3C83E300A07FA3 /* QiDianCell.swift */ = {isa = PBXFileReference; fileEncoding = 4; lastKnownFileType = sourcecode.swift; path = QiDianCell.swift; sourceTree = "<group>"; };
		AEA762FC1D3C862800A07FA3 /* QiDianDataSource.swift */ = {isa = PBXFileReference; fileEncoding = 4; lastKnownFileType = sourcecode.swift; path = QiDianDataSource.swift; sourceTree = "<group>"; };
		AEA762FE1D3C87ED00A07FA3 /* ShareView.swift */ = {isa = PBXFileReference; fileEncoding = 4; lastKnownFileType = sourcecode.swift; path = ShareView.swift; sourceTree = "<group>"; };
		AEA763021D3CE93B00A07FA3 /* CBFimage.js */ = {isa = PBXFileReference; fileEncoding = 4; lastKnownFileType = sourcecode.javascript; path = CBFimage.js; sourceTree = "<group>"; };
		AEAC3B141D11077D00A292F4 /* UserCenterExtension.swift */ = {isa = PBXFileReference; fileEncoding = 4; lastKnownFileType = sourcecode.swift; path = UserCenterExtension.swift; sourceTree = "<group>"; };
		AEAC3B161D11220500A292F4 /* LoginViewController.swift */ = {isa = PBXFileReference; fileEncoding = 4; lastKnownFileType = sourcecode.swift; path = LoginViewController.swift; sourceTree = "<group>"; };
		AEAC3B191D1132AA00A292F4 /* WaitLoadProtcol.swift */ = {isa = PBXFileReference; fileEncoding = 4; lastKnownFileType = sourcecode.swift; path = WaitLoadProtcol.swift; sourceTree = "<group>"; };
		AEAC3B1B1D1132BC00A292F4 /* WaitView.swift */ = {isa = PBXFileReference; fileEncoding = 4; lastKnownFileType = sourcecode.swift; path = WaitView.swift; sourceTree = "<group>"; };
		AEAC3B1D1D11330000A292F4 /* NoInterestView.swift */ = {isa = PBXFileReference; fileEncoding = 4; lastKnownFileType = sourcecode.swift; path = NoInterestView.swift; sourceTree = "<group>"; };
		AEAEEBD61CF81FA300E8DF08 /* VisitorViewController.swift */ = {isa = PBXFileReference; fileEncoding = 4; lastKnownFileType = sourcecode.swift; path = VisitorViewController.swift; sourceTree = "<group>"; };
		AEAEEBD81CF827A700E8DF08 /* User.swift */ = {isa = PBXFileReference; fileEncoding = 4; lastKnownFileType = sourcecode.swift; path = User.swift; sourceTree = "<group>"; };
		AEAF09DD1D24C24F00AFFCF6 /* HotSearch.swift */ = {isa = PBXFileReference; fileEncoding = 4; lastKnownFileType = sourcecode.swift; path = HotSearch.swift; sourceTree = "<group>"; };
		AEAF09E01D24C68300AFFCF6 /* SKTag.h */ = {isa = PBXFileReference; fileEncoding = 4; lastKnownFileType = sourcecode.c.h; path = SKTag.h; sourceTree = "<group>"; };
		AEAF09E11D24C68300AFFCF6 /* SKTag.m */ = {isa = PBXFileReference; fileEncoding = 4; lastKnownFileType = sourcecode.c.objc; path = SKTag.m; sourceTree = "<group>"; };
		AEAF09E21D24C68300AFFCF6 /* SKTagButton.h */ = {isa = PBXFileReference; fileEncoding = 4; lastKnownFileType = sourcecode.c.h; path = SKTagButton.h; sourceTree = "<group>"; };
		AEAF09E31D24C68300AFFCF6 /* SKTagButton.m */ = {isa = PBXFileReference; fileEncoding = 4; lastKnownFileType = sourcecode.c.objc; path = SKTagButton.m; sourceTree = "<group>"; };
		AEAF09E41D24C68300AFFCF6 /* SKTagView.h */ = {isa = PBXFileReference; fileEncoding = 4; lastKnownFileType = sourcecode.c.h; path = SKTagView.h; sourceTree = "<group>"; };
		AEAF09E51D24C68300AFFCF6 /* SKTagView.m */ = {isa = PBXFileReference; fileEncoding = 4; lastKnownFileType = sourcecode.c.objc; path = SKTagView.m; sourceTree = "<group>"; };
		AEB8E9D61CFBE35900A105C4 /* SplitManagerViewController.swift */ = {isa = PBXFileReference; fileEncoding = 4; lastKnownFileType = sourcecode.swift; path = SplitManagerViewController.swift; sourceTree = "<group>"; };
		AEB8E9D81CFBF42100A105C4 /* NewContent.swift */ = {isa = PBXFileReference; fileEncoding = 4; lastKnownFileType = sourcecode.swift; path = NewContent.swift; sourceTree = "<group>"; };
		AEB8E9DA1CFBF53300A105C4 /* NewContentUtil.swift */ = {isa = PBXFileReference; fileEncoding = 4; lastKnownFileType = sourcecode.swift; path = NewContentUtil.swift; sourceTree = "<group>"; };
		AEBCAEE71CEC27A900EBFC0A /* Channel.swift */ = {isa = PBXFileReference; fileEncoding = 4; lastKnownFileType = sourcecode.swift; path = Channel.swift; sourceTree = "<group>"; };
		AEBCAEEA1CEC2ADB00EBFC0A /* ChannelUtil.swift */ = {isa = PBXFileReference; fileEncoding = 4; lastKnownFileType = sourcecode.swift; path = ChannelUtil.swift; sourceTree = "<group>"; };
		AEBCAEF21CEC3F4300EBFC0A /* UIStoryBoard.swift */ = {isa = PBXFileReference; fileEncoding = 4; lastKnownFileType = sourcecode.swift; path = UIStoryBoard.swift; sourceTree = "<group>"; };
		AEBCAEF61CEC418200EBFC0A /* CircularButtonBarView.swift */ = {isa = PBXFileReference; fileEncoding = 4; lastKnownFileType = sourcecode.swift; path = CircularButtonBarView.swift; sourceTree = "<group>"; };
		AEBCAEF91CEC419600EBFC0A /* CustomExtensionView.swift */ = {isa = PBXFileReference; fileEncoding = 4; lastKnownFileType = sourcecode.swift; path = CustomExtensionView.swift; sourceTree = "<group>"; };
		AEBEAA911D1A35EB004D3178 /* UserCommentViewController.swift */ = {isa = PBXFileReference; fileEncoding = 4; lastKnownFileType = sourcecode.swift; path = UserCommentViewController.swift; sourceTree = "<group>"; };
		AEBEAA941D1A3F5B004D3178 /* MessageViewController.swift */ = {isa = PBXFileReference; fileEncoding = 4; lastKnownFileType = sourcecode.swift; path = MessageViewController.swift; sourceTree = "<group>"; };
		AEBEAA971D1A417E004D3178 /* UserCollectionViewController.swift */ = {isa = PBXFileReference; fileEncoding = 4; lastKnownFileType = sourcecode.swift; path = UserCollectionViewController.swift; sourceTree = "<group>"; };
		AEBEAA991D1A46F2004D3178 /* CollExtension.swift */ = {isa = PBXFileReference; fileEncoding = 4; lastKnownFileType = sourcecode.swift; path = CollExtension.swift; sourceTree = "<group>"; };
		AEC09CD01CE9776800D5A5CC /* Journalism.app */ = {isa = PBXFileReference; explicitFileType = wrapper.application; includeInIndex = 0; path = Journalism.app; sourceTree = BUILT_PRODUCTS_DIR; };
		AEC09CD31CE9776800D5A5CC /* AppDelegate.swift */ = {isa = PBXFileReference; lastKnownFileType = sourcecode.swift; path = AppDelegate.swift; sourceTree = "<group>"; };
		AEC09CD81CE9776800D5A5CC /* Base */ = {isa = PBXFileReference; lastKnownFileType = file.storyboard; name = Base; path = Base.lproj/Main.storyboard; sourceTree = "<group>"; };
		AEC09CDA1CE9776800D5A5CC /* Assets.xcassets */ = {isa = PBXFileReference; lastKnownFileType = folder.assetcatalog; path = Assets.xcassets; sourceTree = "<group>"; };
		AEC09CDD1CE9776800D5A5CC /* Base */ = {isa = PBXFileReference; lastKnownFileType = file.storyboard; name = Base; path = Base.lproj/LaunchScreen.storyboard; sourceTree = "<group>"; };
		AEC09CDF1CE9776800D5A5CC /* Info.plist */ = {isa = PBXFileReference; lastKnownFileType = text.plist.xml; path = Info.plist; sourceTree = "<group>"; };
		AEC1D5BC1CED960100B1F00C /* New.swift */ = {isa = PBXFileReference; fileEncoding = 4; lastKnownFileType = sourcecode.swift; path = New.swift; sourceTree = "<group>"; };
		AEC1D5BE1CED9BBD00B1F00C /* NewsUtil.swift */ = {isa = PBXFileReference; fileEncoding = 4; lastKnownFileType = sourcecode.swift; path = NewsUtil.swift; sourceTree = "<group>"; };
		AEC1D5C31CEDC22700B1F00C /* DateExt.swift */ = {isa = PBXFileReference; fileEncoding = 4; lastKnownFileType = sourcecode.swift; path = DateExt.swift; sourceTree = "<group>"; };
		AEC1D5C51CEDC34600B1F00C /* NSDateTimeAgo.bundle */ = {isa = PBXFileReference; lastKnownFileType = "wrapper.plug-in"; path = NSDateTimeAgo.bundle; sourceTree = "<group>"; };
		AEC47B011CFFF39D0055936D /* NewListDataSource.swift */ = {isa = PBXFileReference; fileEncoding = 4; lastKnownFileType = sourcecode.swift; path = NewListDataSource.swift; sourceTree = "<group>"; };
		AEC47B081D0032E20055936D /* CommitViewController.swift */ = {isa = PBXFileReference; fileEncoding = 4; lastKnownFileType = sourcecode.swift; path = CommitViewController.swift; sourceTree = "<group>"; };
		AEC47B0A1D0032E20055936D /* CommetnstableViewCell.swift */ = {isa = PBXFileReference; fileEncoding = 4; lastKnownFileType = sourcecode.swift; path = CommetnstableViewCell.swift; sourceTree = "<group>"; };
		AEC47B0C1D0032E20055936D /* CommDataSource.swift */ = {isa = PBXFileReference; fileEncoding = 4; lastKnownFileType = sourcecode.swift; path = CommDataSource.swift; sourceTree = "<group>"; };
		AEC47B0D1D0032E20055936D /* CommExtension.swift */ = {isa = PBXFileReference; fileEncoding = 4; lastKnownFileType = sourcecode.swift; path = CommExtension.swift; sourceTree = "<group>"; };
		AEC47B171D0032E20055936D /* BorderView.swift */ = {isa = PBXFileReference; fileEncoding = 4; lastKnownFileType = sourcecode.swift; path = BorderView.swift; sourceTree = "<group>"; };
		AEC47B181D0032E20055936D /* CustomTableViewCell.swift */ = {isa = PBXFileReference; fileEncoding = 4; lastKnownFileType = sourcecode.swift; path = CustomTableViewCell.swift; sourceTree = "<group>"; };
		AEC47B191D0032E20055936D /* DetailViewController.swift */ = {isa = PBXFileReference; fileEncoding = 4; lastKnownFileType = sourcecode.swift; path = DetailViewController.swift; sourceTree = "<group>"; };
		AEC47B1C1D0032E20055936D /* WebViewExtenion.swift */ = {isa = PBXFileReference; fileEncoding = 4; lastKnownFileType = sourcecode.swift; path = WebViewExtenion.swift; sourceTree = "<group>"; };
		AEC47B201D0032E20055936D /* content_template.html */ = {isa = PBXFileReference; fileEncoding = 4; lastKnownFileType = text.html; path = content_template.html; sourceTree = "<group>"; };
		AEC47B3C1D00334A0055936D /* PopAnimatedTransitioning.swift */ = {isa = PBXFileReference; fileEncoding = 4; lastKnownFileType = sourcecode.swift; path = PopAnimatedTransitioning.swift; sourceTree = "<group>"; };
		AEC47B3E1D00334A0055936D /* DetailAndCommitExtension.swift */ = {isa = PBXFileReference; fileEncoding = 4; lastKnownFileType = sourcecode.swift; path = DetailAndCommitExtension.swift; sourceTree = "<group>"; };
		AEC47B411D0033610055936D /* DetailAndCommitViewController.swift */ = {isa = PBXFileReference; fileEncoding = 4; lastKnownFileType = sourcecode.swift; path = DetailAndCommitViewController.swift; sourceTree = "<group>"; };
		AEC47B431D0033A60055936D /* ShareExtension.swift */ = {isa = PBXFileReference; fileEncoding = 4; lastKnownFileType = sourcecode.swift; path = ShareExtension.swift; sourceTree = "<group>"; };
		AEC47B471D0037A50055936D /* InputExtension.swift */ = {isa = PBXFileReference; fileEncoding = 4; lastKnownFileType = sourcecode.swift; path = InputExtension.swift; sourceTree = "<group>"; };
		AEC47B491D0037CD0055936D /* CommentButton.swift */ = {isa = PBXFileReference; fileEncoding = 4; lastKnownFileType = sourcecode.swift; path = CommentButton.swift; sourceTree = "<group>"; };
		AEC489B61D0FF140009D81F6 /* AppdelegateExtension.swift */ = {isa = PBXFileReference; fileEncoding = 4; lastKnownFileType = sourcecode.swift; path = AppdelegateExtension.swift; sourceTree = "<group>"; };
		AEC722681D239CFD004D4AA4 /* SKPhotoBrowser.bundle */ = {isa = PBXFileReference; lastKnownFileType = "wrapper.plug-in"; path = SKPhotoBrowser.bundle; sourceTree = "<group>"; };
		AEC7226A1D23AAAF004D4AA4 /* SearchTableViewCell.swift */ = {isa = PBXFileReference; fileEncoding = 4; lastKnownFileType = sourcecode.swift; path = SearchTableViewCell.swift; sourceTree = "<group>"; };
		AEC7226D1D23ABB4004D4AA4 /* SearchDataSource.swift */ = {isa = PBXFileReference; fileEncoding = 4; lastKnownFileType = sourcecode.swift; path = SearchDataSource.swift; sourceTree = "<group>"; };
		AEC7226F1D23B02E004D4AA4 /* SearchHistory.swift */ = {isa = PBXFileReference; fileEncoding = 4; lastKnownFileType = sourcecode.swift; path = SearchHistory.swift; sourceTree = "<group>"; };
		AEC89F241D2380F7002CEC6C /* SearchTransition.swift */ = {isa = PBXFileReference; fileEncoding = 4; lastKnownFileType = sourcecode.swift; path = SearchTransition.swift; sourceTree = "<group>"; };
		AEC9659D1CF5A2E70053A88D /* User.storyboard */ = {isa = PBXFileReference; fileEncoding = 4; lastKnownFileType = file.storyboard; path = User.storyboard; sourceTree = "<group>"; };
		AEC965A01CF5A4EF0053A88D /* CustomView.swift */ = {isa = PBXFileReference; fileEncoding = 4; lastKnownFileType = sourcecode.swift; path = CustomView.swift; sourceTree = "<group>"; };
		AEC965A41CF5AC900053A88D /* UserSettingViewController.swift */ = {isa = PBXFileReference; fileEncoding = 4; lastKnownFileType = sourcecode.swift; path = UserSettingViewController.swift; sourceTree = "<group>"; };
		AEC965A71CF5AFE70053A88D /* AboutViewController.swift */ = {isa = PBXFileReference; fileEncoding = 4; lastKnownFileType = sourcecode.swift; path = AboutViewController.swift; sourceTree = "<group>"; };
		AEDDCEF81D100FDB00498D47 /* UTIL.swift */ = {isa = PBXFileReference; fileEncoding = 4; lastKnownFileType = sourcecode.swift; path = UTIL.swift; sourceTree = "<group>"; };
		AEDECF281D0D11D100CDCE2B /* DataSourceExtension.swift */ = {isa = PBXFileReference; fileEncoding = 4; lastKnownFileType = sourcecode.swift; path = DataSourceExtension.swift; sourceTree = "<group>"; };
		AEDECF2A1D0D19A700CDCE2B /* CopyLabel.swift */ = {isa = PBXFileReference; fileEncoding = 4; lastKnownFileType = sourcecode.swift; path = CopyLabel.swift; sourceTree = "<group>"; };
		AEDECF4B1D0D29B200CDCE2B /* GDWebViewController.swift */ = {isa = PBXFileReference; fileEncoding = 4; lastKnownFileType = sourcecode.swift; path = GDWebViewController.swift; sourceTree = "<group>"; };
		AEDECF4C1D0D29B200CDCE2B /* GDWebViewNavigationToolbar.swift */ = {isa = PBXFileReference; fileEncoding = 4; lastKnownFileType = sourcecode.swift; path = GDWebViewNavigationToolbar.swift; sourceTree = "<group>"; };
		AEE2FC0C1D22311400546E6B /* XCache.swift */ = {isa = PBXFileReference; fileEncoding = 4; lastKnownFileType = sourcecode.swift; path = XCache.swift; sourceTree = "<group>"; };
		AEE3B50D1D17A187008BC0EA /* bootstrap.min.css */ = {isa = PBXFileReference; fileEncoding = 4; lastKnownFileType = text.css; path = bootstrap.min.css; sourceTree = "<group>"; };
		AEE3B50E1D17A187008BC0EA /* content.css */ = {isa = PBXFileReference; fileEncoding = 4; lastKnownFileType = text.css; path = content.css; sourceTree = "<group>"; };
		AEE3B5101D17A187008BC0EA /* home.png */ = {isa = PBXFileReference; lastKnownFileType = image.png; path = home.png; sourceTree = "<group>"; };
		AEE3B5121D17A187008BC0EA /* jquery.js */ = {isa = PBXFileReference; fileEncoding = 4; lastKnownFileType = sourcecode.javascript; path = jquery.js; sourceTree = "<group>"; };
		AEE3B5191D17A409008BC0EA /* index.js */ = {isa = PBXFileReference; fileEncoding = 4; lastKnownFileType = sourcecode.javascript; path = index.js; sourceTree = "<group>"; };
		AEE3B51B1D17FF57008BC0EA /* RequestCustomClass.swift */ = {isa = PBXFileReference; fileEncoding = 4; lastKnownFileType = sourcecode.swift; path = RequestCustomClass.swift; sourceTree = "<group>"; };
		AEE67EEB1D2A06BF004DDCF2 /* Regex.swift */ = {isa = PBXFileReference; fileEncoding = 4; lastKnownFileType = sourcecode.swift; path = Regex.swift; sourceTree = "<group>"; };
		AEE7D2251D0E587300761E74 /* Journalism-Bridging-Header.h */ = {isa = PBXFileReference; lastKnownFileType = sourcecode.c.h; name = "Journalism-Bridging-Header.h"; path = "Resources/LPRefreshView/Journalism-Bridging-Header.h"; sourceTree = "<group>"; };
		AEE7D22C1D0E58F100761E74 /* HeaderView.swift */ = {isa = PBXFileReference; fileEncoding = 4; lastKnownFileType = sourcecode.swift; path = HeaderView.swift; sourceTree = "<group>"; };
		AEE7D2341D0E675700761E74 /* FooterView.swift */ = {isa = PBXFileReference; fileEncoding = 4; lastKnownFileType = sourcecode.swift; path = FooterView.swift; sourceTree = "<group>"; };
		AEE9222C1D2F664F00E18F6B /* MigrationFiles.swift */ = {isa = PBXFileReference; fileEncoding = 4; lastKnownFileType = sourcecode.swift; path = MigrationFiles.swift; sourceTree = "<group>"; };
		AEE9222E1D2FB38E00E18F6B /* FoucsedVIew.swift */ = {isa = PBXFileReference; fileEncoding = 4; lastKnownFileType = sourcecode.swift; path = FoucsedVIew.swift; sourceTree = "<group>"; };
		AEECBC4C1D13B30E00529150 /* SlideFontSizeView.swift */ = {isa = PBXFileReference; fileEncoding = 4; lastKnownFileType = sourcecode.swift; path = SlideFontSizeView.swift; sourceTree = "<group>"; };
		AEECBC4E1D13E93100529150 /* UIFontExtension.swift */ = {isa = PBXFileReference; fileEncoding = 4; lastKnownFileType = sourcecode.swift; path = UIFontExtension.swift; sourceTree = "<group>"; };
		AEEE61971CFE9CEF00C5FF08 /* Comment.swift */ = {isa = PBXFileReference; fileEncoding = 4; lastKnownFileType = sourcecode.swift; path = Comment.swift; sourceTree = "<group>"; };
		AEEE61991CFE9DE900C5FF08 /* CommentUtil.swift */ = {isa = PBXFileReference; fileEncoding = 4; lastKnownFileType = sourcecode.swift; path = CommentUtil.swift; sourceTree = "<group>"; };
		AEF29AF41D239671006D1412 /* PhotoBrowerImageView.swift */ = {isa = PBXFileReference; fileEncoding = 4; lastKnownFileType = sourcecode.swift; path = PhotoBrowerImageView.swift; sourceTree = "<group>"; };
		AEF29AF51D239671006D1412 /* PhotoBrowerProgressView.swift */ = {isa = PBXFileReference; fileEncoding = 4; lastKnownFileType = sourcecode.swift; path = PhotoBrowerProgressView.swift; sourceTree = "<group>"; };
		AEF29AF61D239671006D1412 /* PhotoBrowerTapView.swift */ = {isa = PBXFileReference; fileEncoding = 4; lastKnownFileType = sourcecode.swift; path = PhotoBrowerTapView.swift; sourceTree = "<group>"; };
		AEF29AF71D239671006D1412 /* PhotoBrowerZoomScrollView.swift */ = {isa = PBXFileReference; fileEncoding = 4; lastKnownFileType = sourcecode.swift; path = PhotoBrowerZoomScrollView.swift; sourceTree = "<group>"; };
		AEF29AF81D239671006D1412 /* SKCaptionView.swift */ = {isa = PBXFileReference; fileEncoding = 4; lastKnownFileType = sourcecode.swift; path = SKCaptionView.swift; sourceTree = "<group>"; };
		AEF29AF91D239671006D1412 /* SKLocalPhoto.swift */ = {isa = PBXFileReference; fileEncoding = 4; lastKnownFileType = sourcecode.swift; path = SKLocalPhoto.swift; sourceTree = "<group>"; };
		AEF29AFA1D239671006D1412 /* SKPhoto.swift */ = {isa = PBXFileReference; fileEncoding = 4; lastKnownFileType = sourcecode.swift; path = SKPhoto.swift; sourceTree = "<group>"; };
		AEF29AFB1D239671006D1412 /* SKPhotoBrowser.swift */ = {isa = PBXFileReference; fileEncoding = 4; lastKnownFileType = sourcecode.swift; path = SKPhotoBrowser.swift; sourceTree = "<group>"; };
		AEF29AFC1D239671006D1412 /* SKZoomingScrollView.swift */ = {isa = PBXFileReference; fileEncoding = 4; lastKnownFileType = sourcecode.swift; path = SKZoomingScrollView.swift; sourceTree = "<group>"; };
		AEF29AFD1D239671006D1412 /* UIImage+Rotation.swift */ = {isa = PBXFileReference; fileEncoding = 4; lastKnownFileType = sourcecode.swift; path = "UIImage+Rotation.swift"; sourceTree = "<group>"; };
		AEF29AFE1D239671006D1412 /* UIView+Radius.swift */ = {isa = PBXFileReference; fileEncoding = 4; lastKnownFileType = sourcecode.swift; path = "UIView+Radius.swift"; sourceTree = "<group>"; };
		AEF420B31CF8019700CFAF73 /* UIViewControllerExtension.swift */ = {isa = PBXFileReference; fileEncoding = 4; lastKnownFileType = sourcecode.swift; path = UIViewControllerExtension.swift; sourceTree = "<group>"; };
		AEFB55141CF41407005FC23E /* Curly.swift */ = {isa = PBXFileReference; fileEncoding = 4; lastKnownFileType = sourcecode.swift; path = Curly.swift; sourceTree = "<group>"; };
		AEFB55161CF41F10005FC23E /* NotLikeExtension.swift */ = {isa = PBXFileReference; fileEncoding = 4; lastKnownFileType = sourcecode.swift; path = NotLikeExtension.swift; sourceTree = "<group>"; };
		AEFB55191CF462CD005FC23E /* UserCenterViewController.swift */ = {isa = PBXFileReference; fileEncoding = 4; lastKnownFileType = sourcecode.swift; path = UserCenterViewController.swift; sourceTree = "<group>"; };
		F68B44A9454D029CD2156A30 /* Pods_Journalism.framework */ = {isa = PBXFileReference; explicitFileType = wrapper.framework; includeInIndex = 0; path = Pods_Journalism.framework; sourceTree = BUILT_PRODUCTS_DIR; };
/* End PBXFileReference section */

/* Begin PBXFrameworksBuildPhase section */
		AEC09CCD1CE9776800D5A5CC /* Frameworks */ = {
			isa = PBXFrameworksBuildPhase;
			buildActionMask = 2147483647;
			files = (
				994B705F63994332F79B2AA5 /* Pods_Journalism.framework in Frameworks */,
			);
			runOnlyForDeploymentPostprocessing = 0;
		};
/* End PBXFrameworksBuildPhase section */

/* Begin PBXGroup section */
		6DC4FDB91CF0314700D25A99 /* ViewControllers */ = {
			isa = PBXGroup;
			children = (
				AEC47B061D0032E20055936D /* DetailAndCommit */,
				AEB8E9D51CFBE34E00A105C4 /* SplitManagerViewController */,
				6DC4FDBA1CF0314700D25A99 /* HomeViewController */,
				6DC4FDC21CF0314700D25A99 /* NewslistViewController */,
				AEFB55181CF462B3005FC23E /* UserCenterViewController */,
				AE7C51A21D0D687B005E6A5A /* SearchViewController */,
				AE0A89651D24D87200C85B27 /* SearchResultViewController */,
				AE1C1EFD1D34DC1700E8044E /* FocusViewController */,
				AEA762F11D3C800700A07FA3 /* QiDianViewController */,
			);
			path = ViewControllers;
			sourceTree = "<group>";
		};
		6DC4FDBA1CF0314700D25A99 /* HomeViewController */ = {
			isa = PBXGroup;
			children = (
				6DC4FDD11CF031E000D25A99 /* ChannelManager */,
				6DC4FDBB1CF0314700D25A99 /* extension */,
				6DC4FDC11CF0314700D25A99 /* HomeViewController.swift */,
			);
			path = HomeViewController;
			sourceTree = "<group>";
		};
		6DC4FDBB1CF0314700D25A99 /* extension */ = {
			isa = PBXGroup;
			children = (
				6DC4FDC01CF0314700D25A99 /* HomeViewControllerExtension.swift */,
				AEFB55161CF41F10005FC23E /* NotLikeExtension.swift */,
			);
			path = extension;
			sourceTree = "<group>";
		};
		6DC4FDC21CF0314700D25A99 /* NewslistViewController */ = {
			isa = PBXGroup;
			children = (
				6DC4FDC31CF0314700D25A99 /* custom */,
				6DC4FDC51CF0314700D25A99 /* extension */,
				6DC4FDC71CF0314700D25A99 /* NewslistViewController.swift */,
			);
			path = NewslistViewController;
			sourceTree = "<group>";
		};
		6DC4FDC31CF0314700D25A99 /* custom */ = {
			isa = PBXGroup;
			children = (
				6DC4FDC41CF0314700D25A99 /* NewBaseTableViewCell.swift */,
			);
			path = custom;
			sourceTree = "<group>";
		};
		6DC4FDC51CF0314700D25A99 /* extension */ = {
			isa = PBXGroup;
			children = (
				6DC4FDC61CF0314700D25A99 /* NewListExtension.swift */,
				AEC47B011CFFF39D0055936D /* NewListDataSource.swift */,
			);
			path = extension;
			sourceTree = "<group>";
		};
		6DC4FDD11CF031E000D25A99 /* ChannelManager */ = {
			isa = PBXGroup;
			children = (
				6DC4FDD21CF031E000D25A99 /* ChannelManager.swift */,
				6DC4FDD31CF031E000D25A99 /* HomeViewControllerChannelDataSource.swift */,
				6DC4FDD41CF031E000D25A99 /* KDRearrangeableCollectionViewFlowLayout.swift */,
			);
			path = ChannelManager;
			sourceTree = "<group>";
		};
		AE0A89651D24D87200C85B27 /* SearchResultViewController */ = {
			isa = PBXGroup;
			children = (
				AE37BD8B1D38A45500BF9C89 /* custom */,
				AE0A89661D24D87200C85B27 /* extension */,
				AE0A89691D24D87200C85B27 /* SearchListViewController.swift */,
			);
			path = SearchResultViewController;
			sourceTree = "<group>";
		};
		AE0A89661D24D87200C85B27 /* extension */ = {
			isa = PBXGroup;
			children = (
				AE0A89671D24D87200C85B27 /* SLDataSource.swift */,
				AE0A89681D24D87200C85B27 /* SLTransition.swift */,
			);
			path = extension;
			sourceTree = "<group>";
		};
		AE1C1EFD1D34DC1700E8044E /* FocusViewController */ = {
			isa = PBXGroup;
			children = (
				AE1C1EFE1D34DC2900E8044E /* FocusViewController.swift */,
				AE87BDEA1D3E00AB0010A0A7 /* focusCustom */,
				AE87BDEB1D3E00AB0010A0A7 /* focusExtension */,
			);
			path = FocusViewController;
			sourceTree = "<group>";
		};
		AE37BD8B1D38A45500BF9C89 /* custom */ = {
			isa = PBXGroup;
			children = (
				AE37BD8C1D38A46400BF9C89 /* FCustomCell.swift */,
			);
			path = custom;
			sourceTree = "<group>";
		};
		AE7C51A21D0D687B005E6A5A /* SearchViewController */ = {
			isa = PBXGroup;
			children = (
				AEC7226C1D23ABA5004D4AA4 /* extension */,
				AEC89F231D2380DC002CEC6C /* custom */,
				AE7C51A31D0D6893005E6A5A /* SearchViewController.swift */,
			);
			path = SearchViewController;
			sourceTree = "<group>";
		};
		AE87BDEA1D3E00AB0010A0A7 /* focusCustom */ = {
			isa = PBXGroup;
			children = (
				AE87BDEC1D3E01130010A0A7 /* FocusHeaderView.swift */,
				AE87BDF21D3E15F90010A0A7 /* headerCell.swift */,
			);
			path = focusCustom;
			sourceTree = "<group>";
		};
		AE87BDEB1D3E00AB0010A0A7 /* focusExtension */ = {
			isa = PBXGroup;
			children = (
				AE87BDEE1D3E01300010A0A7 /* FoucsDataSource.swift */,
				AE87BDF01D3E133D0010A0A7 /* FoucsShareExt.swift */,
				AE87BDF41D3E1EE90010A0A7 /* FocusExtenisonTran.swift */,
			);
			path = focusExtension;
			sourceTree = "<group>";
		};
		AEA762F11D3C800700A07FA3 /* QiDianViewController */ = {
			isa = PBXGroup;
			children = (
				AEA762F21D3C803200A07FA3 /* QiDianViewController.swift */,
				AEA762F61D3C83C500A07FA3 /* QiDianCustom */,
				AEA762F71D3C83C500A07FA3 /* QiDianExtension */,
			);
			path = QiDianViewController;
			sourceTree = "<group>";
		};
		AEA762F61D3C83C500A07FA3 /* QiDianCustom */ = {
			isa = PBXGroup;
			children = (
				AEA762FA1D3C83E300A07FA3 /* QiDianCell.swift */,
			);
			path = QiDianCustom;
			sourceTree = "<group>";
		};
		AEA762F71D3C83C500A07FA3 /* QiDianExtension */ = {
			isa = PBXGroup;
			children = (
				AEA762F81D3C83C500A07FA3 /* QiDianExtension.swift */,
				AEA762FC1D3C862800A07FA3 /* QiDianDataSource.swift */,
			);
			path = QiDianExtension;
			sourceTree = "<group>";
		};
		AEAC3B131D10FDBE00A292F4 /* LoginViewController */ = {
			isa = PBXGroup;
			children = (
				AEAC3B161D11220500A292F4 /* LoginViewController.swift */,
			);
			path = LoginViewController;
			sourceTree = "<group>";
		};
		AEAC3B181D1132A100A292F4 /* WaitTipsView */ = {
			isa = PBXGroup;
			children = (
				AEAC3B191D1132AA00A292F4 /* WaitLoadProtcol.swift */,
				AEAC3B1B1D1132BC00A292F4 /* WaitView.swift */,
				AEAC3B1D1D11330000A292F4 /* NoInterestView.swift */,
				AEECBC4C1D13B30E00529150 /* SlideFontSizeView.swift */,
				AEE9222E1D2FB38E00E18F6B /* FoucsedVIew.swift */,
				AEA762FE1D3C87ED00A07FA3 /* ShareView.swift */,
				AE1FD7DA1D4F0D5E001C4701 /* NoFocusView.swift */,
			);
			path = WaitTipsView;
			sourceTree = "<group>";
		};
		AEAEEBD51CF81F9300E8DF08 /* VisitorViewController */ = {
			isa = PBXGroup;
			children = (
				AEAEEBD61CF81FA300E8DF08 /* VisitorViewController.swift */,
			);
			path = VisitorViewController;
			sourceTree = "<group>";
		};
		AEAF09DF1D24C68300AFFCF6 /* SKTagView */ = {
			isa = PBXGroup;
			children = (
				AEAF09E01D24C68300AFFCF6 /* SKTag.h */,
				AEAF09E11D24C68300AFFCF6 /* SKTag.m */,
				AEAF09E21D24C68300AFFCF6 /* SKTagButton.h */,
				AEAF09E31D24C68300AFFCF6 /* SKTagButton.m */,
				AEAF09E41D24C68300AFFCF6 /* SKTagView.h */,
				AEAF09E51D24C68300AFFCF6 /* SKTagView.m */,
			);
			path = SKTagView;
			sourceTree = "<group>";
		};
		AEB8E9D51CFBE34E00A105C4 /* SplitManagerViewController */ = {
			isa = PBXGroup;
			children = (
				AEB8E9D61CFBE35900A105C4 /* SplitManagerViewController.swift */,
			);
			path = SplitManagerViewController;
			sourceTree = "<group>";
		};
		AEBCAEE51CEC25AD00EBFC0A /* orm */ = {
			isa = PBXGroup;
			children = (
				AEBCAEE61CEC278500EBFC0A /* Objects */,
				AEBCAEE91CEC2AD100EBFC0A /* ObjectsUtils */,
				AEE9222C1D2F664F00E18F6B /* MigrationFiles.swift */,
			);
			path = orm;
			sourceTree = "<group>";
		};
		AEBCAEE61CEC278500EBFC0A /* Objects */ = {
			isa = PBXGroup;
			children = (
				AEAEEBD81CF827A700E8DF08 /* User.swift */,
				AEC1D5BC1CED960100B1F00C /* New.swift */,
				AEBCAEE71CEC27A900EBFC0A /* Channel.swift */,
				AEB8E9D81CFBF42100A105C4 /* NewContent.swift */,
				AEEE61971CFE9CEF00C5FF08 /* Comment.swift */,
				AEA103501D056FAD0086968B /* About.swift */,
				AEC7226F1D23B02E004D4AA4 /* SearchHistory.swift */,
				AEAF09DD1D24C24F00AFFCF6 /* HotSearch.swift */,
				AE043BAE1D40CDFA0090DD15 /* Focus.swift */,
			);
			path = Objects;
			sourceTree = "<group>";
		};
		AEBCAEE91CEC2AD100EBFC0A /* ObjectsUtils */ = {
			isa = PBXGroup;
			children = (
				AEC1D5BE1CED9BBD00B1F00C /* NewsUtil.swift */,
				AEBCAEEA1CEC2ADB00EBFC0A /* ChannelUtil.swift */,
				AEB8E9DA1CFBF53300A105C4 /* NewContentUtil.swift */,
				AEEE61991CFE9DE900C5FF08 /* CommentUtil.swift */,
				AEA103521D0571F80086968B /* AboutUtil.swift */,
				AEE3B51B1D17FF57008BC0EA /* RequestCustomClass.swift */,
				AE6657271D42050000068841 /* FocusExt.swift */,
			);
			path = ObjectsUtils;
			sourceTree = "<group>";
		};
		AEBCAEF11CEC3F2C00EBFC0A /* Extension */ = {
			isa = PBXGroup;
			children = (
				AEE2FC0C1D22311400546E6B /* XCache.swift */,
				AEBCAEF21CEC3F4300EBFC0A /* UIStoryBoard.swift */,
				AEC1D5C51CEDC34600B1F00C /* NSDateTimeAgo.bundle */,
				AEC1D5C31CEDC22700B1F00C /* DateExt.swift */,
				AE0FE5431CF301E8007DA198 /* UIImageExtension.swift */,
				AEECBC4E1D13E93100529150 /* UIFontExtension.swift */,
				AEA573FA1D0FAAFA00C9F45C /* UIColorExtension.swift */,
				AEC489B61D0FF140009D81F6 /* AppdelegateExtension.swift */,
			);
			path = Extension;
			sourceTree = "<group>";
		};
		AEBCAEF41CEC415800EBFC0A /* CustomClass */ = {
			isa = PBXGroup;
			children = (
				AEAC3B181D1132A100A292F4 /* WaitTipsView */,
				AEBCAEF61CEC418200EBFC0A /* CircularButtonBarView.swift */,
				AEBCAEF91CEC419600EBFC0A /* CustomExtensionView.swift */,
				AEFB55141CF41407005FC23E /* Curly.swift */,
				AEDECF2A1D0D19A700CDCE2B /* CopyLabel.swift */,
			);
			path = CustomClass;
			sourceTree = "<group>";
		};
		AEBEAA901D1A35E2004D3178 /* UserCommentViewController */ = {
			isa = PBXGroup;
			children = (
				AEBEAA911D1A35EB004D3178 /* UserCommentViewController.swift */,
			);
			path = UserCommentViewController;
			sourceTree = "<group>";
		};
		AEBEAA931D1A3F5B004D3178 /* MessageViewController */ = {
			isa = PBXGroup;
			children = (
				AEBEAA941D1A3F5B004D3178 /* MessageViewController.swift */,
			);
			path = MessageViewController;
			sourceTree = "<group>";
		};
		AEBEAA961D1A417E004D3178 /* UserCollectionViewController */ = {
			isa = PBXGroup;
			children = (
				AEBEAA971D1A417E004D3178 /* UserCollectionViewController.swift */,
				AEBEAA991D1A46F2004D3178 /* CollExtension.swift */,
			);
			path = UserCollectionViewController;
			sourceTree = "<group>";
		};
		AEC09CC71CE9776800D5A5CC = {
			isa = PBXGroup;
			children = (
				AEC09CD21CE9776800D5A5CC /* Journalism */,
				AEC09CD11CE9776800D5A5CC /* Products */,
				E22FA4AEBCF95FF5F92FEF85 /* Pods */,
				B7552ACA73A8862EA1A3935E /* Frameworks */,
			);
			sourceTree = "<group>";
		};
		AEC09CD11CE9776800D5A5CC /* Products */ = {
			isa = PBXGroup;
			children = (
				AEC09CD01CE9776800D5A5CC /* Journalism.app */,
			);
			name = Products;
			sourceTree = "<group>";
		};
		AEC09CD21CE9776800D5A5CC /* Journalism */ = {
			isa = PBXGroup;
			children = (
				AEE7D2251D0E587300761E74 /* Journalism-Bridging-Header.h */,
				AEC09CE91CE98C3A00D5A5CC /* Resources */,
				6DC4FDB91CF0314700D25A99 /* ViewControllers */,
				AEC09CD31CE9776800D5A5CC /* AppDelegate.swift */,
				AEC09CD71CE9776800D5A5CC /* Main.storyboard */,
				AEC09CDA1CE9776800D5A5CC /* Assets.xcassets */,
				AEC09CDC1CE9776800D5A5CC /* LaunchScreen.storyboard */,
				AEC09CDF1CE9776800D5A5CC /* Info.plist */,
			);
			path = Journalism;
			sourceTree = "<group>";
		};
		AEC09CE91CE98C3A00D5A5CC /* Resources */ = {
			isa = PBXGroup;
			children = (
				AEDDCEF81D100FDB00498D47 /* UTIL.swift */,
				AEAF09DF1D24C68300AFFCF6 /* SKTagView */,
				AEF29AF31D239671006D1412 /* PhotoBrower */,
				AEE7D2241D0E586100761E74 /* RefreshView */,
				AEDECF2C1D0D231300CDCE2B /* CustomWebView */,
				AEBCAEF41CEC415800EBFC0A /* CustomClass */,
				AEBCAEF11CEC3F2C00EBFC0A /* Extension */,
				AEBCAEE51CEC25AD00EBFC0A /* orm */,
			);
			path = Resources;
			sourceTree = "<group>";
		};
		AEC47B061D0032E20055936D /* DetailAndCommit */ = {
			isa = PBXGroup;
			children = (
				AEC47B3A1D00334A0055936D /* DetailAndCommitView */,
				AEC47B071D0032E20055936D /* CommitViewController */,
				AEC47B151D0032E20055936D /* DetailViewController */,
			);
			path = DetailAndCommit;
			sourceTree = "<group>";
		};
		AEC47B071D0032E20055936D /* CommitViewController */ = {
			isa = PBXGroup;
			children = (
				AEC47B081D0032E20055936D /* CommitViewController.swift */,
				AEC47B091D0032E20055936D /* Custom */,
				AEC47B0B1D0032E20055936D /* Extension */,
			);
			path = CommitViewController;
			sourceTree = "<group>";
		};
		AEC47B091D0032E20055936D /* Custom */ = {
			isa = PBXGroup;
			children = (
				AEC47B0A1D0032E20055936D /* CommetnstableViewCell.swift */,
			);
			path = Custom;
			sourceTree = "<group>";
		};
		AEC47B0B1D0032E20055936D /* Extension */ = {
			isa = PBXGroup;
			children = (
				AEC47B0D1D0032E20055936D /* CommExtension.swift */,
				AEC47B0C1D0032E20055936D /* CommDataSource.swift */,
			);
			path = Extension;
			sourceTree = "<group>";
		};
		AEC47B151D0032E20055936D /* DetailViewController */ = {
			isa = PBXGroup;
			children = (
				AEC47B161D0032E20055936D /* Custom */,
				AEC47B191D0032E20055936D /* DetailViewController.swift */,
				AEC47B1A1D0032E20055936D /* Extension */,
				AEC47B1D1D0032E20055936D /* Resources */,
			);
			path = DetailViewController;
			sourceTree = "<group>";
		};
		AEC47B161D0032E20055936D /* Custom */ = {
			isa = PBXGroup;
			children = (
				AEC47B171D0032E20055936D /* BorderView.swift */,
				AEC47B181D0032E20055936D /* CustomTableViewCell.swift */,
			);
			path = Custom;
			sourceTree = "<group>";
		};
		AEC47B1A1D0032E20055936D /* Extension */ = {
			isa = PBXGroup;
			children = (
				AEE67EEB1D2A06BF004DDCF2 /* Regex.swift */,
				AEC47B1C1D0032E20055936D /* WebViewExtenion.swift */,
				AEDECF281D0D11D100CDCE2B /* DataSourceExtension.swift */,
				AEA1D0C91D1BA7AB007AD1E5 /* CustomNSURLCache.swift */,
			);
			path = Extension;
			sourceTree = "<group>";
		};
		AEC47B1D1D0032E20055936D /* Resources */ = {
			isa = PBXGroup;
			children = (
				AEC47B201D0032E20055936D /* content_template.html */,
				AEE3B50C1D17A187008BC0EA /* css */,
				AEE3B50F1D17A187008BC0EA /* img */,
				AEE3B5111D17A187008BC0EA /* js */,
			);
			path = Resources;
			sourceTree = "<group>";
		};
		AEC47B3A1D00334A0055936D /* DetailAndCommitView */ = {
			isa = PBXGroup;
			children = (
				AEC47B3B1D00334A0055936D /* custom */,
				AEC47B3D1D00334A0055936D /* Extension */,
				AEC47B411D0033610055936D /* DetailAndCommitViewController.swift */,
			);
			path = DetailAndCommitView;
			sourceTree = "<group>";
		};
		AEC47B3B1D00334A0055936D /* custom */ = {
			isa = PBXGroup;
			children = (
				AEC47B491D0037CD0055936D /* CommentButton.swift */,
				AEC47B3C1D00334A0055936D /* PopAnimatedTransitioning.swift */,
			);
			path = custom;
			sourceTree = "<group>";
		};
		AEC47B3D1D00334A0055936D /* Extension */ = {
			isa = PBXGroup;
			children = (
				AEC47B471D0037A50055936D /* InputExtension.swift */,
				AEC47B431D0033A60055936D /* ShareExtension.swift */,
				AEC47B3E1D00334A0055936D /* DetailAndCommitExtension.swift */,
			);
			path = Extension;
			sourceTree = "<group>";
		};
		AEC7226C1D23ABA5004D4AA4 /* extension */ = {
			isa = PBXGroup;
			children = (
				AEC7226D1D23ABB4004D4AA4 /* SearchDataSource.swift */,
			);
			path = extension;
			sourceTree = "<group>";
		};
		AEC89F231D2380DC002CEC6C /* custom */ = {
			isa = PBXGroup;
			children = (
				AEC89F241D2380F7002CEC6C /* SearchTransition.swift */,
				AEC7226A1D23AAAF004D4AA4 /* SearchTableViewCell.swift */,
			);
			path = custom;
			sourceTree = "<group>";
		};
		AEC9659F1CF5A4DF0053A88D /* custom */ = {
			isa = PBXGroup;
			children = (
				AEC965A01CF5A4EF0053A88D /* CustomView.swift */,
				AE2968331CF6AA3B00D2782D /* CustomTransitioning.swift */,
				AEF420B31CF8019700CFAF73 /* UIViewControllerExtension.swift */,
				AE0A837A1D128D7A00331134 /* UserView.swift */,
			);
			path = custom;
			sourceTree = "<group>";
		};
		AEC965A21CF5AC800053A88D /* UIViewController */ = {
			isa = PBXGroup;
			children = (
				AEBEAA961D1A417E004D3178 /* UserCollectionViewController */,
				AEBEAA931D1A3F5B004D3178 /* MessageViewController */,
				AEBEAA901D1A35E2004D3178 /* UserCommentViewController */,
				AEAC3B131D10FDBE00A292F4 /* LoginViewController */,
				AEAEEBD51CF81F9300E8DF08 /* VisitorViewController */,
				AEF2FCB41CF69D08003266B0 /* PrivacyViewController */,
				AEC965A61CF5AFDD0053A88D /* AboutViewController */,
				AEC965A31CF5AC800053A88D /* SettingViewController */,
			);
			path = UIViewController;
			sourceTree = "<group>";
		};
		AEC965A31CF5AC800053A88D /* SettingViewController */ = {
			isa = PBXGroup;
			children = (
				AEC965A41CF5AC900053A88D /* UserSettingViewController.swift */,
			);
			path = SettingViewController;
			sourceTree = "<group>";
		};
		AEC965A61CF5AFDD0053A88D /* AboutViewController */ = {
			isa = PBXGroup;
			children = (
				AEC965A71CF5AFE70053A88D /* AboutViewController.swift */,
			);
			path = AboutViewController;
			sourceTree = "<group>";
		};
		AEDECF2C1D0D231300CDCE2B /* CustomWebView */ = {
			isa = PBXGroup;
			children = (
				AEDECF4B1D0D29B200CDCE2B /* GDWebViewController.swift */,
				AEDECF4C1D0D29B200CDCE2B /* GDWebViewNavigationToolbar.swift */,
			);
			path = CustomWebView;
			sourceTree = "<group>";
		};
		AEE3B50C1D17A187008BC0EA /* css */ = {
			isa = PBXGroup;
			children = (
				AEE3B50D1D17A187008BC0EA /* bootstrap.min.css */,
				AEE3B50E1D17A187008BC0EA /* content.css */,
			);
			path = css;
			sourceTree = "<group>";
		};
		AEE3B50F1D17A187008BC0EA /* img */ = {
			isa = PBXGroup;
			children = (
				AEE3B5101D17A187008BC0EA /* home.png */,
			);
			path = img;
			sourceTree = "<group>";
		};
		AEE3B5111D17A187008BC0EA /* js */ = {
			isa = PBXGroup;
			children = (
				AEA763021D3CE93B00A07FA3 /* CBFimage.js */,
				AEE3B5121D17A187008BC0EA /* jquery.js */,
				AEE3B5191D17A409008BC0EA /* index.js */,
			);
			path = js;
			sourceTree = "<group>";
		};
		AEE7D2241D0E586100761E74 /* RefreshView */ = {
			isa = PBXGroup;
			children = (
				AEE7D22C1D0E58F100761E74 /* HeaderView.swift */,
				AEE7D2341D0E675700761E74 /* FooterView.swift */,
			);
			name = RefreshView;
			path = LPRefreshView;
			sourceTree = "<group>";
		};
		AEF29AF31D239671006D1412 /* PhotoBrower */ = {
			isa = PBXGroup;
			children = (
				AEC722681D239CFD004D4AA4 /* SKPhotoBrowser.bundle */,
				AEF29AF41D239671006D1412 /* PhotoBrowerImageView.swift */,
				AEF29AF51D239671006D1412 /* PhotoBrowerProgressView.swift */,
				AEF29AF61D239671006D1412 /* PhotoBrowerTapView.swift */,
				AEF29AF71D239671006D1412 /* PhotoBrowerZoomScrollView.swift */,
				AEF29AF81D239671006D1412 /* SKCaptionView.swift */,
				AEF29AF91D239671006D1412 /* SKLocalPhoto.swift */,
				AEF29AFA1D239671006D1412 /* SKPhoto.swift */,
				AEF29AFB1D239671006D1412 /* SKPhotoBrowser.swift */,
				AEF29AFC1D239671006D1412 /* SKZoomingScrollView.swift */,
				AEF29AFD1D239671006D1412 /* UIImage+Rotation.swift */,
				AEF29AFE1D239671006D1412 /* UIView+Radius.swift */,
			);
			path = PhotoBrower;
			sourceTree = "<group>";
		};
		AEF2FCB41CF69D08003266B0 /* PrivacyViewController */ = {
			isa = PBXGroup;
			children = (
				AE2968311CF69DFB00D2782D /* Privacy.html */,
				AE29682F1CF69D4400D2782D /* PrivacyViewController.swift */,
			);
			path = PrivacyViewController;
			sourceTree = "<group>";
		};
		AEFB55181CF462B3005FC23E /* UserCenterViewController */ = {
			isa = PBXGroup;
			children = (
				AEC965A21CF5AC800053A88D /* UIViewController */,
				AEC9659F1CF5A4DF0053A88D /* custom */,
				AEFB55191CF462CD005FC23E /* UserCenterViewController.swift */,
				AEAC3B141D11077D00A292F4 /* UserCenterExtension.swift */,
				AEC9659D1CF5A2E70053A88D /* User.storyboard */,
			);
			path = UserCenterViewController;
			sourceTree = "<group>";
		};
		B7552ACA73A8862EA1A3935E /* Frameworks */ = {
			isa = PBXGroup;
			children = (
				F68B44A9454D029CD2156A30 /* Pods_Journalism.framework */,
			);
			name = Frameworks;
			sourceTree = "<group>";
		};
		E22FA4AEBCF95FF5F92FEF85 /* Pods */ = {
			isa = PBXGroup;
			children = (
				159FDBAECFB9DE4E3ACF1E70 /* Pods-Journalism.debug.xcconfig */,
				81231C5CF554FB534D99E67C /* Pods-Journalism.release.xcconfig */,
			);
			name = Pods;
			sourceTree = "<group>";
		};
/* End PBXGroup section */

/* Begin PBXNativeTarget section */
		AEC09CCF1CE9776800D5A5CC /* Journalism */ = {
			isa = PBXNativeTarget;
			buildConfigurationList = AEC09CE21CE9776800D5A5CC /* Build configuration list for PBXNativeTarget "Journalism" */;
			buildPhases = (
				A719721B9EE1FA901D2A61FD /* [CP] Check Pods Manifest.lock */,
				AEC09CCC1CE9776800D5A5CC /* Sources */,
				AEC09CCD1CE9776800D5A5CC /* Frameworks */,
				AEC09CCE1CE9776800D5A5CC /* Resources */,
				310AA791E67EB643717754D4 /* [CP] Embed Pods Frameworks */,
				7873461FF2E4CF7A04C8BC60 /* [CP] Copy Pods Resources */,
			);
			buildRules = (
			);
			dependencies = (
			);
			name = Journalism;
			productName = Journalism;
			productReference = AEC09CD01CE9776800D5A5CC /* Journalism.app */;
			productType = "com.apple.product-type.application";
		};
/* End PBXNativeTarget section */

/* Begin PBXProject section */
		AEC09CC81CE9776800D5A5CC /* Project object */ = {
			isa = PBXProject;
			attributes = {
				LastSwiftUpdateCheck = 0730;
				LastUpgradeCheck = 0730;
				ORGANIZATIONNAME = aimobier;
				TargetAttributes = {
					AEC09CCF1CE9776800D5A5CC = {
						CreatedOnToolsVersion = 7.3;
						DevelopmentTeam = YFSY5VT59W;
					};
				};
			};
			buildConfigurationList = AEC09CCB1CE9776800D5A5CC /* Build configuration list for PBXProject "Journalism" */;
			compatibilityVersion = "Xcode 3.2";
			developmentRegion = English;
			hasScannedForEncodings = 0;
			knownRegions = (
				en,
				Base,
			);
			mainGroup = AEC09CC71CE9776800D5A5CC;
			productRefGroup = AEC09CD11CE9776800D5A5CC /* Products */;
			projectDirPath = "";
			projectRoot = "";
			targets = (
				AEC09CCF1CE9776800D5A5CC /* Journalism */,
			);
		};
/* End PBXProject section */

/* Begin PBXResourcesBuildPhase section */
		AEC09CCE1CE9776800D5A5CC /* Resources */ = {
			isa = PBXResourcesBuildPhase;
			buildActionMask = 2147483647;
			files = (
				AEE3B5151D17A187008BC0EA /* content.css in Resources */,
				AEE3B5141D17A187008BC0EA /* bootstrap.min.css in Resources */,
				AEC09CDE1CE9776800D5A5CC /* LaunchScreen.storyboard in Resources */,
				AEA763031D3CE93B00A07FA3 /* CBFimage.js in Resources */,
				AEC722691D239CFD004D4AA4 /* SKPhotoBrowser.bundle in Resources */,
				AEC9659E1CF5A2E70053A88D /* User.storyboard in Resources */,
				AEC1D5C61CEDC34600B1F00C /* NSDateTimeAgo.bundle in Resources */,
				AEC47B351D0032E20055936D /* content_template.html in Resources */,
				AEE3B5161D17A187008BC0EA /* home.png in Resources */,
				AE2968321CF69DFB00D2782D /* Privacy.html in Resources */,
				AEC09CDB1CE9776800D5A5CC /* Assets.xcassets in Resources */,
				AEC09CD91CE9776800D5A5CC /* Main.storyboard in Resources */,
				AEE3B5171D17A187008BC0EA /* jquery.js in Resources */,
				AEE3B51A1D17A409008BC0EA /* index.js in Resources */,
			);
			runOnlyForDeploymentPostprocessing = 0;
		};
/* End PBXResourcesBuildPhase section */

/* Begin PBXShellScriptBuildPhase section */
		310AA791E67EB643717754D4 /* [CP] Embed Pods Frameworks */ = {
			isa = PBXShellScriptBuildPhase;
			buildActionMask = 2147483647;
			files = (
			);
			inputPaths = (
			);
			name = "[CP] Embed Pods Frameworks";
			outputPaths = (
			);
			runOnlyForDeploymentPostprocessing = 0;
			shellPath = /bin/sh;
			shellScript = "\"${SRCROOT}/Pods/Target Support Files/Pods-Journalism/Pods-Journalism-frameworks.sh\"\n";
			showEnvVarsInLog = 0;
		};
		7873461FF2E4CF7A04C8BC60 /* [CP] Copy Pods Resources */ = {
			isa = PBXShellScriptBuildPhase;
			buildActionMask = 2147483647;
			files = (
			);
			inputPaths = (
			);
			name = "[CP] Copy Pods Resources";
			outputPaths = (
			);
			runOnlyForDeploymentPostprocessing = 0;
			shellPath = /bin/sh;
			shellScript = "\"${SRCROOT}/Pods/Target Support Files/Pods-Journalism/Pods-Journalism-resources.sh\"\n";
			showEnvVarsInLog = 0;
		};
		A719721B9EE1FA901D2A61FD /* [CP] Check Pods Manifest.lock */ = {
			isa = PBXShellScriptBuildPhase;
			buildActionMask = 2147483647;
			files = (
			);
			inputPaths = (
			);
			name = "[CP] Check Pods Manifest.lock";
			outputPaths = (
			);
			runOnlyForDeploymentPostprocessing = 0;
			shellPath = /bin/sh;
			shellScript = "diff \"${PODS_ROOT}/../Podfile.lock\" \"${PODS_ROOT}/Manifest.lock\" > /dev/null\nif [ $? != 0 ] ; then\n    # print error to STDERR\n    echo \"error: The sandbox is not in sync with the Podfile.lock. Run 'pod install' or update your CocoaPods installation.\" >&2\n    exit 1\nfi\n";
			showEnvVarsInLog = 0;
		};
/* End PBXShellScriptBuildPhase section */

/* Begin PBXSourcesBuildPhase section */
		AEC09CCC1CE9776800D5A5CC /* Sources */ = {
			isa = PBXSourcesBuildPhase;
			buildActionMask = 2147483647;
			files = (
				AEAC3B1A1D1132AA00A292F4 /* WaitLoadProtcol.swift in Sources */,
				6DC4FDD61CF031E000D25A99 /* HomeViewControllerChannelDataSource.swift in Sources */,
				AE2968341CF6AA3B00D2782D /* CustomTransitioning.swift in Sources */,
				AEC47B271D0032E20055936D /* CommetnstableViewCell.swift in Sources */,
				AEA573FB1D0FAAFA00C9F45C /* UIColorExtension.swift in Sources */,
				AE87BDED1D3E01130010A0A7 /* FocusHeaderView.swift in Sources */,
				AEA762FB1D3C83E300A07FA3 /* QiDianCell.swift in Sources */,
				AEF29B051D239671006D1412 /* SKPhoto.swift in Sources */,
				AE0FE5441CF301E8007DA198 /* UIImageExtension.swift in Sources */,
				AE1C1EFF1D34DC2900E8044E /* FocusViewController.swift in Sources */,
				AEB8E9D71CFBE35900A105C4 /* SplitManagerViewController.swift in Sources */,
				AEC47B421D0033610055936D /* DetailAndCommitViewController.swift in Sources */,
				6DC4FDCF1CF0314700D25A99 /* NewslistViewController.swift in Sources */,
				AEC1D5BD1CED960100B1F00C /* New.swift in Sources */,
				AEF29AFF1D239671006D1412 /* PhotoBrowerImageView.swift in Sources */,
				AEC489B71D0FF140009D81F6 /* AppdelegateExtension.swift in Sources */,
				AE1FD7DB1D4F0D5E001C4701 /* NoFocusView.swift in Sources */,
				AEE3B51C1D17FF57008BC0EA /* RequestCustomClass.swift in Sources */,
				AEC47B481D0037A50055936D /* InputExtension.swift in Sources */,
				AEFB55151CF41407005FC23E /* Curly.swift in Sources */,
				AEC965A51CF5AC900053A88D /* UserSettingViewController.swift in Sources */,
				AEC47B4A1D0037CD0055936D /* CommentButton.swift in Sources */,
				AEC1D5BF1CED9BBD00B1F00C /* NewsUtil.swift in Sources */,
				AEF29B001D239671006D1412 /* PhotoBrowerProgressView.swift in Sources */,
				AEBCAEE81CEC27A900EBFC0A /* Channel.swift in Sources */,
				6DC4FDCE1CF0314700D25A99 /* NewListExtension.swift in Sources */,
				AEA762FF1D3C87ED00A07FA3 /* ShareView.swift in Sources */,
				AEBEAA921D1A35EB004D3178 /* UserCommentViewController.swift in Sources */,
				AE0A896A1D24D87200C85B27 /* SLDataSource.swift in Sources */,
				AEC89F251D2380F7002CEC6C /* SearchTransition.swift in Sources */,
				AEF29B041D239671006D1412 /* SKLocalPhoto.swift in Sources */,
				AEA103531D0571F80086968B /* AboutUtil.swift in Sources */,
				AEF29B071D239671006D1412 /* SKZoomingScrollView.swift in Sources */,
				AEC47B401D00334A0055936D /* DetailAndCommitExtension.swift in Sources */,
				6DC4FDCC1CF0314700D25A99 /* HomeViewController.swift in Sources */,
				AEC47B3F1D00334A0055936D /* PopAnimatedTransitioning.swift in Sources */,
				AEDECF2B1D0D19A700CDCE2B /* CopyLabel.swift in Sources */,
				AEE9222D1D2F664F00E18F6B /* MigrationFiles.swift in Sources */,
				AEA762FD1D3C862800A07FA3 /* QiDianDataSource.swift in Sources */,
				AEE67EEC1D2A06BF004DDCF2 /* Regex.swift in Sources */,
				AEBEAA981D1A417E004D3178 /* UserCollectionViewController.swift in Sources */,
				AEBCAEF31CEC3F4300EBFC0A /* UIStoryBoard.swift in Sources */,
				AE87BDF11D3E133D0010A0A7 /* FoucsShareExt.swift in Sources */,
				AEC47B021CFFF39D0055936D /* NewListDataSource.swift in Sources */,
				AEC09CD41CE9776800D5A5CC /* AppDelegate.swift in Sources */,
				AEC7226B1D23AAAF004D4AA4 /* SearchTableViewCell.swift in Sources */,
				AE0A896B1D24D87200C85B27 /* SLTransition.swift in Sources */,
				AEDECF291D0D11D100CDCE2B /* DataSourceExtension.swift in Sources */,
				AEBCAEEB1CEC2ADB00EBFC0A /* ChannelUtil.swift in Sources */,
				AEAF09DE1D24C24F00AFFCF6 /* HotSearch.swift in Sources */,
				AEBCAEFA1CEC419600EBFC0A /* CustomExtensionView.swift in Sources */,
				AEA1D0CA1D1BA7AB007AD1E5 /* CustomNSURLCache.swift in Sources */,
				AEF29B091D239671006D1412 /* UIView+Radius.swift in Sources */,
				AE87BDF31D3E15F90010A0A7 /* headerCell.swift in Sources */,
				AEBEAA9A1D1A46F2004D3178 /* CollExtension.swift in Sources */,
				AEE9222F1D2FB38E00E18F6B /* FoucsedVIew.swift in Sources */,
				AE2968301CF69D4400D2782D /* PrivacyViewController.swift in Sources */,
				AEA762F31D3C803200A07FA3 /* QiDianViewController.swift in Sources */,
				AEB8E9D91CFBF42100A105C4 /* NewContent.swift in Sources */,
				AEAC3B1C1D1132BC00A292F4 /* WaitView.swift in Sources */,
				AEAC3B1E1D11330000A292F4 /* NoInterestView.swift in Sources */,
				6DC4FDCB1CF0314700D25A99 /* HomeViewControllerExtension.swift in Sources */,
				AEE2FC0D1D22311400546E6B /* XCache.swift in Sources */,
				AE37BD8D1D38A46400BF9C89 /* FCustomCell.swift in Sources */,
				AEAEEBD71CF81FA300E8DF08 /* VisitorViewController.swift in Sources */,
				AEC47B301D0032E20055936D /* DetailViewController.swift in Sources */,
				AEF420B41CF8019700CFAF73 /* UIViewControllerExtension.swift in Sources */,
				AEBEAA951D1A3F5B004D3178 /* MessageViewController.swift in Sources */,
				AEA762F91D3C83C500A07FA3 /* QiDianExtension.swift in Sources */,
				AEF29B021D239671006D1412 /* PhotoBrowerZoomScrollView.swift in Sources */,
				AEFB55171CF41F10005FC23E /* NotLikeExtension.swift in Sources */,
				6DC4FDD51CF031E000D25A99 /* ChannelManager.swift in Sources */,
				AEC47B2E1D0032E20055936D /* BorderView.swift in Sources */,
				AEAEEBD91CF827A700E8DF08 /* User.swift in Sources */,
				AEDECF4E1D0D29B200CDCE2B /* GDWebViewNavigationToolbar.swift in Sources */,
				AEDDCEF91D100FDB00498D47 /* UTIL.swift in Sources */,
				AEF29B011D239671006D1412 /* PhotoBrowerTapView.swift in Sources */,
				AEC47B441D0033A60055936D /* ShareExtension.swift in Sources */,
				AEEE61981CFE9CEF00C5FF08 /* Comment.swift in Sources */,
				AE043BAF1D40CDFA0090DD15 /* Focus.swift in Sources */,
				AEC47B291D0032E20055936D /* CommExtension.swift in Sources */,
				AEAF09E61D24C68300AFFCF6 /* SKTag.m in Sources */,
				AE87BDF51D3E1EE90010A0A7 /* FocusExtenisonTran.swift in Sources */,
				AE0A837B1D128D7A00331134 /* UserView.swift in Sources */,
				AEBCAEF81CEC418200EBFC0A /* CircularButtonBarView.swift in Sources */,
				AEF29B061D239671006D1412 /* SKPhotoBrowser.swift in Sources */,
				AEECBC4D1D13B30E00529150 /* SlideFontSizeView.swift in Sources */,
				AE7C51A41D0D6893005E6A5A /* SearchViewController.swift in Sources */,
				AEC965A11CF5A4EF0053A88D /* CustomView.swift in Sources */,
				AEEE619A1CFE9DE900C5FF08 /* CommentUtil.swift in Sources */,
				AEAC3B151D11077D00A292F4 /* UserCenterExtension.swift in Sources */,
				AEC1D5C41CEDC22700B1F00C /* DateExt.swift in Sources */,
				AEAF09E81D24C68300AFFCF6 /* SKTagView.m in Sources */,
				AEC7226E1D23ABB4004D4AA4 /* SearchDataSource.swift in Sources */,
				AEAF09E71D24C68300AFFCF6 /* SKTagButton.m in Sources */,
				AEF29B031D239671006D1412 /* SKCaptionView.swift in Sources */,
				AEC47B2F1D0032E20055936D /* CustomTableViewCell.swift in Sources */,
				AEB8E9DB1CFBF53300A105C4 /* NewContentUtil.swift in Sources */,
				AEE7D2351D0E675700761E74 /* FooterView.swift in Sources */,
				AEFB551A1CF462CD005FC23E /* UserCenterViewController.swift in Sources */,
				AEE7D22D1D0E58F100761E74 /* HeaderView.swift in Sources */,
				AEF29B081D239671006D1412 /* UIImage+Rotation.swift in Sources */,
				AEC47B321D0032E20055936D /* WebViewExtenion.swift in Sources */,
				AEC965A81CF5AFE70053A88D /* AboutViewController.swift in Sources */,
				AE6657281D42050000068841 /* FocusExt.swift in Sources */,
				AEC47B261D0032E20055936D /* CommitViewController.swift in Sources */,
				6DC4FDD71CF031E000D25A99 /* KDRearrangeableCollectionViewFlowLayout.swift in Sources */,
				AE87BDEF1D3E01300010A0A7 /* FoucsDataSource.swift in Sources */,
				AE0A896C1D24D87200C85B27 /* SearchListViewController.swift in Sources */,
				AEC47B281D0032E20055936D /* CommDataSource.swift in Sources */,
				AEDECF4D1D0D29B200CDCE2B /* GDWebViewController.swift in Sources */,
				AEECBC4F1D13E93100529150 /* UIFontExtension.swift in Sources */,
				AEA103511D056FAD0086968B /* About.swift in Sources */,
				AEAC3B171D11220500A292F4 /* LoginViewController.swift in Sources */,
				AEC722701D23B02E004D4AA4 /* SearchHistory.swift in Sources */,
				6DC4FDCD1CF0314700D25A99 /* NewBaseTableViewCell.swift in Sources */,
			);
			runOnlyForDeploymentPostprocessing = 0;
		};
/* End PBXSourcesBuildPhase section */

/* Begin PBXVariantGroup section */
		AEC09CD71CE9776800D5A5CC /* Main.storyboard */ = {
			isa = PBXVariantGroup;
			children = (
				AEC09CD81CE9776800D5A5CC /* Base */,
			);
			name = Main.storyboard;
			sourceTree = "<group>";
		};
		AEC09CDC1CE9776800D5A5CC /* LaunchScreen.storyboard */ = {
			isa = PBXVariantGroup;
			children = (
				AEC09CDD1CE9776800D5A5CC /* Base */,
			);
			name = LaunchScreen.storyboard;
			sourceTree = "<group>";
		};
/* End PBXVariantGroup section */

/* Begin XCBuildConfiguration section */
		AEC09CE01CE9776800D5A5CC /* Debug */ = {
			isa = XCBuildConfiguration;
			buildSettings = {
				ALWAYS_SEARCH_USER_PATHS = NO;
				CLANG_ANALYZER_NONNULL = YES;
				CLANG_CXX_LANGUAGE_STANDARD = "gnu++0x";
				CLANG_CXX_LIBRARY = "libc++";
				CLANG_ENABLE_MODULES = YES;
				CLANG_ENABLE_OBJC_ARC = YES;
				CLANG_WARN_BOOL_CONVERSION = YES;
				CLANG_WARN_CONSTANT_CONVERSION = YES;
				CLANG_WARN_DIRECT_OBJC_ISA_USAGE = YES_ERROR;
				CLANG_WARN_EMPTY_BODY = YES;
				CLANG_WARN_ENUM_CONVERSION = YES;
				CLANG_WARN_INT_CONVERSION = YES;
				CLANG_WARN_OBJC_ROOT_CLASS = YES_ERROR;
				CLANG_WARN_UNREACHABLE_CODE = YES;
				CLANG_WARN__DUPLICATE_METHOD_MATCH = YES;
				"CODE_SIGN_IDENTITY[sdk=iphoneos*]" = "iPhone Developer";
				COPY_PHASE_STRIP = NO;
				DEBUG_INFORMATION_FORMAT = dwarf;
				ENABLE_STRICT_OBJC_MSGSEND = YES;
				ENABLE_TESTABILITY = YES;
				GCC_C_LANGUAGE_STANDARD = gnu99;
				GCC_DYNAMIC_NO_PIC = NO;
				GCC_NO_COMMON_BLOCKS = YES;
				GCC_OPTIMIZATION_LEVEL = 0;
				GCC_PREPROCESSOR_DEFINITIONS = (
					"DEBUG=1",
					"$(inherited)",
				);
				GCC_WARN_64_TO_32_BIT_CONVERSION = YES;
				GCC_WARN_ABOUT_RETURN_TYPE = YES_ERROR;
				GCC_WARN_UNDECLARED_SELECTOR = YES;
				GCC_WARN_UNINITIALIZED_AUTOS = YES_AGGRESSIVE;
				GCC_WARN_UNUSED_FUNCTION = YES;
				GCC_WARN_UNUSED_VARIABLE = YES;
				IPHONEOS_DEPLOYMENT_TARGET = 9.3;
				MTL_ENABLE_DEBUG_INFO = YES;
				ONLY_ACTIVE_ARCH = YES;
				SDKROOT = iphoneos;
				SWIFT_OPTIMIZATION_LEVEL = "-Onone";
				TARGETED_DEVICE_FAMILY = "1,2";
			};
			name = Debug;
		};
		AEC09CE11CE9776800D5A5CC /* Release */ = {
			isa = XCBuildConfiguration;
			buildSettings = {
				ALWAYS_SEARCH_USER_PATHS = NO;
				CLANG_ANALYZER_NONNULL = YES;
				CLANG_CXX_LANGUAGE_STANDARD = "gnu++0x";
				CLANG_CXX_LIBRARY = "libc++";
				CLANG_ENABLE_MODULES = YES;
				CLANG_ENABLE_OBJC_ARC = YES;
				CLANG_WARN_BOOL_CONVERSION = YES;
				CLANG_WARN_CONSTANT_CONVERSION = YES;
				CLANG_WARN_DIRECT_OBJC_ISA_USAGE = YES_ERROR;
				CLANG_WARN_EMPTY_BODY = YES;
				CLANG_WARN_ENUM_CONVERSION = YES;
				CLANG_WARN_INT_CONVERSION = YES;
				CLANG_WARN_OBJC_ROOT_CLASS = YES_ERROR;
				CLANG_WARN_UNREACHABLE_CODE = YES;
				CLANG_WARN__DUPLICATE_METHOD_MATCH = YES;
				"CODE_SIGN_IDENTITY[sdk=iphoneos*]" = "iPhone Developer";
				COPY_PHASE_STRIP = NO;
				DEBUG_INFORMATION_FORMAT = "dwarf-with-dsym";
				ENABLE_NS_ASSERTIONS = NO;
				ENABLE_STRICT_OBJC_MSGSEND = YES;
				GCC_C_LANGUAGE_STANDARD = gnu99;
				GCC_NO_COMMON_BLOCKS = YES;
				GCC_WARN_64_TO_32_BIT_CONVERSION = YES;
				GCC_WARN_ABOUT_RETURN_TYPE = YES_ERROR;
				GCC_WARN_UNDECLARED_SELECTOR = YES;
				GCC_WARN_UNINITIALIZED_AUTOS = YES_AGGRESSIVE;
				GCC_WARN_UNUSED_FUNCTION = YES;
				GCC_WARN_UNUSED_VARIABLE = YES;
				IPHONEOS_DEPLOYMENT_TARGET = 9.3;
				MTL_ENABLE_DEBUG_INFO = NO;
				SDKROOT = iphoneos;
				TARGETED_DEVICE_FAMILY = "1,2";
				VALIDATE_PRODUCT = YES;
			};
			name = Release;
		};
		AEC09CE31CE9776800D5A5CC /* Debug */ = {
			isa = XCBuildConfiguration;
			baseConfigurationReference = 159FDBAECFB9DE4E3ACF1E70 /* Pods-Journalism.debug.xcconfig */;
			buildSettings = {
				ASSETCATALOG_COMPILER_APPICON_NAME = AppIcon;
				CLANG_ENABLE_MODULES = YES;
				CODE_SIGN_IDENTITY = "iPhone Developer";
				"CODE_SIGN_IDENTITY[sdk=iphoneos*]" = "iPhone Developer";
				ENABLE_BITCODE = YES;
				INFOPLIST_FILE = Journalism/Info.plist;
				IPHONEOS_DEPLOYMENT_TARGET = 8.0;
				LD_RUNPATH_SEARCH_PATHS = "$(inherited) @executable_path/Frameworks";
				PRODUCT_BUNDLE_IDENTIFIER = com.msiter;
				PRODUCT_NAME = "$(TARGET_NAME)";
				PROVISIONING_PROFILE = "";
				SWIFT_OBJC_BRIDGING_HEADER = "Journalism/Resources/LPRefreshView/Journalism-Bridging-Header.h";
				SWIFT_OPTIMIZATION_LEVEL = "-Onone";
				TARGETED_DEVICE_FAMILY = 1;
			};
			name = Debug;
		};
		AEC09CE41CE9776800D5A5CC /* Release */ = {
			isa = XCBuildConfiguration;
			baseConfigurationReference = 81231C5CF554FB534D99E67C /* Pods-Journalism.release.xcconfig */;
			buildSettings = {
				ASSETCATALOG_COMPILER_APPICON_NAME = AppIcon;
				CLANG_ENABLE_MODULES = YES;
				CODE_SIGN_IDENTITY = "iPhone Distribution";
				"CODE_SIGN_IDENTITY[sdk=iphoneos*]" = "iPhone Distribution";
				ENABLE_BITCODE = YES;
				INFOPLIST_FILE = Journalism/Info.plist;
				IPHONEOS_DEPLOYMENT_TARGET = 8.0;
				LD_RUNPATH_SEARCH_PATHS = "$(inherited) @executable_path/Frameworks";
				PRODUCT_BUNDLE_IDENTIFIER = com.msiter;
				PRODUCT_NAME = "$(TARGET_NAME)";
				PROVISIONING_PROFILE = "";
				SWIFT_OBJC_BRIDGING_HEADER = "Journalism/Resources/LPRefreshView/Journalism-Bridging-Header.h";
				TARGETED_DEVICE_FAMILY = 1;
			};
			name = Release;
		};
/* End XCBuildConfiguration section */

/* Begin XCConfigurationList section */
		AEC09CCB1CE9776800D5A5CC /* Build configuration list for PBXProject "Journalism" */ = {
			isa = XCConfigurationList;
			buildConfigurations = (
				AEC09CE01CE9776800D5A5CC /* Debug */,
				AEC09CE11CE9776800D5A5CC /* Release */,
			);
			defaultConfigurationIsVisible = 0;
			defaultConfigurationName = Release;
		};
		AEC09CE21CE9776800D5A5CC /* Build configuration list for PBXNativeTarget "Journalism" */ = {
			isa = XCConfigurationList;
			buildConfigurations = (
				AEC09CE31CE9776800D5A5CC /* Debug */,
				AEC09CE41CE9776800D5A5CC /* Release */,
			);
			defaultConfigurationIsVisible = 0;
			defaultConfigurationName = Release;
		};
/* End XCConfigurationList section */
	};
	rootObject = AEC09CC81CE9776800D5A5CC /* Project object */;
}
